// !$*UTF8*$!
{
	archiveVersion = 1;
	classes = {
	};
	objectVersion = 46;
	objects = {

/* Begin PBXBuildFile section */
		83149B2815337E5C00003862 /* DLScreenshotController.h in Headers */ = {isa = PBXBuildFile; fileRef = 83149B2615337E5C00003862 /* DLScreenshotController.h */; settings = {ATTRIBUTES = (); }; };
		83149B2915337E5C00003862 /* DLScreenshotController.m in Sources */ = {isa = PBXBuildFile; fileRef = 83149B2715337E5C00003862 /* DLScreenshotController.m */; };
		836ABF2B1548D47400926A71 /* DLCamCaptureManager.h in Headers */ = {isa = PBXBuildFile; fileRef = 836ABF251548D47400926A71 /* DLCamCaptureManager.h */; settings = {ATTRIBUTES = (); }; };
		836ABF2C1548D47400926A71 /* DLCamCaptureManager.m in Sources */ = {isa = PBXBuildFile; fileRef = 836ABF261548D47400926A71 /* DLCamCaptureManager.m */; };
		836ABF2D1548D47400926A71 /* DLCamRecorder.h in Headers */ = {isa = PBXBuildFile; fileRef = 836ABF271548D47400926A71 /* DLCamRecorder.h */; };
		836ABF2E1548D47400926A71 /* DLCamRecorder.m in Sources */ = {isa = PBXBuildFile; fileRef = 836ABF281548D47400926A71 /* DLCamRecorder.m */; };
		83827A551538BD82002EA080 /* DLGesture.h in Headers */ = {isa = PBXBuildFile; fileRef = 83827A531538BD81002EA080 /* DLGesture.h */; };
		83827A561538BD82002EA080 /* DLGesture.m in Sources */ = {isa = PBXBuildFile; fileRef = 83827A541538BD82002EA080 /* DLGesture.m */; };
		8382935E1558A04F007C6CDA /* CALayer+DLThreadSafe.h in Headers */ = {isa = PBXBuildFile; fileRef = 8382935C1558A04F007C6CDA /* CALayer+DLThreadSafe.h */; };
		8382935F1558A04F007C6CDA /* CALayer+DLThreadSafe.m in Sources */ = {isa = PBXBuildFile; fileRef = 8382935D1558A04F007C6CDA /* CALayer+DLThreadSafe.m */; };
		839162701537C21000549347 /* DLGestureTracker.m in Sources */ = {isa = PBXBuildFile; fileRef = 8391626E1537C21000549347 /* DLGestureTracker.m */; };
		83B8968614EAEC68006D93C2 /* Foundation.framework in Frameworks */ = {isa = PBXBuildFile; fileRef = 83B8968514EAEC68006D93C2 /* Foundation.framework */; };
		83B8968C14EAEC68006D93C2 /* InfoPlist.strings in Resources */ = {isa = PBXBuildFile; fileRef = 83B8968A14EAEC68006D93C2 /* InfoPlist.strings */; };
		83B8969914EAECD6006D93C2 /* Delight.h in Headers */ = {isa = PBXBuildFile; fileRef = 83B8969314EAECD6006D93C2 /* Delight.h */; settings = {ATTRIBUTES = (Public, ); }; };
		83B8969A14EAECD6006D93C2 /* Delight.m in Sources */ = {isa = PBXBuildFile; fileRef = 83B8969414EAECD6006D93C2 /* Delight.m */; };
		83B8969B14EAECD6006D93C2 /* UIWindow+DLInterceptEvents.h in Headers */ = {isa = PBXBuildFile; fileRef = 83B8969514EAECD6006D93C2 /* UIWindow+DLInterceptEvents.h */; settings = {ATTRIBUTES = (); }; };
		83B8969C14EAECD6006D93C2 /* UIWindow+DLInterceptEvents.m in Sources */ = {isa = PBXBuildFile; fileRef = 83B8969614EAECD6006D93C2 /* UIWindow+DLInterceptEvents.m */; };
		83B896AF14EAEFBF006D93C2 /* AssetsLibrary.framework in Frameworks */ = {isa = PBXBuildFile; fileRef = 83B896A914EAEFBF006D93C2 /* AssetsLibrary.framework */; };
		83B896B014EAEFBF006D93C2 /* AVFoundation.framework in Frameworks */ = {isa = PBXBuildFile; fileRef = 83B896AA14EAEFBF006D93C2 /* AVFoundation.framework */; };
		83B896B114EAEFBF006D93C2 /* CoreGraphics.framework in Frameworks */ = {isa = PBXBuildFile; fileRef = 83B896AB14EAEFBF006D93C2 /* CoreGraphics.framework */; };
		83B896B214EAEFBF006D93C2 /* CoreMedia.framework in Frameworks */ = {isa = PBXBuildFile; fileRef = 83B896AC14EAEFBF006D93C2 /* CoreMedia.framework */; };
		83B896B314EAEFBF006D93C2 /* CoreVideo.framework in Frameworks */ = {isa = PBXBuildFile; fileRef = 83B896AD14EAEFBF006D93C2 /* CoreVideo.framework */; };
		83B896B414EAEFBF006D93C2 /* QuartzCore.framework in Frameworks */ = {isa = PBXBuildFile; fileRef = 83B896AE14EAEFBF006D93C2 /* QuartzCore.framework */; };
		83B896B714EAF090006D93C2 /* OpenGLES.framework in Frameworks */ = {isa = PBXBuildFile; fileRef = 83B896B614EAF090006D93C2 /* OpenGLES.framework */; settings = {ATTRIBUTES = (Weak, ); }; };
		A93411C815352A3F0044077B /* DLVideoEncoder.m in Sources */ = {isa = PBXBuildFile; fileRef = 83149B2C15338CC500003862 /* DLVideoEncoder.m */; };
		A93411C915352A3F0044077B /* DLVideoEncoder.h in Headers */ = {isa = PBXBuildFile; fileRef = 83149B2B15338CC500003862 /* DLVideoEncoder.h */; settings = {ATTRIBUTES = (); }; };
		A96BE1E6153E156800D8BA2D /* DLPostVideoTask.h in Headers */ = {isa = PBXBuildFile; fileRef = A96BE1E4153E156800D8BA2D /* DLPostVideoTask.h */; };
		A96BE1E7153E156800D8BA2D /* DLPostVideoTask.m in Sources */ = {isa = PBXBuildFile; fileRef = A96BE1E5153E156800D8BA2D /* DLPostVideoTask.m */; };
		A98094571542A732002B2BCE /* DLReachability.h in Headers */ = {isa = PBXBuildFile; fileRef = A98094551542A732002B2BCE /* DLReachability.h */; };
		A98094581542A732002B2BCE /* DLReachability.m in Sources */ = {isa = PBXBuildFile; fileRef = A98094561542A732002B2BCE /* DLReachability.m */; };
		A980945F1542B221002B2BCE /* SystemConfiguration.framework in Frameworks */ = {isa = PBXBuildFile; fileRef = A980945E1542B221002B2BCE /* SystemConfiguration.framework */; };
		A9A9A3D01536EBBA00B6E4AB /* DLTaskController.h in Headers */ = {isa = PBXBuildFile; fileRef = A9A9A3CE1536EBBA00B6E4AB /* DLTaskController.h */; };
		A9A9A3D11536EBBA00B6E4AB /* DLTaskController.m in Sources */ = {isa = PBXBuildFile; fileRef = A9A9A3CF1536EBBA00B6E4AB /* DLTaskController.m */; };
		A9A9A3D815371A3E00B6E4AB /* UIKit.framework in Frameworks */ = {isa = PBXBuildFile; fileRef = A9A9A3D715371A3E00B6E4AB /* UIKit.framework */; };
		A9A9A3DB15371AE500B6E4AB /* DLRecordingContext.h in Headers */ = {isa = PBXBuildFile; fileRef = A9A9A3D915371AE500B6E4AB /* DLRecordingContext.h */; };
		A9A9A3DC15371AE500B6E4AB /* DLRecordingContext.m in Sources */ = {isa = PBXBuildFile; fileRef = A9A9A3DA15371AE500B6E4AB /* DLRecordingContext.m */; };
		A9A9A3E015371E7E00B6E4AB /* DLTask.h in Headers */ = {isa = PBXBuildFile; fileRef = A9A9A3DE15371E7E00B6E4AB /* DLTask.h */; };
		A9A9A3E115371E7E00B6E4AB /* DLTask.m in Sources */ = {isa = PBXBuildFile; fileRef = A9A9A3DF15371E7E00B6E4AB /* DLTask.m */; };
		A9A9A3E41537225F00B6E4AB /* DLGetNewSessionTask.h in Headers */ = {isa = PBXBuildFile; fileRef = A9A9A3E21537225F00B6E4AB /* DLGetNewSessionTask.h */; };
		A9A9A3E51537225F00B6E4AB /* DLGetNewSessionTask.m in Sources */ = {isa = PBXBuildFile; fileRef = A9A9A3E31537225F00B6E4AB /* DLGetNewSessionTask.m */; };
		A9A9A3E81537BE2F00B6E4AB /* DLUpdateSessionTask.h in Headers */ = {isa = PBXBuildFile; fileRef = A9A9A3E61537BE2F00B6E4AB /* DLUpdateSessionTask.h */; };
		A9A9A3E91537BE2F00B6E4AB /* DLUpdateSessionTask.m in Sources */ = {isa = PBXBuildFile; fileRef = A9A9A3E71537BE2F00B6E4AB /* DLUpdateSessionTask.m */; };
		A9A9A3EC1537BEB400B6E4AB /* DLUploadVideoFileTask.h in Headers */ = {isa = PBXBuildFile; fileRef = A9A9A3EA1537BEB400B6E4AB /* DLUploadVideoFileTask.h */; };
		A9A9A3ED1537BEB400B6E4AB /* DLUploadVideoFileTask.m in Sources */ = {isa = PBXBuildFile; fileRef = A9A9A3EB1537BEB400B6E4AB /* DLUploadVideoFileTask.m */; };
/* End PBXBuildFile section */

/* Begin PBXFileReference section */
		83149B2615337E5C00003862 /* DLScreenshotController.h */ = {isa = PBXFileReference; fileEncoding = 4; lastKnownFileType = sourcecode.c.h; path = DLScreenshotController.h; sourceTree = "<group>"; };
		83149B2715337E5C00003862 /* DLScreenshotController.m */ = {isa = PBXFileReference; fileEncoding = 4; lastKnownFileType = sourcecode.c.objc; path = DLScreenshotController.m; sourceTree = "<group>"; };
		83149B2B15338CC500003862 /* DLVideoEncoder.h */ = {isa = PBXFileReference; fileEncoding = 4; lastKnownFileType = sourcecode.c.h; path = DLVideoEncoder.h; sourceTree = "<group>"; };
		83149B2C15338CC500003862 /* DLVideoEncoder.m */ = {isa = PBXFileReference; fileEncoding = 4; lastKnownFileType = sourcecode.c.objc; path = DLVideoEncoder.m; sourceTree = "<group>"; };
		836ABF251548D47400926A71 /* DLCamCaptureManager.h */ = {isa = PBXFileReference; fileEncoding = 4; lastKnownFileType = sourcecode.c.h; path = DLCamCaptureManager.h; sourceTree = "<group>"; };
		836ABF261548D47400926A71 /* DLCamCaptureManager.m */ = {isa = PBXFileReference; fileEncoding = 4; lastKnownFileType = sourcecode.c.objc; path = DLCamCaptureManager.m; sourceTree = "<group>"; };
		836ABF271548D47400926A71 /* DLCamRecorder.h */ = {isa = PBXFileReference; fileEncoding = 4; lastKnownFileType = sourcecode.c.h; path = DLCamRecorder.h; sourceTree = "<group>"; };
		836ABF281548D47400926A71 /* DLCamRecorder.m */ = {isa = PBXFileReference; fileEncoding = 4; lastKnownFileType = sourcecode.c.objc; path = DLCamRecorder.m; sourceTree = "<group>"; };
		83827A531538BD81002EA080 /* DLGesture.h */ = {isa = PBXFileReference; fileEncoding = 4; lastKnownFileType = sourcecode.c.h; path = DLGesture.h; sourceTree = "<group>"; };
		83827A541538BD82002EA080 /* DLGesture.m */ = {isa = PBXFileReference; fileEncoding = 4; lastKnownFileType = sourcecode.c.objc; path = DLGesture.m; sourceTree = "<group>"; };
		8382935C1558A04F007C6CDA /* CALayer+DLThreadSafe.h */ = {isa = PBXFileReference; fileEncoding = 4; lastKnownFileType = sourcecode.c.h; path = "CALayer+DLThreadSafe.h"; sourceTree = "<group>"; };
		8382935D1558A04F007C6CDA /* CALayer+DLThreadSafe.m */ = {isa = PBXFileReference; fileEncoding = 4; lastKnownFileType = sourcecode.c.objc; path = "CALayer+DLThreadSafe.m"; sourceTree = "<group>"; };
		8391626D1537C21000549347 /* DLGestureTracker.h */ = {isa = PBXFileReference; fileEncoding = 4; lastKnownFileType = sourcecode.c.h; path = DLGestureTracker.h; sourceTree = "<group>"; };
		8391626E1537C21000549347 /* DLGestureTracker.m */ = {isa = PBXFileReference; fileEncoding = 4; lastKnownFileType = sourcecode.c.objc; path = DLGestureTracker.m; sourceTree = "<group>"; };
		83B8968214EAEC68006D93C2 /* Delight.framework */ = {isa = PBXFileReference; explicitFileType = wrapper.framework.static; includeInIndex = 0; path = Delight.framework; sourceTree = BUILT_PRODUCTS_DIR; };
		83B8968514EAEC68006D93C2 /* Foundation.framework */ = {isa = PBXFileReference; lastKnownFileType = wrapper.framework; name = Foundation.framework; path = System/Library/Frameworks/Foundation.framework; sourceTree = SDKROOT; };
		83B8968914EAEC68006D93C2 /* Delight-Info.plist */ = {isa = PBXFileReference; lastKnownFileType = text.plist.xml; path = "Delight-Info.plist"; sourceTree = "<group>"; };
		83B8968B14EAEC68006D93C2 /* en */ = {isa = PBXFileReference; lastKnownFileType = text.plist.strings; name = en; path = en.lproj/InfoPlist.strings; sourceTree = "<group>"; };
		83B8968D14EAEC68006D93C2 /* Delight-Prefix.pch */ = {isa = PBXFileReference; lastKnownFileType = sourcecode.c.h; path = "Delight-Prefix.pch"; sourceTree = "<group>"; };
		83B8969314EAECD6006D93C2 /* Delight.h */ = {isa = PBXFileReference; fileEncoding = 4; lastKnownFileType = sourcecode.c.h; path = Delight.h; sourceTree = "<group>"; };
		83B8969414EAECD6006D93C2 /* Delight.m */ = {isa = PBXFileReference; fileEncoding = 4; lastKnownFileType = sourcecode.c.objc; path = Delight.m; sourceTree = "<group>"; };
		83B8969514EAECD6006D93C2 /* UIWindow+DLInterceptEvents.h */ = {isa = PBXFileReference; fileEncoding = 4; lastKnownFileType = sourcecode.c.h; path = "UIWindow+DLInterceptEvents.h"; sourceTree = "<group>"; };
		83B8969614EAECD6006D93C2 /* UIWindow+DLInterceptEvents.m */ = {isa = PBXFileReference; fileEncoding = 4; lastKnownFileType = sourcecode.c.objc; path = "UIWindow+DLInterceptEvents.m"; sourceTree = "<group>"; };
		83B896A914EAEFBF006D93C2 /* AssetsLibrary.framework */ = {isa = PBXFileReference; lastKnownFileType = wrapper.framework; name = AssetsLibrary.framework; path = System/Library/Frameworks/AssetsLibrary.framework; sourceTree = SDKROOT; };
		83B896AA14EAEFBF006D93C2 /* AVFoundation.framework */ = {isa = PBXFileReference; lastKnownFileType = wrapper.framework; name = AVFoundation.framework; path = System/Library/Frameworks/AVFoundation.framework; sourceTree = SDKROOT; };
		83B896AB14EAEFBF006D93C2 /* CoreGraphics.framework */ = {isa = PBXFileReference; lastKnownFileType = wrapper.framework; name = CoreGraphics.framework; path = System/Library/Frameworks/CoreGraphics.framework; sourceTree = SDKROOT; };
		83B896AC14EAEFBF006D93C2 /* CoreMedia.framework */ = {isa = PBXFileReference; lastKnownFileType = wrapper.framework; name = CoreMedia.framework; path = System/Library/Frameworks/CoreMedia.framework; sourceTree = SDKROOT; };
		83B896AD14EAEFBF006D93C2 /* CoreVideo.framework */ = {isa = PBXFileReference; lastKnownFileType = wrapper.framework; name = CoreVideo.framework; path = System/Library/Frameworks/CoreVideo.framework; sourceTree = SDKROOT; };
		83B896AE14EAEFBF006D93C2 /* QuartzCore.framework */ = {isa = PBXFileReference; lastKnownFileType = wrapper.framework; name = QuartzCore.framework; path = System/Library/Frameworks/QuartzCore.framework; sourceTree = SDKROOT; };
		83B896B614EAF090006D93C2 /* OpenGLES.framework */ = {isa = PBXFileReference; lastKnownFileType = wrapper.framework; name = OpenGLES.framework; path = System/Library/Frameworks/OpenGLES.framework; sourceTree = SDKROOT; };
		A9508D311537E99B001853A0 /* DLTaskHeader.h */ = {isa = PBXFileReference; lastKnownFileType = sourcecode.c.h; path = DLTaskHeader.h; sourceTree = "<group>"; };
		A96BE1E4153E156800D8BA2D /* DLPostVideoTask.h */ = {isa = PBXFileReference; fileEncoding = 4; lastKnownFileType = sourcecode.c.h; path = DLPostVideoTask.h; sourceTree = "<group>"; };
		A96BE1E5153E156800D8BA2D /* DLPostVideoTask.m */ = {isa = PBXFileReference; fileEncoding = 4; lastKnownFileType = sourcecode.c.objc; path = DLPostVideoTask.m; sourceTree = "<group>"; };
		A98094551542A732002B2BCE /* DLReachability.h */ = {isa = PBXFileReference; fileEncoding = 4; lastKnownFileType = sourcecode.c.h; path = DLReachability.h; sourceTree = "<group>"; };
		A98094561542A732002B2BCE /* DLReachability.m */ = {isa = PBXFileReference; fileEncoding = 4; lastKnownFileType = sourcecode.c.objc; path = DLReachability.m; sourceTree = "<group>"; };
		A980945E1542B221002B2BCE /* SystemConfiguration.framework */ = {isa = PBXFileReference; lastKnownFileType = wrapper.framework; name = SystemConfiguration.framework; path = System/Library/Frameworks/SystemConfiguration.framework; sourceTree = SDKROOT; };
		A9A9A3CE1536EBBA00B6E4AB /* DLTaskController.h */ = {isa = PBXFileReference; fileEncoding = 4; lastKnownFileType = sourcecode.c.h; path = DLTaskController.h; sourceTree = "<group>"; };
		A9A9A3CF1536EBBA00B6E4AB /* DLTaskController.m */ = {isa = PBXFileReference; fileEncoding = 4; lastKnownFileType = sourcecode.c.objc; path = DLTaskController.m; sourceTree = "<group>"; };
		A9A9A3D715371A3E00B6E4AB /* UIKit.framework */ = {isa = PBXFileReference; lastKnownFileType = wrapper.framework; name = UIKit.framework; path = System/Library/Frameworks/UIKit.framework; sourceTree = SDKROOT; };
		A9A9A3D915371AE500B6E4AB /* DLRecordingContext.h */ = {isa = PBXFileReference; fileEncoding = 4; lastKnownFileType = sourcecode.c.h; path = DLRecordingContext.h; sourceTree = "<group>"; };
		A9A9A3DA15371AE500B6E4AB /* DLRecordingContext.m */ = {isa = PBXFileReference; fileEncoding = 4; lastKnownFileType = sourcecode.c.objc; path = DLRecordingContext.m; sourceTree = "<group>"; };
		A9A9A3DE15371E7E00B6E4AB /* DLTask.h */ = {isa = PBXFileReference; fileEncoding = 4; lastKnownFileType = sourcecode.c.h; path = DLTask.h; sourceTree = "<group>"; };
		A9A9A3DF15371E7E00B6E4AB /* DLTask.m */ = {isa = PBXFileReference; fileEncoding = 4; lastKnownFileType = sourcecode.c.objc; path = DLTask.m; sourceTree = "<group>"; };
		A9A9A3E21537225F00B6E4AB /* DLGetNewSessionTask.h */ = {isa = PBXFileReference; fileEncoding = 4; lastKnownFileType = sourcecode.c.h; path = DLGetNewSessionTask.h; sourceTree = "<group>"; };
		A9A9A3E31537225F00B6E4AB /* DLGetNewSessionTask.m */ = {isa = PBXFileReference; fileEncoding = 4; lastKnownFileType = sourcecode.c.objc; path = DLGetNewSessionTask.m; sourceTree = "<group>"; };
		A9A9A3E61537BE2F00B6E4AB /* DLUpdateSessionTask.h */ = {isa = PBXFileReference; fileEncoding = 4; lastKnownFileType = sourcecode.c.h; path = DLUpdateSessionTask.h; sourceTree = "<group>"; };
		A9A9A3E71537BE2F00B6E4AB /* DLUpdateSessionTask.m */ = {isa = PBXFileReference; fileEncoding = 4; lastKnownFileType = sourcecode.c.objc; path = DLUpdateSessionTask.m; sourceTree = "<group>"; };
		A9A9A3EA1537BEB400B6E4AB /* DLUploadVideoFileTask.h */ = {isa = PBXFileReference; fileEncoding = 4; lastKnownFileType = sourcecode.c.h; path = DLUploadVideoFileTask.h; sourceTree = "<group>"; };
		A9A9A3EB1537BEB400B6E4AB /* DLUploadVideoFileTask.m */ = {isa = PBXFileReference; fileEncoding = 4; lastKnownFileType = sourcecode.c.objc; path = DLUploadVideoFileTask.m; sourceTree = "<group>"; };
/* End PBXFileReference section */

/* Begin PBXFrameworksBuildPhase section */
		83B8967C14EAEC68006D93C2 /* Frameworks */ = {
			isa = PBXFrameworksBuildPhase;
			buildActionMask = 2147483647;
			files = (
				A980945F1542B221002B2BCE /* SystemConfiguration.framework in Frameworks */,
				A9A9A3D815371A3E00B6E4AB /* UIKit.framework in Frameworks */,
				83B896B714EAF090006D93C2 /* OpenGLES.framework in Frameworks */,
				83B896AF14EAEFBF006D93C2 /* AssetsLibrary.framework in Frameworks */,
				83B896B014EAEFBF006D93C2 /* AVFoundation.framework in Frameworks */,
				83B896B214EAEFBF006D93C2 /* CoreMedia.framework in Frameworks */,
				83B896B114EAEFBF006D93C2 /* CoreGraphics.framework in Frameworks */,
				83B896B314EAEFBF006D93C2 /* CoreVideo.framework in Frameworks */,
				83B896B414EAEFBF006D93C2 /* QuartzCore.framework in Frameworks */,
				83B8968614EAEC68006D93C2 /* Foundation.framework in Frameworks */,
			);
			runOnlyForDeploymentPostprocessing = 0;
		};
/* End PBXFrameworksBuildPhase section */

/* Begin PBXGroup section */
		836ABF241548D47400926A71 /* Camera */ = {
			isa = PBXGroup;
			children = (
				836ABF251548D47400926A71 /* DLCamCaptureManager.h */,
				836ABF261548D47400926A71 /* DLCamCaptureManager.m */,
				836ABF271548D47400926A71 /* DLCamRecorder.h */,
				836ABF281548D47400926A71 /* DLCamRecorder.m */,
			);
			path = Camera;
			sourceTree = "<group>";
		};
		838293611558A054007C6CDA /* Categories */ = {
			isa = PBXGroup;
			children = (
				83B8969514EAECD6006D93C2 /* UIWindow+DLInterceptEvents.h */,
				83B8969614EAECD6006D93C2 /* UIWindow+DLInterceptEvents.m */,
				8382935C1558A04F007C6CDA /* CALayer+DLThreadSafe.h */,
				8382935D1558A04F007C6CDA /* CALayer+DLThreadSafe.m */,
			);
			name = Categories;
			sourceTree = "<group>";
		};
		83B8967314EAEC68006D93C2 = {
			isa = PBXGroup;
			children = (
				83B8968714EAEC68006D93C2 /* Delight */,
				83B8968414EAEC68006D93C2 /* Frameworks */,
				83B8968314EAEC68006D93C2 /* Products */,
			);
			sourceTree = "<group>";
		};
		83B8968314EAEC68006D93C2 /* Products */ = {
			isa = PBXGroup;
			children = (
				83B8968214EAEC68006D93C2 /* Delight.framework */,
			);
			name = Products;
			sourceTree = "<group>";
		};
		83B8968414EAEC68006D93C2 /* Frameworks */ = {
			isa = PBXGroup;
			children = (
				A980945E1542B221002B2BCE /* SystemConfiguration.framework */,
				A9A9A3D715371A3E00B6E4AB /* UIKit.framework */,
				83B896B614EAF090006D93C2 /* OpenGLES.framework */,
				83B896A914EAEFBF006D93C2 /* AssetsLibrary.framework */,
				83B896AA14EAEFBF006D93C2 /* AVFoundation.framework */,
				83B896AB14EAEFBF006D93C2 /* CoreGraphics.framework */,
				83B896AC14EAEFBF006D93C2 /* CoreMedia.framework */,
				83B896AD14EAEFBF006D93C2 /* CoreVideo.framework */,
				83B896AE14EAEFBF006D93C2 /* QuartzCore.framework */,
				83B8968514EAEC68006D93C2 /* Foundation.framework */,
			);
			name = Frameworks;
			sourceTree = "<group>";
		};
		83B8968714EAEC68006D93C2 /* Delight */ = {
			isa = PBXGroup;
			children = (
				836ABF241548D47400926A71 /* Camera */,
				838293611558A054007C6CDA /* Categories */,
				A9A9A3CC1536EA3600B6E4AB /* Utility */,
				83B8969314EAECD6006D93C2 /* Delight.h */,
				83B8969414EAECD6006D93C2 /* Delight.m */,
				83149B2615337E5C00003862 /* DLScreenshotController.h */,
				83149B2715337E5C00003862 /* DLScreenshotController.m */,
				83149B2B15338CC500003862 /* DLVideoEncoder.h */,
				83149B2C15338CC500003862 /* DLVideoEncoder.m */,
				83827A531538BD81002EA080 /* DLGesture.h */,
				83827A541538BD82002EA080 /* DLGesture.m */,
				8391626D1537C21000549347 /* DLGestureTracker.h */,
				8391626E1537C21000549347 /* DLGestureTracker.m */,
				83B8968814EAEC68006D93C2 /* Supporting Files */,
			);
			path = Delight;
			sourceTree = "<group>";
		};
		83B8968814EAEC68006D93C2 /* Supporting Files */ = {
			isa = PBXGroup;
			children = (
				83B8968914EAEC68006D93C2 /* Delight-Info.plist */,
				83B8968A14EAEC68006D93C2 /* InfoPlist.strings */,
				83B8968D14EAEC68006D93C2 /* Delight-Prefix.pch */,
			);
			name = "Supporting Files";
			sourceTree = "<group>";
		};
		A9A9A3CC1536EA3600B6E4AB /* Utility */ = {
			isa = PBXGroup;
			children = (
				A9A9A3DD15371E6A00B6E4AB /* Tasks */,
				A98094551542A732002B2BCE /* DLReachability.h */,
				A98094561542A732002B2BCE /* DLReachability.m */,
				A9A9A3CE1536EBBA00B6E4AB /* DLTaskController.h */,
				A9A9A3CF1536EBBA00B6E4AB /* DLTaskController.m */,
				A9A9A3D915371AE500B6E4AB /* DLRecordingContext.h */,
				A9A9A3DA15371AE500B6E4AB /* DLRecordingContext.m */,
			);
			path = Utility;
			sourceTree = "<group>";
		};
		A9A9A3DD15371E6A00B6E4AB /* Tasks */ = {
			isa = PBXGroup;
			children = (
				A9508D311537E99B001853A0 /* DLTaskHeader.h */,
				A9A9A3DE15371E7E00B6E4AB /* DLTask.h */,
				A9A9A3DF15371E7E00B6E4AB /* DLTask.m */,
				A9A9A3E21537225F00B6E4AB /* DLGetNewSessionTask.h */,
				A9A9A3E31537225F00B6E4AB /* DLGetNewSessionTask.m */,
				A9A9A3E61537BE2F00B6E4AB /* DLUpdateSessionTask.h */,
				A9A9A3E71537BE2F00B6E4AB /* DLUpdateSessionTask.m */,
				A9A9A3EA1537BEB400B6E4AB /* DLUploadVideoFileTask.h */,
				A9A9A3EB1537BEB400B6E4AB /* DLUploadVideoFileTask.m */,
				A96BE1E4153E156800D8BA2D /* DLPostVideoTask.h */,
				A96BE1E5153E156800D8BA2D /* DLPostVideoTask.m */,
			);
			path = Tasks;
			sourceTree = "<group>";
		};
/* End PBXGroup section */

/* Begin PBXHeadersBuildPhase section */
		83B8967D14EAEC68006D93C2 /* Headers */ = {
			isa = PBXHeadersBuildPhase;
			buildActionMask = 2147483647;
			files = (
				83B8969914EAECD6006D93C2 /* Delight.h in Headers */,
				83B8969B14EAECD6006D93C2 /* UIWindow+DLInterceptEvents.h in Headers */,
				A9A9A3D01536EBBA00B6E4AB /* DLTaskController.h in Headers */,
				83149B2815337E5C00003862 /* DLScreenshotController.h in Headers */,
				A93411C915352A3F0044077B /* DLVideoEncoder.h in Headers */,
				A9A9A3DB15371AE500B6E4AB /* DLRecordingContext.h in Headers */,
				A9A9A3E015371E7E00B6E4AB /* DLTask.h in Headers */,
				A9A9A3E41537225F00B6E4AB /* DLGetNewSessionTask.h in Headers */,
				A9A9A3E81537BE2F00B6E4AB /* DLUpdateSessionTask.h in Headers */,
				836ABF2B1548D47400926A71 /* DLCamCaptureManager.h in Headers */,
				A9A9A3EC1537BEB400B6E4AB /* DLUploadVideoFileTask.h in Headers */,
				83827A551538BD82002EA080 /* DLGesture.h in Headers */,
				A96BE1E6153E156800D8BA2D /* DLPostVideoTask.h in Headers */,
				A98094571542A732002B2BCE /* DLReachability.h in Headers */,
				836ABF2D1548D47400926A71 /* DLCamRecorder.h in Headers */,
				8382935E1558A04F007C6CDA /* CALayer+DLThreadSafe.h in Headers */,
			);
			runOnlyForDeploymentPostprocessing = 0;
		};
/* End PBXHeadersBuildPhase section */

/* Begin PBXNativeTarget section */
		83B8968114EAEC68006D93C2 /* Delight */ = {
			isa = PBXNativeTarget;
			buildConfigurationList = 83B8969014EAEC68006D93C2 /* Build configuration list for PBXNativeTarget "Delight" */;
			buildPhases = (
				83B8967A14EAEC68006D93C2 /* ShellScript */,
				83B8967B14EAEC68006D93C2 /* Sources */,
				83B8967C14EAEC68006D93C2 /* Frameworks */,
				83B8967D14EAEC68006D93C2 /* Headers */,
				83B8967E14EAEC68006D93C2 /* Resources */,
				83B8967F14EAEC68006D93C2 /* ShellScript */,
				83B8968014EAEC68006D93C2 /* ShellScript */,
			);
			buildRules = (
			);
			dependencies = (
			);
			name = Delight;
			productName = ScreenCapture;
			productReference = 83B8968214EAEC68006D93C2 /* Delight.framework */;
			productType = "com.apple.product-type.framework.static";
		};
/* End PBXNativeTarget section */

/* Begin PBXProject section */
		83B8967514EAEC68006D93C2 /* Project object */ = {
			isa = PBXProject;
			attributes = {
				CLASSPREFIX = DL;
				LastUpgradeCheck = 0430;
				ORGANIZATIONNAME = "Pipely Inc.";
			};
			buildConfigurationList = 83B8967814EAEC68006D93C2 /* Build configuration list for PBXProject "Delight" */;
			compatibilityVersion = "Xcode 3.2";
			developmentRegion = English;
			hasScannedForEncodings = 0;
			knownRegions = (
				en,
			);
			mainGroup = 83B8967314EAEC68006D93C2;
			productRefGroup = 83B8968314EAEC68006D93C2 /* Products */;
			projectDirPath = "";
			projectRoot = "";
			targets = (
				83B8968114EAEC68006D93C2 /* Delight */,
			);
		};
/* End PBXProject section */

/* Begin PBXResourcesBuildPhase section */
		83B8967E14EAEC68006D93C2 /* Resources */ = {
			isa = PBXResourcesBuildPhase;
			buildActionMask = 2147483647;
			files = (
				83B8968C14EAEC68006D93C2 /* InfoPlist.strings in Resources */,
			);
			runOnlyForDeploymentPostprocessing = 0;
		};
/* End PBXResourcesBuildPhase section */

/* Begin PBXShellScriptBuildPhase section */
		83B8967A14EAEC68006D93C2 /* ShellScript */ = {
			isa = PBXShellScriptBuildPhase;
			buildActionMask = 2147483647;
			files = (
			);
			inputPaths = (
			);
			outputPaths = (
			);
			runOnlyForDeploymentPostprocessing = 0;
			shellPath = /bin/sh;
			shellScript = "set -e\n\nset +u\nif [[ $UFW_MASTER_SCRIPT_RUNNING ]]\nthen\n    # Nothing for the slave script to do\n    exit 0\nfi\nset -u\n\nif [[ \"$SDK_NAME\" =~ ([A-Za-z]+) ]]\nthen\n    UFW_SDK_PLATFORM=${BASH_REMATCH[1]}\nelse\n    echo \"Could not find platform name from SDK_NAME: $SDK_NAME\"\n    exit 1\nfi\n\nif [[ \"$SDK_NAME\" =~ ([0-9]+.*$) ]]\nthen\n\tUFW_SDK_VERSION=${BASH_REMATCH[1]}\nelse\n    echo \"Could not find sdk version  from SDK_NAME: $SDK_NAME\"\n    exit 1\nfi\n\nif [[ \"$UFW_SDK_PLATFORM\" = \"iphoneos\" ]]\nthen\n    UFW_OTHER_PLATFORM=iphonesimulator\nelse\n    UFW_OTHER_PLATFORM=iphoneos\nfi\n\nif [[ \"$BUILT_PRODUCTS_DIR\" =~ (.*)$UFW_SDK_PLATFORM$ ]]\nthen\n    UFW_OTHER_BUILT_PRODUCTS_DIR=\"${BASH_REMATCH[1]}${UFW_OTHER_PLATFORM}\"\nelse\n    echo \"Could not find $UFW_SDK_PLATFORM in $BUILT_PRODUCTS_DIR\"\n    exit 1\nfi\n\nONLY_ACTIVE_PLATFORM=${ONLY_ACTIVE_PLATFORM:-$ONLY_ACTIVE_ARCH}\n\n# Short-circuit if all binaries are up to date\n\nif [[ -f \"${BUILT_PRODUCTS_DIR}/${EXECUTABLE_PATH}\" ]] && \\\n   [[ -f \"${BUILT_PRODUCTS_DIR}/${PRODUCT_NAME}.embeddedframework/${EXECUTABLE_PATH}\" ]] && \\\n   [[ ! \"${BUILT_PRODUCTS_DIR}/${EXECUTABLE_PATH}\" -nt \"${BUILT_PRODUCTS_DIR}/${PRODUCT_NAME}.embeddedframework/${EXECUTABLE_PATH}\" ]] && \\\n  ([[ \"${ONLY_ACTIVE_PLATFORM}\" == \"YES\" ]] || \\\n    ([[ -f \"${UFW_OTHER_BUILT_PRODUCTS_DIR}/${EXECUTABLE_PATH}\" ]] && \\\n     [[ -f \"${UFW_OTHER_BUILT_PRODUCTS_DIR}/${PRODUCT_NAME}.embeddedframework/${EXECUTABLE_PATH}\" ]] && \\\n     [[ ! \"${UFW_OTHER_BUILT_PRODUCTS_DIR}/${EXECUTABLE_PATH}\" -nt \"${UFW_OTHER_BUILT_PRODUCTS_DIR}/${PRODUCT_NAME}.embeddedframework/${EXECUTABLE_PATH}\" ]]\n    )\n  )\nthen\n    exit 0\nfi\n\n\n# Clean other platform if needed\n\nif [[ ! -f \"${BUILT_PRODUCTS_DIR}/${EXECUTABLE_PATH}\" ]] && [[ \"${ONLY_ACTIVE_PLATFORM}\" != \"YES\" ]]\nthen\n\techo \"Platform \\\"$UFW_SDK_PLATFORM\\\" was cleaned recently. Cleaning \\\"$UFW_OTHER_PLATFORM\\\" as well\"\n\techo xcodebuild -project \"${PROJECT_FILE_PATH}\" -target \"${TARGET_NAME}\" -configuration \"${CONFIGURATION}\" -sdk ${UFW_OTHER_PLATFORM}${UFW_SDK_VERSION} BUILD_DIR=\"${BUILD_DIR}\" CONFIGURATION_TEMP_DIR=\"${PROJECT_TEMP_DIR}/${CONFIGURATION}-${UFW_OTHER_PLATFORM}\" clean\n\txcodebuild -project \"${PROJECT_FILE_PATH}\" -target \"${TARGET_NAME}\" -configuration \"${CONFIGURATION}\" -sdk ${UFW_OTHER_PLATFORM}${UFW_SDK_VERSION} BUILD_DIR=\"${BUILD_DIR}\" CONFIGURATION_TEMP_DIR=\"${PROJECT_TEMP_DIR}/${CONFIGURATION}-${UFW_OTHER_PLATFORM}\" clean\nfi\n\n\n# Make sure we are building from fresh binaries\n\nrm -rf \"${BUILT_PRODUCTS_DIR}/${EXECUTABLE_PATH}\"\nrm -rf \"${BUILT_PRODUCTS_DIR}/${PRODUCT_NAME}.embeddedframework\"\n\nif [[ \"${ONLY_ACTIVE_PLATFORM}\" != \"YES\" ]]\nthen\n    rm -rf \"${UFW_OTHER_BUILT_PRODUCTS_DIR}/${EXECUTABLE_PATH}\"\n    rm -rf \"${UFW_OTHER_BUILT_PRODUCTS_DIR}/${PRODUCT_NAME}.embeddedframework\"\nfi\n";
		};
		83B8967F14EAEC68006D93C2 /* ShellScript */ = {
			isa = PBXShellScriptBuildPhase;
			buildActionMask = 2147483647;
			files = (
			);
			inputPaths = (
			);
			outputPaths = (
			);
			runOnlyForDeploymentPostprocessing = 0;
			shellPath = /bin/sh;
			shellScript = "INLINED_PYHON_SCRIPT=\"import sys; import os.path; headerPathFromFind = sys.argv[2]; srcRoot = sys.argv[1]; headerPathFromFindWithoutFilename = os.path.dirname( headerPathFromFind ); relatedPathForDirectory = os.path.relpath( headerPathFromFindWithoutFilename, srcRoot ); print( relatedPathForDirectory );\"\n\nHEADERS_ROOT=$SRCROOT/$PRODUCT_NAME\nFRAMEWORK_HEADERS_DIR=\"$BUILT_PRODUCTS_DIR/$WRAPPER_NAME/Headers\"\n\n## only header files expected at this point\nPUBLIC_HEADERS=$( ls -1 \"$FRAMEWORK_HEADERS_DIR\" )\n\n\nfor PUBLIC_HEADER in $PUBLIC_HEADERS; do\n\n   FIND_RESULT=$( find \"$HEADERS_ROOT\" -name \"$PUBLIC_HEADER\" )\n   RELATIVE_PATH=$( python -c \"$INLINED_PYHON_SCRIPT\" \"$HEADERS_ROOT\" \"$FIND_RESULT\" )\n\n   mkdir -p \"$FRAMEWORK_HEADERS_DIR/$RELATIVE_PATH\"\n   mv \"$FRAMEWORK_HEADERS_DIR/$PUBLIC_HEADER\" \"$FRAMEWORK_HEADERS_DIR/$RELATIVE_PATH/$PUBLIC_HEADER\"\ndone\n";
		};
		83B8968014EAEC68006D93C2 /* ShellScript */ = {
			isa = PBXShellScriptBuildPhase;
			buildActionMask = 2147483647;
			files = (
			);
			inputPaths = (
			);
			outputPaths = (
			);
			runOnlyForDeploymentPostprocessing = 0;
			shellPath = /bin/sh;
			shellScript = "set -e\n\nset +u\nif [[ $UFW_MASTER_SCRIPT_RUNNING ]]\nthen\n    # Nothing for the slave script to do\n    exit 0\nfi\nset -u\nexport UFW_MASTER_SCRIPT_RUNNING=1\n\n\n# Functions\n\n## List files in the specified directory, storing to the specified array.\n#\n# @param $1 The path to list\n# @param $2 The name of the array to fill\n#\n##\nlist_files ()\n{\n    filelist=$(ls \"$1\")\n    while read line\n    do\n        eval \"$2[\\${#$2[*]}]=\\\"\\$line\\\"\"\n    done <<< \"$filelist\"\n}\n\n\n# Sanity check\n\nif [[ ! -f \"${BUILT_PRODUCTS_DIR}/${EXECUTABLE_PATH}\" ]]\nthen\n    echo \"Framework target \\\"${TARGET_NAME}\\\" had no source files to build from. Make sure your source files have the correct target membership\"\n    exit 1\nfi\n\n\n# Gather information\n\nif [[ \"$SDK_NAME\" =~ ([A-Za-z]+) ]]\nthen\n    UFW_SDK_PLATFORM=${BASH_REMATCH[1]}\nelse\n    echo \"Could not find platform name from SDK_NAME: $SDK_NAME\"\n    exit 1\nfi\n\nif [[ \"$SDK_NAME\" =~ ([0-9]+.*$) ]]\nthen\n    UFW_SDK_VERSION=${BASH_REMATCH[1]}\nelse\n    echo \"Could not find sdk version from SDK_NAME: $SDK_NAME\"\n    exit 1\nfi\n\nif [[ \"$UFW_SDK_PLATFORM\" = \"iphoneos\" ]]\nthen\n    UFW_OTHER_PLATFORM=iphonesimulator\nelse\n    UFW_OTHER_PLATFORM=iphoneos\nfi\n\nif [[ \"$BUILT_PRODUCTS_DIR\" =~ (.*)$UFW_SDK_PLATFORM$ ]]\nthen\n    UFW_OTHER_BUILT_PRODUCTS_DIR=\"${BASH_REMATCH[1]}${UFW_OTHER_PLATFORM}\"\nelse\n    echo \"Could not find $UFW_SDK_PLATFORM in $BUILT_PRODUCTS_DIR\"\n    exit 1\nfi\n\nONLY_ACTIVE_PLATFORM=${ONLY_ACTIVE_PLATFORM:-$ONLY_ACTIVE_ARCH}\n\n# Short-circuit if all binaries are up to date.\n# We already checked the other platform in the prerun script.\n\nif [[ -f \"${BUILT_PRODUCTS_DIR}/${EXECUTABLE_PATH}\" ]] && [[ -f \"${BUILT_PRODUCTS_DIR}/${PRODUCT_NAME}.embeddedframework/${EXECUTABLE_PATH}\" ]] && [[ ! \"${BUILT_PRODUCTS_DIR}/${EXECUTABLE_PATH}\" -nt \"${BUILT_PRODUCTS_DIR}/${PRODUCT_NAME}.embeddedframework/${EXECUTABLE_PATH}\" ]]\nthen\n    exit 0\nfi\n\nif [ \"${ONLY_ACTIVE_PLATFORM}\" == \"YES\" ]\nthen\n    echo \"ONLY_ACTIVE_PLATFORM=${ONLY_ACTIVE_PLATFORM}: Skipping other platform build\"\nelse\n    # Make sure the other platform gets built\n    \n    echo \"Build other platform\"\n    \n    echo xcodebuild -project \"${PROJECT_FILE_PATH}\" -target \"${TARGET_NAME}\" -configuration \"${CONFIGURATION}\" -sdk ${UFW_OTHER_PLATFORM}${UFW_SDK_VERSION} BUILD_DIR=\"${BUILD_DIR}\" CONFIGURATION_TEMP_DIR=\"${PROJECT_TEMP_DIR}/${CONFIGURATION}-${UFW_OTHER_PLATFORM}\" $ACTION\n    xcodebuild -project \"${PROJECT_FILE_PATH}\" -target \"${TARGET_NAME}\" -configuration \"${CONFIGURATION}\" -sdk ${UFW_OTHER_PLATFORM}${UFW_SDK_VERSION} BUILD_DIR=\"${BUILD_DIR}\" CONFIGURATION_TEMP_DIR=\"${PROJECT_TEMP_DIR}/${CONFIGURATION}-${UFW_OTHER_PLATFORM}\" $ACTION\n    \n    \n    # Build the fat static library binary\n    \n    echo \"Create universal static library\"\n    \n    echo \"$PLATFORM_DEVELOPER_BIN_DIR/libtool\" -static \"${BUILT_PRODUCTS_DIR}/${EXECUTABLE_PATH}\" \"${UFW_OTHER_BUILT_PRODUCTS_DIR}/${EXECUTABLE_PATH}\" -o \"${BUILT_PRODUCTS_DIR}/${EXECUTABLE_PATH}.temp\"\n    \"$PLATFORM_DEVELOPER_BIN_DIR/libtool\" -static \"${BUILT_PRODUCTS_DIR}/${EXECUTABLE_PATH}\" \"${UFW_OTHER_BUILT_PRODUCTS_DIR}/${EXECUTABLE_PATH}\" -o \"${BUILT_PRODUCTS_DIR}/${EXECUTABLE_PATH}.temp\"\n    \n    echo mv \"${BUILT_PRODUCTS_DIR}/${EXECUTABLE_PATH}.temp\" \"${BUILT_PRODUCTS_DIR}/${EXECUTABLE_PATH}\"\n    mv \"${BUILT_PRODUCTS_DIR}/${EXECUTABLE_PATH}.temp\" \"${BUILT_PRODUCTS_DIR}/${EXECUTABLE_PATH}\"\nfi\n\n# Build embedded framework structure\n\necho \"Build Embedded Framework\"\n\necho rm -rf \"${BUILT_PRODUCTS_DIR}/${PRODUCT_NAME}.embeddedframework\"\nrm -rf \"${BUILT_PRODUCTS_DIR}/${PRODUCT_NAME}.embeddedframework\"\necho mkdir -p \"${BUILT_PRODUCTS_DIR}/${PRODUCT_NAME}.embeddedframework/Resources\"\nmkdir -p \"${BUILT_PRODUCTS_DIR}/${PRODUCT_NAME}.embeddedframework/Resources\"\necho cp -a \"${BUILT_PRODUCTS_DIR}/${WRAPPER_NAME}\" \"${BUILT_PRODUCTS_DIR}/${PRODUCT_NAME}.embeddedframework/\"\ncp -a \"${BUILT_PRODUCTS_DIR}/${WRAPPER_NAME}\" \"${BUILT_PRODUCTS_DIR}/${PRODUCT_NAME}.embeddedframework/\"\n\ndeclare -a UFW_FILE_LIST\nlist_files \"${BUILT_PRODUCTS_DIR}/${UNLOCALIZED_RESOURCES_FOLDER_PATH}\" UFW_FILE_LIST\nfor filename in \"${UFW_FILE_LIST[@]}\"\ndo\n    if [[ \"${filename}\" != \"Info.plist\" ]] && [[ ! \"${filename}\" =~ .*\\.lproj$ ]]\n    then\n        echo ln -sf \"../${WRAPPER_NAME}/Resources/${filename}\" \"${BUILT_PRODUCTS_DIR}/${PRODUCT_NAME}.embeddedframework/Resources/${filename}\"\n        ln -sf \"../${WRAPPER_NAME}/Resources/${filename}\" \"${BUILT_PRODUCTS_DIR}/${PRODUCT_NAME}.embeddedframework/Resources/${filename}\"\n    fi\ndone\n\n\nif [ \"${ONLY_ACTIVE_PLATFORM}\" != \"YES\" ]\nthen\n    # Replace other platform's framework with a copy of this one (so that both have the same universal binary)\n    \n    echo \"Copy from $UFW_SDK_PLATFORM to $UFW_OTHER_PLATFORM\"\n    \n    echo rm -rf \"${BUILD_DIR}/${CONFIGURATION}-${UFW_OTHER_PLATFORM}\"\n    rm -rf \"${BUILD_DIR}/${CONFIGURATION}-${UFW_OTHER_PLATFORM}\"\n    echo cp -a \"${BUILD_DIR}/${CONFIGURATION}-${UFW_SDK_PLATFORM}\" \"${BUILD_DIR}/${CONFIGURATION}-${UFW_OTHER_PLATFORM}\"\n    cp -a \"${BUILD_DIR}/${CONFIGURATION}-${UFW_SDK_PLATFORM}\" \"${BUILD_DIR}/${CONFIGURATION}-${UFW_OTHER_PLATFORM}\"\nfi\n";
		};
/* End PBXShellScriptBuildPhase section */

/* Begin PBXSourcesBuildPhase section */
		83B8967B14EAEC68006D93C2 /* Sources */ = {
			isa = PBXSourcesBuildPhase;
			buildActionMask = 2147483647;
			files = (
				83B8969A14EAECD6006D93C2 /* Delight.m in Sources */,
				83B8969C14EAECD6006D93C2 /* UIWindow+DLInterceptEvents.m in Sources */,
				83149B2915337E5C00003862 /* DLScreenshotController.m in Sources */,
				A93411C815352A3F0044077B /* DLVideoEncoder.m in Sources */,
				A9A9A3D11536EBBA00B6E4AB /* DLTaskController.m in Sources */,
				A9A9A3DC15371AE500B6E4AB /* DLRecordingContext.m in Sources */,
				A9A9A3E115371E7E00B6E4AB /* DLTask.m in Sources */,
				A9A9A3E51537225F00B6E4AB /* DLGetNewSessionTask.m in Sources */,
				A9A9A3E91537BE2F00B6E4AB /* DLUpdateSessionTask.m in Sources */,
				A9A9A3ED1537BEB400B6E4AB /* DLUploadVideoFileTask.m in Sources */,
				839162701537C21000549347 /* DLGestureTracker.m in Sources */,
				83827A561538BD82002EA080 /* DLGesture.m in Sources */,
				A96BE1E7153E156800D8BA2D /* DLPostVideoTask.m in Sources */,
				A98094581542A732002B2BCE /* DLReachability.m in Sources */,
				836ABF2C1548D47400926A71 /* DLCamCaptureManager.m in Sources */,
				836ABF2E1548D47400926A71 /* DLCamRecorder.m in Sources */,
				8382935F1558A04F007C6CDA /* CALayer+DLThreadSafe.m in Sources */,
			);
			runOnlyForDeploymentPostprocessing = 0;
		};
/* End PBXSourcesBuildPhase section */

/* Begin PBXVariantGroup section */
		83B8968A14EAEC68006D93C2 /* InfoPlist.strings */ = {
			isa = PBXVariantGroup;
			children = (
				83B8968B14EAEC68006D93C2 /* en */,
			);
			name = InfoPlist.strings;
			sourceTree = "<group>";
		};
/* End PBXVariantGroup section */

/* Begin XCBuildConfiguration section */
		83B8968E14EAEC68006D93C2 /* Debug */ = {
			isa = XCBuildConfiguration;
			buildSettings = {
				ALWAYS_SEARCH_USER_PATHS = NO;
				ARCHS = "$(ARCHS_STANDARD_32_BIT)";
				COPY_PHASE_STRIP = NO;
				GCC_C_LANGUAGE_STANDARD = gnu99;
				GCC_DYNAMIC_NO_PIC = NO;
				GCC_OPTIMIZATION_LEVEL = 0;
				GCC_PREPROCESSOR_DEFINITIONS = (
					"DEBUG=1",
					"$(inherited)",
				);
				GCC_SYMBOLS_PRIVATE_EXTERN = NO;
				GCC_VERSION = com.apple.compilers.llvm.clang.1_0;
				GCC_WARN_ABOUT_MISSING_PROTOTYPES = YES;
				GCC_WARN_ABOUT_RETURN_TYPE = YES;
				GCC_WARN_UNUSED_VARIABLE = YES;
				IPHONEOS_DEPLOYMENT_TARGET = 5.0;
				SDKROOT = iphoneos;
			};
			name = Debug;
		};
		83B8968F14EAEC68006D93C2 /* Release */ = {
			isa = XCBuildConfiguration;
			buildSettings = {
				ALWAYS_SEARCH_USER_PATHS = NO;
				ARCHS = "$(ARCHS_STANDARD_32_BIT)";
				COPY_PHASE_STRIP = YES;
				GCC_C_LANGUAGE_STANDARD = gnu99;
				GCC_VERSION = com.apple.compilers.llvm.clang.1_0;
				GCC_WARN_ABOUT_MISSING_PROTOTYPES = YES;
				GCC_WARN_ABOUT_RETURN_TYPE = YES;
				GCC_WARN_UNUSED_VARIABLE = YES;
				IPHONEOS_DEPLOYMENT_TARGET = 5.0;
				SDKROOT = iphoneos;
				VALIDATE_PRODUCT = YES;
			};
			name = Release;
		};
		83B8969114EAEC68006D93C2 /* Debug */ = {
			isa = XCBuildConfiguration;
			buildSettings = {
				ARCHS = (
					armv6,
					"$(ARCHS_STANDARD_32_BIT)",
				);
				DYLIB_COMPATIBILITY_VERSION = 1;
				DYLIB_CURRENT_VERSION = 1;
				FRAMEWORK_VERSION = A;
				GCC_PRECOMPILE_PREFIX_HEADER = YES;
				GCC_PREFIX_HEADER = "Delight/Delight-Prefix.pch";
				GCC_PREPROCESSOR_DEFINITIONS = "$(inherited)";
				GCC_THUMB_SUPPORT = NO;
				INFOPLIST_FILE = "Delight/Delight-Info.plist";
				PRODUCT_NAME = Delight;
				SKIP_INSTALL = YES;
				WRAPPER_EXTENSION = framework;
			};
			name = Debug;
		};
		83B8969214EAEC68006D93C2 /* Release */ = {
			isa = XCBuildConfiguration;
			buildSettings = {
				ARCHS = (
					armv6,
					"$(ARCHS_STANDARD_32_BIT)",
				);
				DYLIB_COMPATIBILITY_VERSION = 1;
				DYLIB_CURRENT_VERSION = 1;
				FRAMEWORK_VERSION = A;
				GCC_PRECOMPILE_PREFIX_HEADER = YES;
				GCC_PREFIX_HEADER = "Delight/Delight-Prefix.pch";
				GCC_THUMB_SUPPORT = NO;
				INFOPLIST_FILE = "Delight/Delight-Info.plist";
				PRODUCT_NAME = Delight;
				SKIP_INSTALL = YES;
				WRAPPER_EXTENSION = framework;
			};
			name = Release;
		};
/* End XCBuildConfiguration section */

/* Begin XCConfigurationList section */
		83B8967814EAEC68006D93C2 /* Build configuration list for PBXProject "Delight" */ = {
			isa = XCConfigurationList;
			buildConfigurations = (
				83B8968E14EAEC68006D93C2 /* Debug */,
				83B8968F14EAEC68006D93C2 /* Release */,
			);
			defaultConfigurationIsVisible = 0;
			defaultConfigurationName = Release;
		};
		83B8969014EAEC68006D93C2 /* Build configuration list for PBXNativeTarget "Delight" */ = {
			isa = XCConfigurationList;
			buildConfigurations = (
				83B8969114EAEC68006D93C2 /* Debug */,
				83B8969214EAEC68006D93C2 /* Release */,
			);
			defaultConfigurationIsVisible = 0;
			defaultConfigurationName = Release;
		};
/* End XCConfigurationList section */
	};
	rootObject = 83B8967514EAEC68006D93C2 /* Project object */;
}
