// !$*UTF8*$!
{
	archiveVersion = 1;
	classes = {
	};
	objectVersion = 46;
	objects = {

/* Begin PBXBuildFile section */
		83149B2815337E5C00003862 /* DLScreenshotController.h in Headers */ = {isa = PBXBuildFile; fileRef = 83149B2615337E5C00003862 /* DLScreenshotController.h */; settings = {ATTRIBUTES = (); }; };
		83149B2915337E5C00003862 /* DLScreenshotController.m in Sources */ = {isa = PBXBuildFile; fileRef = 83149B2715337E5C00003862 /* DLScreenshotController.m */; };
		83186258159BA98300CFB45D /* IOMobileFramebuffer.h in Headers */ = {isa = PBXBuildFile; fileRef = 83186257159BA98300CFB45D /* IOMobileFramebuffer.h */; };
		8318625B159BAACD00CFB45D /* IOMobileFramebuffer.framework in Frameworks */ = {isa = PBXBuildFile; fileRef = 8318625A159BAACD00CFB45D /* IOMobileFramebuffer.framework */; };
		832D1DAE1589626D004F2BD6 /* DLConstants.h in Headers */ = {isa = PBXBuildFile; fileRef = 832D1DAC1589626D004F2BD6 /* DLConstants.h */; };
		833B500D15670E690085552F /* DLMetrics.h in Headers */ = {isa = PBXBuildFile; fileRef = 833B500B15670E690085552F /* DLMetrics.h */; };
		833B500E15670E690085552F /* DLMetrics.m in Sources */ = {isa = PBXBuildFile; fileRef = 833B500C15670E690085552F /* DLMetrics.m */; };
		836ABF2B1548D47400926A71 /* DLCamCaptureManager.h in Headers */ = {isa = PBXBuildFile; fileRef = 836ABF251548D47400926A71 /* DLCamCaptureManager.h */; settings = {ATTRIBUTES = (); }; };
		836ABF2C1548D47400926A71 /* DLCamCaptureManager.m in Sources */ = {isa = PBXBuildFile; fileRef = 836ABF261548D47400926A71 /* DLCamCaptureManager.m */; };
		836ABF2D1548D47400926A71 /* DLCamRecorder.h in Headers */ = {isa = PBXBuildFile; fileRef = 836ABF271548D47400926A71 /* DLCamRecorder.h */; };
		836ABF2E1548D47400926A71 /* DLCamRecorder.m in Sources */ = {isa = PBXBuildFile; fileRef = 836ABF281548D47400926A71 /* DLCamRecorder.m */; };
		837E8A4D15658ACE00FB16E9 /* DLGesture.m in Sources */ = {isa = PBXBuildFile; fileRef = 83827A541538BD82002EA080 /* DLGesture.m */; };
		837E8A4F15658AD100FB16E9 /* DLGestureTracker.m in Sources */ = {isa = PBXBuildFile; fileRef = 8391626E1537C21000549347 /* DLGestureTracker.m */; };
		838187001563156400608514 /* UITextField+DLPrivateView.h in Headers */ = {isa = PBXBuildFile; fileRef = 838186FE1563156400608514 /* UITextField+DLPrivateView.h */; };
		838187011563156400608514 /* UITextField+DLPrivateView.m in Sources */ = {isa = PBXBuildFile; fileRef = 838186FF1563156400608514 /* UITextField+DLPrivateView.m */; };
		8382935E1558A04F007C6CDA /* CALayer+DLThreadSafe.h in Headers */ = {isa = PBXBuildFile; fileRef = 8382935C1558A04F007C6CDA /* CALayer+DLThreadSafe.h */; };
		8382935F1558A04F007C6CDA /* CALayer+DLThreadSafe.m in Sources */ = {isa = PBXBuildFile; fileRef = 8382935D1558A04F007C6CDA /* CALayer+DLThreadSafe.m */; };
		8385CA7F154768530057FC37 /* DLTouch.h in Headers */ = {isa = PBXBuildFile; fileRef = 8385CA7D154768530057FC37 /* DLTouch.h */; };
		8385CA80154768530057FC37 /* DLTouch.m in Sources */ = {isa = PBXBuildFile; fileRef = 8385CA7E154768530057FC37 /* DLTouch.m */; };
		8385CA831547688E0057FC37 /* DLOrientationChange.h in Headers */ = {isa = PBXBuildFile; fileRef = 8385CA811547688D0057FC37 /* DLOrientationChange.h */; };
		8385CA841547688E0057FC37 /* DLOrientationChange.m in Sources */ = {isa = PBXBuildFile; fileRef = 8385CA821547688E0057FC37 /* DLOrientationChange.m */; };
		83995A8A158ABEA600A41326 /* DLOpenGLVideoEncoder.h in Headers */ = {isa = PBXBuildFile; fileRef = 83995A88158ABEA600A41326 /* DLOpenGLVideoEncoder.h */; };
		83995A8B158ABEA600A41326 /* DLOpenGLVideoEncoder.m in Sources */ = {isa = PBXBuildFile; fileRef = 83995A89158ABEA600A41326 /* DLOpenGLVideoEncoder.m */; };
		83995A8E158AC08200A41326 /* DLUIKitVideoEncoder.h in Headers */ = {isa = PBXBuildFile; fileRef = 83995A8C158AC08200A41326 /* DLUIKitVideoEncoder.h */; };
		83995A8F158AC08200A41326 /* DLUIKitVideoEncoder.m in Sources */ = {isa = PBXBuildFile; fileRef = 83995A8D158AC08200A41326 /* DLUIKitVideoEncoder.m */; };
		83B8968614EAEC68006D93C2 /* Foundation.framework in Frameworks */ = {isa = PBXBuildFile; fileRef = 83B8968514EAEC68006D93C2 /* Foundation.framework */; };
		83B8968C14EAEC68006D93C2 /* InfoPlist.strings in Resources */ = {isa = PBXBuildFile; fileRef = 83B8968A14EAEC68006D93C2 /* InfoPlist.strings */; };
		83B8969914EAECD6006D93C2 /* Delight.h in Headers */ = {isa = PBXBuildFile; fileRef = 83B8969314EAECD6006D93C2 /* Delight.h */; settings = {ATTRIBUTES = (Public, ); }; };
		83B8969A14EAECD6006D93C2 /* Delight.m in Sources */ = {isa = PBXBuildFile; fileRef = 83B8969414EAECD6006D93C2 /* Delight.m */; };
		83B8969B14EAECD6006D93C2 /* UIWindow+DLInterceptEvents.h in Headers */ = {isa = PBXBuildFile; fileRef = 83B8969514EAECD6006D93C2 /* UIWindow+DLInterceptEvents.h */; settings = {ATTRIBUTES = (); }; };
		83B8969C14EAECD6006D93C2 /* UIWindow+DLInterceptEvents.m in Sources */ = {isa = PBXBuildFile; fileRef = 83B8969614EAECD6006D93C2 /* UIWindow+DLInterceptEvents.m */; };
		83B896AF14EAEFBF006D93C2 /* AssetsLibrary.framework in Frameworks */ = {isa = PBXBuildFile; fileRef = 83B896A914EAEFBF006D93C2 /* AssetsLibrary.framework */; };
		83B896B014EAEFBF006D93C2 /* AVFoundation.framework in Frameworks */ = {isa = PBXBuildFile; fileRef = 83B896AA14EAEFBF006D93C2 /* AVFoundation.framework */; };
		83B896B114EAEFBF006D93C2 /* CoreGraphics.framework in Frameworks */ = {isa = PBXBuildFile; fileRef = 83B896AB14EAEFBF006D93C2 /* CoreGraphics.framework */; };
		83B896B214EAEFBF006D93C2 /* CoreMedia.framework in Frameworks */ = {isa = PBXBuildFile; fileRef = 83B896AC14EAEFBF006D93C2 /* CoreMedia.framework */; };
		83B896B314EAEFBF006D93C2 /* CoreVideo.framework in Frameworks */ = {isa = PBXBuildFile; fileRef = 83B896AD14EAEFBF006D93C2 /* CoreVideo.framework */; };
		83B896B414EAEFBF006D93C2 /* QuartzCore.framework in Frameworks */ = {isa = PBXBuildFile; fileRef = 83B896AE14EAEFBF006D93C2 /* QuartzCore.framework */; };
		83B896B714EAF090006D93C2 /* OpenGLES.framework in Frameworks */ = {isa = PBXBuildFile; fileRef = 83B896B614EAF090006D93C2 /* OpenGLES.framework */; settings = {ATTRIBUTES = (Weak, ); }; };
		83E58A3415926AF200B01636 /* DLMobileFrameBufferVideoEncoder.h in Headers */ = {isa = PBXBuildFile; fileRef = 83E58A3215926AF200B01636 /* DLMobileFrameBufferVideoEncoder.h */; };
		83E58A3515926AF200B01636 /* DLMobileFrameBufferVideoEncoder.m in Sources */ = {isa = PBXBuildFile; fileRef = 83E58A3315926AF200B01636 /* DLMobileFrameBufferVideoEncoder.m */; };
		83E58A4C15926D8000B01636 /* IOSurface.framework in Frameworks */ = {isa = PBXBuildFile; fileRef = 83E58A4915926D8000B01636 /* IOSurface.framework */; };
		83EE860815916AF5003F7AFA /* IOSurface.h in Headers */ = {isa = PBXBuildFile; fileRef = 83EE860515916AF5003F7AFA /* IOSurface.h */; };
		83EE860915916AF5003F7AFA /* IOSurfaceAPI.h in Headers */ = {isa = PBXBuildFile; fileRef = 83EE860615916AF5003F7AFA /* IOSurfaceAPI.h */; };
		83EE860A15916AF5003F7AFA /* IOSurfaceBase.h in Headers */ = {isa = PBXBuildFile; fileRef = 83EE860715916AF5003F7AFA /* IOSurfaceBase.h */; };
		A93411C815352A3F0044077B /* DLVideoEncoder.m in Sources */ = {isa = PBXBuildFile; fileRef = 83149B2C15338CC500003862 /* DLVideoEncoder.m */; };
		A93411C915352A3F0044077B /* DLVideoEncoder.h in Headers */ = {isa = PBXBuildFile; fileRef = 83149B2B15338CC500003862 /* DLVideoEncoder.h */; settings = {ATTRIBUTES = (); }; };
		A951E39C1599405A003C6038 /* IOAudioDefines.h in Headers */ = {isa = PBXBuildFile; fileRef = A951E34F1599405A003C6038 /* IOAudioDefines.h */; };
		A951E39D1599405A003C6038 /* IOAudioLib.h in Headers */ = {isa = PBXBuildFile; fileRef = A951E3501599405A003C6038 /* IOAudioLib.h */; };
		A951E39E1599405A003C6038 /* IOAudioTypes.h in Headers */ = {isa = PBXBuildFile; fileRef = A951E3511599405A003C6038 /* IOAudioTypes.h */; };
		A951E39F1599405A003C6038 /* IOAccelClientConnect.h in Headers */ = {isa = PBXBuildFile; fileRef = A951E3531599405A003C6038 /* IOAccelClientConnect.h */; };
		A951E3A01599405A003C6038 /* IOAccelSurfaceConnect.h in Headers */ = {isa = PBXBuildFile; fileRef = A951E3541599405A003C6038 /* IOAccelSurfaceConnect.h */; };
		A951E3A11599405A003C6038 /* IOAccelTypes.h in Headers */ = {isa = PBXBuildFile; fileRef = A951E3551599405A003C6038 /* IOAccelTypes.h */; };
		A951E3A21599405A003C6038 /* IOFramebufferShared.h in Headers */ = {isa = PBXBuildFile; fileRef = A951E3561599405A003C6038 /* IOFramebufferShared.h */; };
		A951E3A31599405A003C6038 /* IOGraphicsInterface.h in Headers */ = {isa = PBXBuildFile; fileRef = A951E3571599405A003C6038 /* IOGraphicsInterface.h */; };
		A951E3A41599405A003C6038 /* IOGraphicsInterfaceTypes.h in Headers */ = {isa = PBXBuildFile; fileRef = A951E3581599405A003C6038 /* IOGraphicsInterfaceTypes.h */; };
		A951E3A51599405A003C6038 /* IOGraphicsLib.h in Headers */ = {isa = PBXBuildFile; fileRef = A951E3591599405A003C6038 /* IOGraphicsLib.h */; };
		A951E3A61599405A003C6038 /* IOGraphicsTypes.h in Headers */ = {isa = PBXBuildFile; fileRef = A951E35A1599405A003C6038 /* IOGraphicsTypes.h */; };
		A951E3A71599405A003C6038 /* IOHIDBase.h in Headers */ = {isa = PBXBuildFile; fileRef = A951E35C1599405A003C6038 /* IOHIDBase.h */; };
		A951E3A81599405A003C6038 /* IOHIDDevice.h in Headers */ = {isa = PBXBuildFile; fileRef = A951E35D1599405A003C6038 /* IOHIDDevice.h */; };
		A951E3A91599405A003C6038 /* IOHIDDevicePlugIn.h in Headers */ = {isa = PBXBuildFile; fileRef = A951E35E1599405A003C6038 /* IOHIDDevicePlugIn.h */; };
		A951E3AA1599405A003C6038 /* IOHIDElement.h in Headers */ = {isa = PBXBuildFile; fileRef = A951E35F1599405A003C6038 /* IOHIDElement.h */; };
		A951E3AB1599405A003C6038 /* IOHIDKeys.h in Headers */ = {isa = PBXBuildFile; fileRef = A951E3601599405A003C6038 /* IOHIDKeys.h */; };
		A951E3AC1599405A003C6038 /* IOHIDLib.h in Headers */ = {isa = PBXBuildFile; fileRef = A951E3611599405A003C6038 /* IOHIDLib.h */; };
		A951E3AD1599405A003C6038 /* IOHIDLibObsolete.h in Headers */ = {isa = PBXBuildFile; fileRef = A951E3621599405A003C6038 /* IOHIDLibObsolete.h */; };
		A951E3AE1599405A003C6038 /* IOHIDManager.h in Headers */ = {isa = PBXBuildFile; fileRef = A951E3631599405A003C6038 /* IOHIDManager.h */; };
		A951E3AF1599405A003C6038 /* IOHIDQueue.h in Headers */ = {isa = PBXBuildFile; fileRef = A951E3641599405A003C6038 /* IOHIDQueue.h */; };
		A951E3B01599405A003C6038 /* IOHIDTransaction.h in Headers */ = {isa = PBXBuildFile; fileRef = A951E3651599405A003C6038 /* IOHIDTransaction.h */; };
		A951E3B11599405A003C6038 /* IOHIDUsageTables.h in Headers */ = {isa = PBXBuildFile; fileRef = A951E3661599405A003C6038 /* IOHIDUsageTables.h */; };
		A951E3B21599405A003C6038 /* IOHIDUserDevice.h in Headers */ = {isa = PBXBuildFile; fileRef = A951E3671599405A003C6038 /* IOHIDUserDevice.h */; };
		A951E3B31599405A003C6038 /* IOHIDValue.h in Headers */ = {isa = PBXBuildFile; fileRef = A951E3681599405A003C6038 /* IOHIDValue.h */; };
		A951E3B41599405A003C6038 /* ev_keymap.h in Headers */ = {isa = PBXBuildFile; fileRef = A951E36A1599405A003C6038 /* ev_keymap.h */; };
		A951E3B51599405A003C6038 /* event_status_driver.h in Headers */ = {isa = PBXBuildFile; fileRef = A951E36B1599405A003C6038 /* event_status_driver.h */; };
		A951E3B61599405A003C6038 /* IOHIDLib.h in Headers */ = {isa = PBXBuildFile; fileRef = A951E36C1599405A003C6038 /* IOHIDLib.h */; };
		A951E3B71599405A003C6038 /* IOHIDParameter.h in Headers */ = {isa = PBXBuildFile; fileRef = A951E36D1599405A003C6038 /* IOHIDParameter.h */; };
		A951E3B81599405A003C6038 /* IOHIDShared.h in Headers */ = {isa = PBXBuildFile; fileRef = A951E36E1599405A003C6038 /* IOHIDShared.h */; };
		A951E3B91599405A003C6038 /* IOHIDTypes.h in Headers */ = {isa = PBXBuildFile; fileRef = A951E36F1599405A003C6038 /* IOHIDTypes.h */; };
		A951E3BA1599405A003C6038 /* IOLLEvent.h in Headers */ = {isa = PBXBuildFile; fileRef = A951E3701599405A003C6038 /* IOLLEvent.h */; };
		A951E3BB1599405A003C6038 /* IOBSD.h in Headers */ = {isa = PBXBuildFile; fileRef = A951E3711599405A003C6038 /* IOBSD.h */; };
		A951E3BC1599405A003C6038 /* IOCFBundle.h in Headers */ = {isa = PBXBuildFile; fileRef = A951E3721599405A003C6038 /* IOCFBundle.h */; };
		A951E3BD1599405A003C6038 /* IOCFPlugIn.h in Headers */ = {isa = PBXBuildFile; fileRef = A951E3731599405A003C6038 /* IOCFPlugIn.h */; };
		A951E3BE1599405A003C6038 /* IOCFSerialize.h in Headers */ = {isa = PBXBuildFile; fileRef = A951E3741599405A003C6038 /* IOCFSerialize.h */; };
		A951E3BF1599405A003C6038 /* IOCFUnserialize.h in Headers */ = {isa = PBXBuildFile; fileRef = A951E3751599405A003C6038 /* IOCFUnserialize.h */; };
		A951E3C01599405A003C6038 /* IOCFURLAccess.h in Headers */ = {isa = PBXBuildFile; fileRef = A951E3761599405A003C6038 /* IOCFURLAccess.h */; };
		A951E3C11599405A003C6038 /* IODataQueueClient.h in Headers */ = {isa = PBXBuildFile; fileRef = A951E3771599405A003C6038 /* IODataQueueClient.h */; };
		A951E3C21599405A003C6038 /* IODataQueueShared.h in Headers */ = {isa = PBXBuildFile; fileRef = A951E3781599405A003C6038 /* IODataQueueShared.h */; };
		A951E3C31599405A003C6038 /* IOKitKeys.h in Headers */ = {isa = PBXBuildFile; fileRef = A951E3791599405A003C6038 /* IOKitKeys.h */; };
		A951E3C41599405A003C6038 /* IOKitLib.h in Headers */ = {isa = PBXBuildFile; fileRef = A951E37A1599405A003C6038 /* IOKitLib.h */; };
		A951E3C51599405A003C6038 /* IOKitServer.h in Headers */ = {isa = PBXBuildFile; fileRef = A951E37B1599405A003C6038 /* IOKitServer.h */; };
		A951E3C61599405A003C6038 /* IOMessage.h in Headers */ = {isa = PBXBuildFile; fileRef = A951E37C1599405A003C6038 /* IOMessage.h */; };
		A951E3C71599405A003C6038 /* IOReturn.h in Headers */ = {isa = PBXBuildFile; fileRef = A951E37D1599405A003C6038 /* IOReturn.h */; };
		A951E3C81599405A003C6038 /* IOSharedLock.h in Headers */ = {isa = PBXBuildFile; fileRef = A951E37E1599405A003C6038 /* IOSharedLock.h */; };
		A951E3C91599405A003C6038 /* IOTypes.h in Headers */ = {isa = PBXBuildFile; fileRef = A951E37F1599405A003C6038 /* IOTypes.h */; };
		A951E3CA1599405A003C6038 /* KextManager.h in Headers */ = {isa = PBXBuildFile; fileRef = A951E3811599405A003C6038 /* KextManager.h */; };
		A951E3CB1599405A003C6038 /* IOEthernetController.h in Headers */ = {isa = PBXBuildFile; fileRef = A951E3831599405A003C6038 /* IOEthernetController.h */; };
		A951E3CC1599405A003C6038 /* IOEthernetInterface.h in Headers */ = {isa = PBXBuildFile; fileRef = A951E3841599405A003C6038 /* IOEthernetInterface.h */; };
		A951E3CD1599405A003C6038 /* IONetworkController.h in Headers */ = {isa = PBXBuildFile; fileRef = A951E3851599405A003C6038 /* IONetworkController.h */; };
		A951E3CE1599405A003C6038 /* IONetworkInterface.h in Headers */ = {isa = PBXBuildFile; fileRef = A951E3861599405A003C6038 /* IONetworkInterface.h */; };
		A951E3CF1599405A003C6038 /* IONetworkLib.h in Headers */ = {isa = PBXBuildFile; fileRef = A951E3871599405A003C6038 /* IONetworkLib.h */; };
		A951E3D01599405A003C6038 /* IOUserEthernetController.h in Headers */ = {isa = PBXBuildFile; fileRef = A951E3881599405A003C6038 /* IOUserEthernetController.h */; };
		A951E3D11599405A003C6038 /* OSMessageNotification.h in Headers */ = {isa = PBXBuildFile; fileRef = A951E3891599405A003C6038 /* OSMessageNotification.h */; };
		A951E3D21599405A003C6038 /* IOPowerSources.h in Headers */ = {isa = PBXBuildFile; fileRef = A951E38B1599405A003C6038 /* IOPowerSources.h */; };
		A951E3D31599405A003C6038 /* IOPSKeys.h in Headers */ = {isa = PBXBuildFile; fileRef = A951E38C1599405A003C6038 /* IOPSKeys.h */; };
		A951E3D41599405A003C6038 /* IOPM.h in Headers */ = {isa = PBXBuildFile; fileRef = A951E38E1599405A003C6038 /* IOPM.h */; };
		A951E3D51599405A003C6038 /* IOPMKeys.h in Headers */ = {isa = PBXBuildFile; fileRef = A951E38F1599405A003C6038 /* IOPMKeys.h */; };
		A951E3D61599405A003C6038 /* IOPMLib.h in Headers */ = {isa = PBXBuildFile; fileRef = A951E3901599405A003C6038 /* IOPMLib.h */; };
		A951E3D71599405A003C6038 /* IOPMLibDefs.h in Headers */ = {isa = PBXBuildFile; fileRef = A951E3911599405A003C6038 /* IOPMLibDefs.h */; };
		A951E3D81599405A003C6038 /* IOSerialKeys.h in Headers */ = {isa = PBXBuildFile; fileRef = A951E3931599405A003C6038 /* IOSerialKeys.h */; };
		A951E3D91599405A003C6038 /* IOMedia.h in Headers */ = {isa = PBXBuildFile; fileRef = A951E3951599405A003C6038 /* IOMedia.h */; };
		A951E3DA1599405A003C6038 /* IOStorageDeviceCharacteristics.h in Headers */ = {isa = PBXBuildFile; fileRef = A951E3961599405A003C6038 /* IOStorageDeviceCharacteristics.h */; };
		A951E3DB1599405A003C6038 /* IOStorageProtocolCharacteristics.h in Headers */ = {isa = PBXBuildFile; fileRef = A951E3971599405A003C6038 /* IOStorageProtocolCharacteristics.h */; };
		A951E3DC1599405A003C6038 /* IOUSBLib.h in Headers */ = {isa = PBXBuildFile; fileRef = A951E3991599405A003C6038 /* IOUSBLib.h */; };
		A951E3DD1599405A003C6038 /* USB.h in Headers */ = {isa = PBXBuildFile; fileRef = A951E39A1599405A003C6038 /* USB.h */; };
		A951E3DE1599405A003C6038 /* USBSpec.h in Headers */ = {isa = PBXBuildFile; fileRef = A951E39B1599405A003C6038 /* USBSpec.h */; };
		A96BE1E6153E156800D8BA2D /* DLPostVideoTask.h in Headers */ = {isa = PBXBuildFile; fileRef = A96BE1E4153E156800D8BA2D /* DLPostVideoTask.h */; };
		A96BE1E7153E156800D8BA2D /* DLPostVideoTask.m in Sources */ = {isa = PBXBuildFile; fileRef = A96BE1E5153E156800D8BA2D /* DLPostVideoTask.m */; };
		A98094571542A732002B2BCE /* DLReachability.h in Headers */ = {isa = PBXBuildFile; fileRef = A98094551542A732002B2BCE /* DLReachability.h */; };
		A98094581542A732002B2BCE /* DLReachability.m in Sources */ = {isa = PBXBuildFile; fileRef = A98094561542A732002B2BCE /* DLReachability.m */; };
		A980945F1542B221002B2BCE /* SystemConfiguration.framework in Frameworks */ = {isa = PBXBuildFile; fileRef = A980945E1542B221002B2BCE /* SystemConfiguration.framework */; };
		A9A9A3D01536EBBA00B6E4AB /* DLTaskController.h in Headers */ = {isa = PBXBuildFile; fileRef = A9A9A3CE1536EBBA00B6E4AB /* DLTaskController.h */; };
		A9A9A3D11536EBBA00B6E4AB /* DLTaskController.m in Sources */ = {isa = PBXBuildFile; fileRef = A9A9A3CF1536EBBA00B6E4AB /* DLTaskController.m */; };
		A9A9A3D815371A3E00B6E4AB /* UIKit.framework in Frameworks */ = {isa = PBXBuildFile; fileRef = A9A9A3D715371A3E00B6E4AB /* UIKit.framework */; };
		A9A9A3DB15371AE500B6E4AB /* DLRecordingContext.h in Headers */ = {isa = PBXBuildFile; fileRef = A9A9A3D915371AE500B6E4AB /* DLRecordingContext.h */; };
		A9A9A3DC15371AE500B6E4AB /* DLRecordingContext.m in Sources */ = {isa = PBXBuildFile; fileRef = A9A9A3DA15371AE500B6E4AB /* DLRecordingContext.m */; };
		A9A9A3E015371E7E00B6E4AB /* DLTask.h in Headers */ = {isa = PBXBuildFile; fileRef = A9A9A3DE15371E7E00B6E4AB /* DLTask.h */; };
		A9A9A3E115371E7E00B6E4AB /* DLTask.m in Sources */ = {isa = PBXBuildFile; fileRef = A9A9A3DF15371E7E00B6E4AB /* DLTask.m */; };
		A9A9A3E41537225F00B6E4AB /* DLGetNewSessionTask.h in Headers */ = {isa = PBXBuildFile; fileRef = A9A9A3E21537225F00B6E4AB /* DLGetNewSessionTask.h */; };
		A9A9A3E51537225F00B6E4AB /* DLGetNewSessionTask.m in Sources */ = {isa = PBXBuildFile; fileRef = A9A9A3E31537225F00B6E4AB /* DLGetNewSessionTask.m */; };
		A9A9A3E81537BE2F00B6E4AB /* DLUpdateSessionTask.h in Headers */ = {isa = PBXBuildFile; fileRef = A9A9A3E61537BE2F00B6E4AB /* DLUpdateSessionTask.h */; };
		A9A9A3E91537BE2F00B6E4AB /* DLUpdateSessionTask.m in Sources */ = {isa = PBXBuildFile; fileRef = A9A9A3E71537BE2F00B6E4AB /* DLUpdateSessionTask.m */; };
		A9A9A3EC1537BEB400B6E4AB /* DLUploadVideoFileTask.h in Headers */ = {isa = PBXBuildFile; fileRef = A9A9A3EA1537BEB400B6E4AB /* DLUploadVideoFileTask.h */; };
		A9A9A3ED1537BEB400B6E4AB /* DLUploadVideoFileTask.m in Sources */ = {isa = PBXBuildFile; fileRef = A9A9A3EB1537BEB400B6E4AB /* DLUploadVideoFileTask.m */; };
/* End PBXBuildFile section */

/* Begin PBXFileReference section */
		83149B2615337E5C00003862 /* DLScreenshotController.h */ = {isa = PBXFileReference; fileEncoding = 4; lastKnownFileType = sourcecode.c.h; path = DLScreenshotController.h; sourceTree = "<group>"; };
		83149B2715337E5C00003862 /* DLScreenshotController.m */ = {isa = PBXFileReference; fileEncoding = 4; lastKnownFileType = sourcecode.c.objc; path = DLScreenshotController.m; sourceTree = "<group>"; };
		83149B2B15338CC500003862 /* DLVideoEncoder.h */ = {isa = PBXFileReference; fileEncoding = 4; lastKnownFileType = sourcecode.c.h; path = DLVideoEncoder.h; sourceTree = "<group>"; };
		83149B2C15338CC500003862 /* DLVideoEncoder.m */ = {isa = PBXFileReference; fileEncoding = 4; lastKnownFileType = sourcecode.c.objc; path = DLVideoEncoder.m; sourceTree = "<group>"; };
		83186257159BA98300CFB45D /* IOMobileFramebuffer.h */ = {isa = PBXFileReference; fileEncoding = 4; lastKnownFileType = sourcecode.c.h; path = IOMobileFramebuffer.h; sourceTree = "<group>"; };
		8318625A159BAACD00CFB45D /* IOMobileFramebuffer.framework */ = {isa = PBXFileReference; lastKnownFileType = wrapper.framework; name = IOMobileFramebuffer.framework; path = System/Library/PrivateFrameworks/IOMobileFramebuffer.framework; sourceTree = SDKROOT; };
		832D1DAC1589626D004F2BD6 /* DLConstants.h */ = {isa = PBXFileReference; fileEncoding = 4; lastKnownFileType = sourcecode.c.h; path = DLConstants.h; sourceTree = "<group>"; };
		833B500B15670E690085552F /* DLMetrics.h */ = {isa = PBXFileReference; fileEncoding = 4; lastKnownFileType = sourcecode.c.h; path = DLMetrics.h; sourceTree = "<group>"; };
		833B500C15670E690085552F /* DLMetrics.m */ = {isa = PBXFileReference; fileEncoding = 4; lastKnownFileType = sourcecode.c.objc; path = DLMetrics.m; sourceTree = "<group>"; };
		836ABF251548D47400926A71 /* DLCamCaptureManager.h */ = {isa = PBXFileReference; fileEncoding = 4; lastKnownFileType = sourcecode.c.h; path = DLCamCaptureManager.h; sourceTree = "<group>"; };
		836ABF261548D47400926A71 /* DLCamCaptureManager.m */ = {isa = PBXFileReference; fileEncoding = 4; lastKnownFileType = sourcecode.c.objc; path = DLCamCaptureManager.m; sourceTree = "<group>"; };
		836ABF271548D47400926A71 /* DLCamRecorder.h */ = {isa = PBXFileReference; fileEncoding = 4; lastKnownFileType = sourcecode.c.h; path = DLCamRecorder.h; sourceTree = "<group>"; };
		836ABF281548D47400926A71 /* DLCamRecorder.m */ = {isa = PBXFileReference; fileEncoding = 4; lastKnownFileType = sourcecode.c.objc; path = DLCamRecorder.m; sourceTree = "<group>"; };
		838186FE1563156400608514 /* UITextField+DLPrivateView.h */ = {isa = PBXFileReference; fileEncoding = 4; lastKnownFileType = sourcecode.c.h; path = "UITextField+DLPrivateView.h"; sourceTree = "<group>"; };
		838186FF1563156400608514 /* UITextField+DLPrivateView.m */ = {isa = PBXFileReference; fileEncoding = 4; lastKnownFileType = sourcecode.c.objc; path = "UITextField+DLPrivateView.m"; sourceTree = "<group>"; };
		83827A531538BD81002EA080 /* DLGesture.h */ = {isa = PBXFileReference; fileEncoding = 4; lastKnownFileType = sourcecode.c.h; path = DLGesture.h; sourceTree = "<group>"; };
		83827A541538BD82002EA080 /* DLGesture.m */ = {isa = PBXFileReference; fileEncoding = 4; lastKnownFileType = sourcecode.c.objc; path = DLGesture.m; sourceTree = "<group>"; };
		8382935C1558A04F007C6CDA /* CALayer+DLThreadSafe.h */ = {isa = PBXFileReference; fileEncoding = 4; lastKnownFileType = sourcecode.c.h; path = "CALayer+DLThreadSafe.h"; sourceTree = "<group>"; };
		8382935D1558A04F007C6CDA /* CALayer+DLThreadSafe.m */ = {isa = PBXFileReference; fileEncoding = 4; lastKnownFileType = sourcecode.c.objc; path = "CALayer+DLThreadSafe.m"; sourceTree = "<group>"; };
		8385CA7D154768530057FC37 /* DLTouch.h */ = {isa = PBXFileReference; fileEncoding = 4; lastKnownFileType = sourcecode.c.h; path = DLTouch.h; sourceTree = "<group>"; };
		8385CA7E154768530057FC37 /* DLTouch.m */ = {isa = PBXFileReference; fileEncoding = 4; lastKnownFileType = sourcecode.c.objc; path = DLTouch.m; sourceTree = "<group>"; };
		8385CA811547688D0057FC37 /* DLOrientationChange.h */ = {isa = PBXFileReference; fileEncoding = 4; lastKnownFileType = sourcecode.c.h; path = DLOrientationChange.h; sourceTree = "<group>"; };
		8385CA821547688E0057FC37 /* DLOrientationChange.m */ = {isa = PBXFileReference; fileEncoding = 4; lastKnownFileType = sourcecode.c.objc; path = DLOrientationChange.m; sourceTree = "<group>"; };
		8386255F1593E49300F4660D /* IOSurfaceAccelerator.h */ = {isa = PBXFileReference; lastKnownFileType = sourcecode.c.h; path = IOSurfaceAccelerator.h; sourceTree = "<group>"; };
		8391626D1537C21000549347 /* DLGestureTracker.h */ = {isa = PBXFileReference; fileEncoding = 4; lastKnownFileType = sourcecode.c.h; path = DLGestureTracker.h; sourceTree = "<group>"; };
		8391626E1537C21000549347 /* DLGestureTracker.m */ = {isa = PBXFileReference; fileEncoding = 4; lastKnownFileType = sourcecode.c.objc; path = DLGestureTracker.m; sourceTree = "<group>"; };
		83995A88158ABEA600A41326 /* DLOpenGLVideoEncoder.h */ = {isa = PBXFileReference; fileEncoding = 4; lastKnownFileType = sourcecode.c.h; path = DLOpenGLVideoEncoder.h; sourceTree = "<group>"; };
		83995A89158ABEA600A41326 /* DLOpenGLVideoEncoder.m */ = {isa = PBXFileReference; fileEncoding = 4; lastKnownFileType = sourcecode.c.objc; path = DLOpenGLVideoEncoder.m; sourceTree = "<group>"; };
		83995A8C158AC08200A41326 /* DLUIKitVideoEncoder.h */ = {isa = PBXFileReference; fileEncoding = 4; lastKnownFileType = sourcecode.c.h; path = DLUIKitVideoEncoder.h; sourceTree = "<group>"; };
		83995A8D158AC08200A41326 /* DLUIKitVideoEncoder.m */ = {isa = PBXFileReference; fileEncoding = 4; lastKnownFileType = sourcecode.c.objc; path = DLUIKitVideoEncoder.m; sourceTree = "<group>"; };
		83B8968214EAEC68006D93C2 /* Delight.framework */ = {isa = PBXFileReference; explicitFileType = wrapper.framework.static; includeInIndex = 0; path = Delight.framework; sourceTree = BUILT_PRODUCTS_DIR; };
		83B8968514EAEC68006D93C2 /* Foundation.framework */ = {isa = PBXFileReference; lastKnownFileType = wrapper.framework; name = Foundation.framework; path = System/Library/Frameworks/Foundation.framework; sourceTree = SDKROOT; };
		83B8968914EAEC68006D93C2 /* Delight-Info.plist */ = {isa = PBXFileReference; lastKnownFileType = text.plist.xml; path = "Delight-Info.plist"; sourceTree = "<group>"; };
		83B8968B14EAEC68006D93C2 /* en */ = {isa = PBXFileReference; lastKnownFileType = text.plist.strings; name = en; path = en.lproj/InfoPlist.strings; sourceTree = "<group>"; };
		83B8968D14EAEC68006D93C2 /* Delight-Prefix.pch */ = {isa = PBXFileReference; lastKnownFileType = sourcecode.c.h; path = "Delight-Prefix.pch"; sourceTree = "<group>"; };
		83B8969314EAECD6006D93C2 /* Delight.h */ = {isa = PBXFileReference; fileEncoding = 4; lastKnownFileType = sourcecode.c.h; path = Delight.h; sourceTree = "<group>"; };
		83B8969414EAECD6006D93C2 /* Delight.m */ = {isa = PBXFileReference; fileEncoding = 4; lastKnownFileType = sourcecode.c.objc; path = Delight.m; sourceTree = "<group>"; };
		83B8969514EAECD6006D93C2 /* UIWindow+DLInterceptEvents.h */ = {isa = PBXFileReference; fileEncoding = 4; lastKnownFileType = sourcecode.c.h; path = "UIWindow+DLInterceptEvents.h"; sourceTree = "<group>"; };
		83B8969614EAECD6006D93C2 /* UIWindow+DLInterceptEvents.m */ = {isa = PBXFileReference; fileEncoding = 4; lastKnownFileType = sourcecode.c.objc; path = "UIWindow+DLInterceptEvents.m"; sourceTree = "<group>"; };
		83B896A914EAEFBF006D93C2 /* AssetsLibrary.framework */ = {isa = PBXFileReference; lastKnownFileType = wrapper.framework; name = AssetsLibrary.framework; path = System/Library/Frameworks/AssetsLibrary.framework; sourceTree = SDKROOT; };
		83B896AA14EAEFBF006D93C2 /* AVFoundation.framework */ = {isa = PBXFileReference; lastKnownFileType = wrapper.framework; name = AVFoundation.framework; path = System/Library/Frameworks/AVFoundation.framework; sourceTree = SDKROOT; };
		83B896AB14EAEFBF006D93C2 /* CoreGraphics.framework */ = {isa = PBXFileReference; lastKnownFileType = wrapper.framework; name = CoreGraphics.framework; path = System/Library/Frameworks/CoreGraphics.framework; sourceTree = SDKROOT; };
		83B896AC14EAEFBF006D93C2 /* CoreMedia.framework */ = {isa = PBXFileReference; lastKnownFileType = wrapper.framework; name = CoreMedia.framework; path = System/Library/Frameworks/CoreMedia.framework; sourceTree = SDKROOT; };
		83B896AD14EAEFBF006D93C2 /* CoreVideo.framework */ = {isa = PBXFileReference; lastKnownFileType = wrapper.framework; name = CoreVideo.framework; path = System/Library/Frameworks/CoreVideo.framework; sourceTree = SDKROOT; };
		83B896AE14EAEFBF006D93C2 /* QuartzCore.framework */ = {isa = PBXFileReference; lastKnownFileType = wrapper.framework; name = QuartzCore.framework; path = System/Library/Frameworks/QuartzCore.framework; sourceTree = SDKROOT; };
		83B896B614EAF090006D93C2 /* OpenGLES.framework */ = {isa = PBXFileReference; lastKnownFileType = wrapper.framework; name = OpenGLES.framework; path = System/Library/Frameworks/OpenGLES.framework; sourceTree = SDKROOT; };
		83E58A3215926AF200B01636 /* DLMobileFrameBufferVideoEncoder.h */ = {isa = PBXFileReference; fileEncoding = 4; lastKnownFileType = sourcecode.c.h; path = DLMobileFrameBufferVideoEncoder.h; sourceTree = "<group>"; };
		83E58A3315926AF200B01636 /* DLMobileFrameBufferVideoEncoder.m */ = {isa = PBXFileReference; fileEncoding = 4; lastKnownFileType = sourcecode.c.objc; path = DLMobileFrameBufferVideoEncoder.m; sourceTree = "<group>"; };
		83E58A4915926D8000B01636 /* IOSurface.framework */ = {isa = PBXFileReference; lastKnownFileType = wrapper.framework; name = IOSurface.framework; path = System/Library/PrivateFrameworks/IOSurface.framework; sourceTree = SDKROOT; };
		83EE860515916AF5003F7AFA /* IOSurface.h */ = {isa = PBXFileReference; fileEncoding = 4; lastKnownFileType = sourcecode.c.h; path = IOSurface.h; sourceTree = "<group>"; };
		83EE860615916AF5003F7AFA /* IOSurfaceAPI.h */ = {isa = PBXFileReference; fileEncoding = 4; lastKnownFileType = sourcecode.c.h; path = IOSurfaceAPI.h; sourceTree = "<group>"; };
		83EE860715916AF5003F7AFA /* IOSurfaceBase.h */ = {isa = PBXFileReference; fileEncoding = 4; lastKnownFileType = sourcecode.c.h; path = IOSurfaceBase.h; sourceTree = "<group>"; };
		A9508D311537E99B001853A0 /* DLTaskHeader.h */ = {isa = PBXFileReference; lastKnownFileType = sourcecode.c.h; path = DLTaskHeader.h; sourceTree = "<group>"; };
		A951E34F1599405A003C6038 /* IOAudioDefines.h */ = {isa = PBXFileReference; fileEncoding = 4; lastKnownFileType = sourcecode.c.h; path = IOAudioDefines.h; sourceTree = "<group>"; };
		A951E3501599405A003C6038 /* IOAudioLib.h */ = {isa = PBXFileReference; fileEncoding = 4; lastKnownFileType = sourcecode.c.h; path = IOAudioLib.h; sourceTree = "<group>"; };
		A951E3511599405A003C6038 /* IOAudioTypes.h */ = {isa = PBXFileReference; fileEncoding = 4; lastKnownFileType = sourcecode.c.h; path = IOAudioTypes.h; sourceTree = "<group>"; };
		A951E3531599405A003C6038 /* IOAccelClientConnect.h */ = {isa = PBXFileReference; fileEncoding = 4; lastKnownFileType = sourcecode.c.h; path = IOAccelClientConnect.h; sourceTree = "<group>"; };
		A951E3541599405A003C6038 /* IOAccelSurfaceConnect.h */ = {isa = PBXFileReference; fileEncoding = 4; lastKnownFileType = sourcecode.c.h; path = IOAccelSurfaceConnect.h; sourceTree = "<group>"; };
		A951E3551599405A003C6038 /* IOAccelTypes.h */ = {isa = PBXFileReference; fileEncoding = 4; lastKnownFileType = sourcecode.c.h; path = IOAccelTypes.h; sourceTree = "<group>"; };
		A951E3561599405A003C6038 /* IOFramebufferShared.h */ = {isa = PBXFileReference; fileEncoding = 4; lastKnownFileType = sourcecode.c.h; path = IOFramebufferShared.h; sourceTree = "<group>"; };
		A951E3571599405A003C6038 /* IOGraphicsInterface.h */ = {isa = PBXFileReference; fileEncoding = 4; lastKnownFileType = sourcecode.c.h; path = IOGraphicsInterface.h; sourceTree = "<group>"; };
		A951E3581599405A003C6038 /* IOGraphicsInterfaceTypes.h */ = {isa = PBXFileReference; fileEncoding = 4; lastKnownFileType = sourcecode.c.h; path = IOGraphicsInterfaceTypes.h; sourceTree = "<group>"; };
		A951E3591599405A003C6038 /* IOGraphicsLib.h */ = {isa = PBXFileReference; fileEncoding = 4; lastKnownFileType = sourcecode.c.h; path = IOGraphicsLib.h; sourceTree = "<group>"; };
		A951E35A1599405A003C6038 /* IOGraphicsTypes.h */ = {isa = PBXFileReference; fileEncoding = 4; lastKnownFileType = sourcecode.c.h; path = IOGraphicsTypes.h; sourceTree = "<group>"; };
		A951E35C1599405A003C6038 /* IOHIDBase.h */ = {isa = PBXFileReference; fileEncoding = 4; lastKnownFileType = sourcecode.c.h; path = IOHIDBase.h; sourceTree = "<group>"; };
		A951E35D1599405A003C6038 /* IOHIDDevice.h */ = {isa = PBXFileReference; fileEncoding = 4; lastKnownFileType = sourcecode.c.h; path = IOHIDDevice.h; sourceTree = "<group>"; };
		A951E35E1599405A003C6038 /* IOHIDDevicePlugIn.h */ = {isa = PBXFileReference; fileEncoding = 4; lastKnownFileType = sourcecode.c.h; path = IOHIDDevicePlugIn.h; sourceTree = "<group>"; };
		A951E35F1599405A003C6038 /* IOHIDElement.h */ = {isa = PBXFileReference; fileEncoding = 4; lastKnownFileType = sourcecode.c.h; path = IOHIDElement.h; sourceTree = "<group>"; };
		A951E3601599405A003C6038 /* IOHIDKeys.h */ = {isa = PBXFileReference; fileEncoding = 4; lastKnownFileType = sourcecode.c.h; path = IOHIDKeys.h; sourceTree = "<group>"; };
		A951E3611599405A003C6038 /* IOHIDLib.h */ = {isa = PBXFileReference; fileEncoding = 4; lastKnownFileType = sourcecode.c.h; path = IOHIDLib.h; sourceTree = "<group>"; };
		A951E3621599405A003C6038 /* IOHIDLibObsolete.h */ = {isa = PBXFileReference; fileEncoding = 4; lastKnownFileType = sourcecode.c.h; path = IOHIDLibObsolete.h; sourceTree = "<group>"; };
		A951E3631599405A003C6038 /* IOHIDManager.h */ = {isa = PBXFileReference; fileEncoding = 4; lastKnownFileType = sourcecode.c.h; path = IOHIDManager.h; sourceTree = "<group>"; };
		A951E3641599405A003C6038 /* IOHIDQueue.h */ = {isa = PBXFileReference; fileEncoding = 4; lastKnownFileType = sourcecode.c.h; path = IOHIDQueue.h; sourceTree = "<group>"; };
		A951E3651599405A003C6038 /* IOHIDTransaction.h */ = {isa = PBXFileReference; fileEncoding = 4; lastKnownFileType = sourcecode.c.h; path = IOHIDTransaction.h; sourceTree = "<group>"; };
		A951E3661599405A003C6038 /* IOHIDUsageTables.h */ = {isa = PBXFileReference; fileEncoding = 4; lastKnownFileType = sourcecode.c.h; path = IOHIDUsageTables.h; sourceTree = "<group>"; };
		A951E3671599405A003C6038 /* IOHIDUserDevice.h */ = {isa = PBXFileReference; fileEncoding = 4; lastKnownFileType = sourcecode.c.h; path = IOHIDUserDevice.h; sourceTree = "<group>"; };
		A951E3681599405A003C6038 /* IOHIDValue.h */ = {isa = PBXFileReference; fileEncoding = 4; lastKnownFileType = sourcecode.c.h; path = IOHIDValue.h; sourceTree = "<group>"; };
		A951E36A1599405A003C6038 /* ev_keymap.h */ = {isa = PBXFileReference; fileEncoding = 4; lastKnownFileType = sourcecode.c.h; path = ev_keymap.h; sourceTree = "<group>"; };
		A951E36B1599405A003C6038 /* event_status_driver.h */ = {isa = PBXFileReference; fileEncoding = 4; lastKnownFileType = sourcecode.c.h; path = event_status_driver.h; sourceTree = "<group>"; };
		A951E36C1599405A003C6038 /* IOHIDLib.h */ = {isa = PBXFileReference; fileEncoding = 4; lastKnownFileType = sourcecode.c.h; path = IOHIDLib.h; sourceTree = "<group>"; };
		A951E36D1599405A003C6038 /* IOHIDParameter.h */ = {isa = PBXFileReference; fileEncoding = 4; lastKnownFileType = sourcecode.c.h; path = IOHIDParameter.h; sourceTree = "<group>"; };
		A951E36E1599405A003C6038 /* IOHIDShared.h */ = {isa = PBXFileReference; fileEncoding = 4; lastKnownFileType = sourcecode.c.h; path = IOHIDShared.h; sourceTree = "<group>"; };
		A951E36F1599405A003C6038 /* IOHIDTypes.h */ = {isa = PBXFileReference; fileEncoding = 4; lastKnownFileType = sourcecode.c.h; path = IOHIDTypes.h; sourceTree = "<group>"; };
		A951E3701599405A003C6038 /* IOLLEvent.h */ = {isa = PBXFileReference; fileEncoding = 4; lastKnownFileType = sourcecode.c.h; path = IOLLEvent.h; sourceTree = "<group>"; };
		A951E3711599405A003C6038 /* IOBSD.h */ = {isa = PBXFileReference; fileEncoding = 4; lastKnownFileType = sourcecode.c.h; path = IOBSD.h; sourceTree = "<group>"; };
		A951E3721599405A003C6038 /* IOCFBundle.h */ = {isa = PBXFileReference; fileEncoding = 4; lastKnownFileType = sourcecode.c.h; path = IOCFBundle.h; sourceTree = "<group>"; };
		A951E3731599405A003C6038 /* IOCFPlugIn.h */ = {isa = PBXFileReference; fileEncoding = 4; lastKnownFileType = sourcecode.c.h; path = IOCFPlugIn.h; sourceTree = "<group>"; };
		A951E3741599405A003C6038 /* IOCFSerialize.h */ = {isa = PBXFileReference; fileEncoding = 4; lastKnownFileType = sourcecode.c.h; path = IOCFSerialize.h; sourceTree = "<group>"; };
		A951E3751599405A003C6038 /* IOCFUnserialize.h */ = {isa = PBXFileReference; fileEncoding = 4; lastKnownFileType = sourcecode.c.h; path = IOCFUnserialize.h; sourceTree = "<group>"; };
		A951E3761599405A003C6038 /* IOCFURLAccess.h */ = {isa = PBXFileReference; fileEncoding = 4; lastKnownFileType = sourcecode.c.h; path = IOCFURLAccess.h; sourceTree = "<group>"; };
		A951E3771599405A003C6038 /* IODataQueueClient.h */ = {isa = PBXFileReference; fileEncoding = 4; lastKnownFileType = sourcecode.c.h; path = IODataQueueClient.h; sourceTree = "<group>"; };
		A951E3781599405A003C6038 /* IODataQueueShared.h */ = {isa = PBXFileReference; fileEncoding = 4; lastKnownFileType = sourcecode.c.h; path = IODataQueueShared.h; sourceTree = "<group>"; };
		A951E3791599405A003C6038 /* IOKitKeys.h */ = {isa = PBXFileReference; fileEncoding = 4; lastKnownFileType = sourcecode.c.h; path = IOKitKeys.h; sourceTree = "<group>"; };
		A951E37A1599405A003C6038 /* IOKitLib.h */ = {isa = PBXFileReference; fileEncoding = 4; lastKnownFileType = sourcecode.c.h; path = IOKitLib.h; sourceTree = "<group>"; };
		A951E37B1599405A003C6038 /* IOKitServer.h */ = {isa = PBXFileReference; fileEncoding = 4; lastKnownFileType = sourcecode.c.h; path = IOKitServer.h; sourceTree = "<group>"; };
		A951E37C1599405A003C6038 /* IOMessage.h */ = {isa = PBXFileReference; fileEncoding = 4; lastKnownFileType = sourcecode.c.h; path = IOMessage.h; sourceTree = "<group>"; };
		A951E37D1599405A003C6038 /* IOReturn.h */ = {isa = PBXFileReference; fileEncoding = 4; lastKnownFileType = sourcecode.c.h; path = IOReturn.h; sourceTree = "<group>"; };
		A951E37E1599405A003C6038 /* IOSharedLock.h */ = {isa = PBXFileReference; fileEncoding = 4; lastKnownFileType = sourcecode.c.h; path = IOSharedLock.h; sourceTree = "<group>"; };
		A951E37F1599405A003C6038 /* IOTypes.h */ = {isa = PBXFileReference; fileEncoding = 4; lastKnownFileType = sourcecode.c.h; path = IOTypes.h; sourceTree = "<group>"; };
		A951E3811599405A003C6038 /* KextManager.h */ = {isa = PBXFileReference; fileEncoding = 4; lastKnownFileType = sourcecode.c.h; path = KextManager.h; sourceTree = "<group>"; };
		A951E3831599405A003C6038 /* IOEthernetController.h */ = {isa = PBXFileReference; fileEncoding = 4; lastKnownFileType = sourcecode.c.h; path = IOEthernetController.h; sourceTree = "<group>"; };
		A951E3841599405A003C6038 /* IOEthernetInterface.h */ = {isa = PBXFileReference; fileEncoding = 4; lastKnownFileType = sourcecode.c.h; path = IOEthernetInterface.h; sourceTree = "<group>"; };
		A951E3851599405A003C6038 /* IONetworkController.h */ = {isa = PBXFileReference; fileEncoding = 4; lastKnownFileType = sourcecode.c.h; path = IONetworkController.h; sourceTree = "<group>"; };
		A951E3861599405A003C6038 /* IONetworkInterface.h */ = {isa = PBXFileReference; fileEncoding = 4; lastKnownFileType = sourcecode.c.h; path = IONetworkInterface.h; sourceTree = "<group>"; };
		A951E3871599405A003C6038 /* IONetworkLib.h */ = {isa = PBXFileReference; fileEncoding = 4; lastKnownFileType = sourcecode.c.h; path = IONetworkLib.h; sourceTree = "<group>"; };
		A951E3881599405A003C6038 /* IOUserEthernetController.h */ = {isa = PBXFileReference; fileEncoding = 4; lastKnownFileType = sourcecode.c.h; path = IOUserEthernetController.h; sourceTree = "<group>"; };
		A951E3891599405A003C6038 /* OSMessageNotification.h */ = {isa = PBXFileReference; fileEncoding = 4; lastKnownFileType = sourcecode.c.h; path = OSMessageNotification.h; sourceTree = "<group>"; };
		A951E38B1599405A003C6038 /* IOPowerSources.h */ = {isa = PBXFileReference; fileEncoding = 4; lastKnownFileType = sourcecode.c.h; path = IOPowerSources.h; sourceTree = "<group>"; };
		A951E38C1599405A003C6038 /* IOPSKeys.h */ = {isa = PBXFileReference; fileEncoding = 4; lastKnownFileType = sourcecode.c.h; path = IOPSKeys.h; sourceTree = "<group>"; };
		A951E38E1599405A003C6038 /* IOPM.h */ = {isa = PBXFileReference; fileEncoding = 4; lastKnownFileType = sourcecode.c.h; path = IOPM.h; sourceTree = "<group>"; };
		A951E38F1599405A003C6038 /* IOPMKeys.h */ = {isa = PBXFileReference; fileEncoding = 4; lastKnownFileType = sourcecode.c.h; path = IOPMKeys.h; sourceTree = "<group>"; };
		A951E3901599405A003C6038 /* IOPMLib.h */ = {isa = PBXFileReference; fileEncoding = 4; lastKnownFileType = sourcecode.c.h; path = IOPMLib.h; sourceTree = "<group>"; };
		A951E3911599405A003C6038 /* IOPMLibDefs.h */ = {isa = PBXFileReference; fileEncoding = 4; lastKnownFileType = sourcecode.c.h; path = IOPMLibDefs.h; sourceTree = "<group>"; };
		A951E3931599405A003C6038 /* IOSerialKeys.h */ = {isa = PBXFileReference; fileEncoding = 4; lastKnownFileType = sourcecode.c.h; path = IOSerialKeys.h; sourceTree = "<group>"; };
		A951E3951599405A003C6038 /* IOMedia.h */ = {isa = PBXFileReference; fileEncoding = 4; lastKnownFileType = sourcecode.c.h; path = IOMedia.h; sourceTree = "<group>"; };
		A951E3961599405A003C6038 /* IOStorageDeviceCharacteristics.h */ = {isa = PBXFileReference; fileEncoding = 4; lastKnownFileType = sourcecode.c.h; path = IOStorageDeviceCharacteristics.h; sourceTree = "<group>"; };
		A951E3971599405A003C6038 /* IOStorageProtocolCharacteristics.h */ = {isa = PBXFileReference; fileEncoding = 4; lastKnownFileType = sourcecode.c.h; path = IOStorageProtocolCharacteristics.h; sourceTree = "<group>"; };
		A951E3991599405A003C6038 /* IOUSBLib.h */ = {isa = PBXFileReference; fileEncoding = 4; lastKnownFileType = sourcecode.c.h; path = IOUSBLib.h; sourceTree = "<group>"; };
		A951E39A1599405A003C6038 /* USB.h */ = {isa = PBXFileReference; fileEncoding = 4; lastKnownFileType = sourcecode.c.h; path = USB.h; sourceTree = "<group>"; };
		A951E39B1599405A003C6038 /* USBSpec.h */ = {isa = PBXFileReference; fileEncoding = 4; lastKnownFileType = sourcecode.c.h; path = USBSpec.h; sourceTree = "<group>"; };
		A951E3DF1599408C003C6038 /* libIOKit.dylib */ = {isa = PBXFileReference; lastKnownFileType = "compiled.mach-o.dylib"; name = libIOKit.dylib; path = usr/lib/libIOKit.dylib; sourceTree = SDKROOT; };
		A96BE1E4153E156800D8BA2D /* DLPostVideoTask.h */ = {isa = PBXFileReference; fileEncoding = 4; lastKnownFileType = sourcecode.c.h; path = DLPostVideoTask.h; sourceTree = "<group>"; };
		A96BE1E5153E156800D8BA2D /* DLPostVideoTask.m */ = {isa = PBXFileReference; fileEncoding = 4; lastKnownFileType = sourcecode.c.objc; path = DLPostVideoTask.m; sourceTree = "<group>"; };
		A98094551542A732002B2BCE /* DLReachability.h */ = {isa = PBXFileReference; fileEncoding = 4; lastKnownFileType = sourcecode.c.h; path = DLReachability.h; sourceTree = "<group>"; };
		A98094561542A732002B2BCE /* DLReachability.m */ = {isa = PBXFileReference; fileEncoding = 4; lastKnownFileType = sourcecode.c.objc; path = DLReachability.m; sourceTree = "<group>"; };
		A980945E1542B221002B2BCE /* SystemConfiguration.framework */ = {isa = PBXFileReference; lastKnownFileType = wrapper.framework; name = SystemConfiguration.framework; path = System/Library/Frameworks/SystemConfiguration.framework; sourceTree = SDKROOT; };
		A9A9A3CE1536EBBA00B6E4AB /* DLTaskController.h */ = {isa = PBXFileReference; fileEncoding = 4; lastKnownFileType = sourcecode.c.h; path = DLTaskController.h; sourceTree = "<group>"; };
		A9A9A3CF1536EBBA00B6E4AB /* DLTaskController.m */ = {isa = PBXFileReference; fileEncoding = 4; lastKnownFileType = sourcecode.c.objc; path = DLTaskController.m; sourceTree = "<group>"; };
		A9A9A3D715371A3E00B6E4AB /* UIKit.framework */ = {isa = PBXFileReference; lastKnownFileType = wrapper.framework; name = UIKit.framework; path = System/Library/Frameworks/UIKit.framework; sourceTree = SDKROOT; };
		A9A9A3D915371AE500B6E4AB /* DLRecordingContext.h */ = {isa = PBXFileReference; fileEncoding = 4; lastKnownFileType = sourcecode.c.h; path = DLRecordingContext.h; sourceTree = "<group>"; };
		A9A9A3DA15371AE500B6E4AB /* DLRecordingContext.m */ = {isa = PBXFileReference; fileEncoding = 4; lastKnownFileType = sourcecode.c.objc; path = DLRecordingContext.m; sourceTree = "<group>"; };
		A9A9A3DE15371E7E00B6E4AB /* DLTask.h */ = {isa = PBXFileReference; fileEncoding = 4; lastKnownFileType = sourcecode.c.h; path = DLTask.h; sourceTree = "<group>"; };
		A9A9A3DF15371E7E00B6E4AB /* DLTask.m */ = {isa = PBXFileReference; fileEncoding = 4; lastKnownFileType = sourcecode.c.objc; path = DLTask.m; sourceTree = "<group>"; };
		A9A9A3E21537225F00B6E4AB /* DLGetNewSessionTask.h */ = {isa = PBXFileReference; fileEncoding = 4; lastKnownFileType = sourcecode.c.h; path = DLGetNewSessionTask.h; sourceTree = "<group>"; };
		A9A9A3E31537225F00B6E4AB /* DLGetNewSessionTask.m */ = {isa = PBXFileReference; fileEncoding = 4; lastKnownFileType = sourcecode.c.objc; path = DLGetNewSessionTask.m; sourceTree = "<group>"; };
		A9A9A3E61537BE2F00B6E4AB /* DLUpdateSessionTask.h */ = {isa = PBXFileReference; fileEncoding = 4; lastKnownFileType = sourcecode.c.h; path = DLUpdateSessionTask.h; sourceTree = "<group>"; };
		A9A9A3E71537BE2F00B6E4AB /* DLUpdateSessionTask.m */ = {isa = PBXFileReference; fileEncoding = 4; lastKnownFileType = sourcecode.c.objc; path = DLUpdateSessionTask.m; sourceTree = "<group>"; };
		A9A9A3EA1537BEB400B6E4AB /* DLUploadVideoFileTask.h */ = {isa = PBXFileReference; fileEncoding = 4; lastKnownFileType = sourcecode.c.h; path = DLUploadVideoFileTask.h; sourceTree = "<group>"; };
		A9A9A3EB1537BEB400B6E4AB /* DLUploadVideoFileTask.m */ = {isa = PBXFileReference; fileEncoding = 4; lastKnownFileType = sourcecode.c.objc; path = DLUploadVideoFileTask.m; sourceTree = "<group>"; };
/* End PBXFileReference section */

/* Begin PBXFrameworksBuildPhase section */
		83B8967C14EAEC68006D93C2 /* Frameworks */ = {
			isa = PBXFrameworksBuildPhase;
			buildActionMask = 2147483647;
			files = (
				A980945F1542B221002B2BCE /* SystemConfiguration.framework in Frameworks */,
				A9A9A3D815371A3E00B6E4AB /* UIKit.framework in Frameworks */,
				83B896B714EAF090006D93C2 /* OpenGLES.framework in Frameworks */,
				83B896AF14EAEFBF006D93C2 /* AssetsLibrary.framework in Frameworks */,
				83B896B014EAEFBF006D93C2 /* AVFoundation.framework in Frameworks */,
				83B896B214EAEFBF006D93C2 /* CoreMedia.framework in Frameworks */,
				83B896B114EAEFBF006D93C2 /* CoreGraphics.framework in Frameworks */,
				83B896B314EAEFBF006D93C2 /* CoreVideo.framework in Frameworks */,
				83B896B414EAEFBF006D93C2 /* QuartzCore.framework in Frameworks */,
				83B8968614EAEC68006D93C2 /* Foundation.framework in Frameworks */,
				83E58A4C15926D8000B01636 /* IOSurface.framework in Frameworks */,
				8318625B159BAACD00CFB45D /* IOMobileFramebuffer.framework in Frameworks */,
			);
			runOnlyForDeploymentPostprocessing = 0;
		};
/* End PBXFrameworksBuildPhase section */

/* Begin PBXGroup section */
		83186256159BA98300CFB45D /* IOMobileFramebuffer */ = {
			isa = PBXGroup;
			children = (
				83186257159BA98300CFB45D /* IOMobileFramebuffer.h */,
			);
			path = IOMobileFramebuffer;
			sourceTree = "<group>";
		};
		836ABF241548D47400926A71 /* Camera */ = {
			isa = PBXGroup;
			children = (
				836ABF251548D47400926A71 /* DLCamCaptureManager.h */,
				836ABF261548D47400926A71 /* DLCamCaptureManager.m */,
				836ABF271548D47400926A71 /* DLCamRecorder.h */,
				836ABF281548D47400926A71 /* DLCamRecorder.m */,
			);
			path = Camera;
			sourceTree = "<group>";
		};
		838293611558A054007C6CDA /* Categories */ = {
			isa = PBXGroup;
			children = (
				83B8969514EAECD6006D93C2 /* UIWindow+DLInterceptEvents.h */,
				83B8969614EAECD6006D93C2 /* UIWindow+DLInterceptEvents.m */,
				8382935C1558A04F007C6CDA /* CALayer+DLThreadSafe.h */,
				8382935D1558A04F007C6CDA /* CALayer+DLThreadSafe.m */,
				838186FE1563156400608514 /* UITextField+DLPrivateView.h */,
				838186FF1563156400608514 /* UITextField+DLPrivateView.m */,
			);
			name = Categories;
			sourceTree = "<group>";
		};
		8385CA7B154768360057FC37 /* Gestures */ = {
			isa = PBXGroup;
			children = (
				8391626D1537C21000549347 /* DLGestureTracker.h */,
				8391626E1537C21000549347 /* DLGestureTracker.m */,
				83827A531538BD81002EA080 /* DLGesture.h */,
				83827A541538BD82002EA080 /* DLGesture.m */,
				8385CA811547688D0057FC37 /* DLOrientationChange.h */,
				8385CA821547688E0057FC37 /* DLOrientationChange.m */,
				8385CA7D154768530057FC37 /* DLTouch.h */,
				8385CA7E154768530057FC37 /* DLTouch.m */,
			);
			name = Gestures;
			sourceTree = "<group>";
		};
		83995A90158AC17B00A41326 /* Encoder */ = {
			isa = PBXGroup;
			children = (
				A951E34D1599405A003C6038 /* IOKit */,
				83186256159BA98300CFB45D /* IOMobileFramebuffer */,
				83EE860415916AF5003F7AFA /* IOSurface */,
				83149B2B15338CC500003862 /* DLVideoEncoder.h */,
				83149B2C15338CC500003862 /* DLVideoEncoder.m */,
				83995A8C158AC08200A41326 /* DLUIKitVideoEncoder.h */,
				83995A8D158AC08200A41326 /* DLUIKitVideoEncoder.m */,
				83995A88158ABEA600A41326 /* DLOpenGLVideoEncoder.h */,
				83995A89158ABEA600A41326 /* DLOpenGLVideoEncoder.m */,
				83E58A3215926AF200B01636 /* DLMobileFrameBufferVideoEncoder.h */,
				83E58A3315926AF200B01636 /* DLMobileFrameBufferVideoEncoder.m */,
			);
			name = Encoder;
			sourceTree = "<group>";
		};
		83B8967314EAEC68006D93C2 = {
			isa = PBXGroup;
			children = (
				83B8968714EAEC68006D93C2 /* Delight */,
				83B8968414EAEC68006D93C2 /* Frameworks */,
				83B8968314EAEC68006D93C2 /* Products */,
			);
			sourceTree = "<group>";
		};
		83B8968314EAEC68006D93C2 /* Products */ = {
			isa = PBXGroup;
			children = (
				83B8968214EAEC68006D93C2 /* Delight.framework */,
			);
			name = Products;
			sourceTree = "<group>";
		};
		83B8968414EAEC68006D93C2 /* Frameworks */ = {
			isa = PBXGroup;
			children = (
				A951E3DF1599408C003C6038 /* libIOKit.dylib */,
				8318625A159BAACD00CFB45D /* IOMobileFramebuffer.framework */,
				83E58A4915926D8000B01636 /* IOSurface.framework */,
				A980945E1542B221002B2BCE /* SystemConfiguration.framework */,
				A9A9A3D715371A3E00B6E4AB /* UIKit.framework */,
				83B896B614EAF090006D93C2 /* OpenGLES.framework */,
				83B896A914EAEFBF006D93C2 /* AssetsLibrary.framework */,
				83B896AA14EAEFBF006D93C2 /* AVFoundation.framework */,
				83B896AB14EAEFBF006D93C2 /* CoreGraphics.framework */,
				83B896AC14EAEFBF006D93C2 /* CoreMedia.framework */,
				83B896AD14EAEFBF006D93C2 /* CoreVideo.framework */,
				83B896AE14EAEFBF006D93C2 /* QuartzCore.framework */,
				83B8968514EAEC68006D93C2 /* Foundation.framework */,
			);
			name = Frameworks;
			sourceTree = "<group>";
		};
		83B8968714EAEC68006D93C2 /* Delight */ = {
			isa = PBXGroup;
			children = (
				836ABF241548D47400926A71 /* Camera */,
				838293611558A054007C6CDA /* Categories */,
				A9A9A3CC1536EA3600B6E4AB /* Utility */,
				83995A90158AC17B00A41326 /* Encoder */,
				8385CA7B154768360057FC37 /* Gestures */,
				83B8969314EAECD6006D93C2 /* Delight.h */,
				83B8969414EAECD6006D93C2 /* Delight.m */,
				832D1DAC1589626D004F2BD6 /* DLConstants.h */,
				83149B2615337E5C00003862 /* DLScreenshotController.h */,
				83149B2715337E5C00003862 /* DLScreenshotController.m */,
				83B8968814EAEC68006D93C2 /* Supporting Files */,
			);
			path = Delight;
			sourceTree = "<group>";
		};
		83B8968814EAEC68006D93C2 /* Supporting Files */ = {
			isa = PBXGroup;
			children = (
				83B8968914EAEC68006D93C2 /* Delight-Info.plist */,
				83B8968A14EAEC68006D93C2 /* InfoPlist.strings */,
				83B8968D14EAEC68006D93C2 /* Delight-Prefix.pch */,
			);
			name = "Supporting Files";
			sourceTree = "<group>";
		};
		83EE860415916AF5003F7AFA /* IOSurface */ = {
			isa = PBXGroup;
			children = (
				83EE860515916AF5003F7AFA /* IOSurface.h */,
				83EE860615916AF5003F7AFA /* IOSurfaceAPI.h */,
				83EE860715916AF5003F7AFA /* IOSurfaceBase.h */,
				8386255F1593E49300F4660D /* IOSurfaceAccelerator.h */,
			);
			path = IOSurface;
			sourceTree = "<group>";
		};
		A951E34D1599405A003C6038 /* IOKit */ = {
			isa = PBXGroup;
			children = (
				A951E34E1599405A003C6038 /* audio */,
				A951E3521599405A003C6038 /* graphics */,
				A951E35B1599405A003C6038 /* hid */,
				A951E3691599405A003C6038 /* hidsystem */,
				A951E3711599405A003C6038 /* IOBSD.h */,
				A951E3721599405A003C6038 /* IOCFBundle.h */,
				A951E3731599405A003C6038 /* IOCFPlugIn.h */,
				A951E3741599405A003C6038 /* IOCFSerialize.h */,
				A951E3751599405A003C6038 /* IOCFUnserialize.h */,
				A951E3761599405A003C6038 /* IOCFURLAccess.h */,
				A951E3771599405A003C6038 /* IODataQueueClient.h */,
				A951E3781599405A003C6038 /* IODataQueueShared.h */,
				A951E3791599405A003C6038 /* IOKitKeys.h */,
				A951E37A1599405A003C6038 /* IOKitLib.h */,
				A951E37B1599405A003C6038 /* IOKitServer.h */,
				A951E37C1599405A003C6038 /* IOMessage.h */,
				A951E37D1599405A003C6038 /* IOReturn.h */,
				A951E37E1599405A003C6038 /* IOSharedLock.h */,
				A951E37F1599405A003C6038 /* IOTypes.h */,
				A951E3801599405A003C6038 /* kext */,
				A951E3821599405A003C6038 /* network */,
				A951E3891599405A003C6038 /* OSMessageNotification.h */,
				A951E38A1599405A003C6038 /* ps */,
				A951E38D1599405A003C6038 /* pwr_mgt */,
				A951E3921599405A003C6038 /* serial */,
				A951E3941599405A003C6038 /* storage */,
				A951E3981599405A003C6038 /* usb */,
			);
			path = IOKit;
			sourceTree = "<group>";
		};
		A951E34E1599405A003C6038 /* audio */ = {
			isa = PBXGroup;
			children = (
				A951E34F1599405A003C6038 /* IOAudioDefines.h */,
				A951E3501599405A003C6038 /* IOAudioLib.h */,
				A951E3511599405A003C6038 /* IOAudioTypes.h */,
			);
			path = audio;
			sourceTree = "<group>";
		};
		A951E3521599405A003C6038 /* graphics */ = {
			isa = PBXGroup;
			children = (
				A951E3531599405A003C6038 /* IOAccelClientConnect.h */,
				A951E3541599405A003C6038 /* IOAccelSurfaceConnect.h */,
				A951E3551599405A003C6038 /* IOAccelTypes.h */,
				A951E3561599405A003C6038 /* IOFramebufferShared.h */,
				A951E3571599405A003C6038 /* IOGraphicsInterface.h */,
				A951E3581599405A003C6038 /* IOGraphicsInterfaceTypes.h */,
				A951E3591599405A003C6038 /* IOGraphicsLib.h */,
				A951E35A1599405A003C6038 /* IOGraphicsTypes.h */,
			);
			path = graphics;
			sourceTree = "<group>";
		};
		A951E35B1599405A003C6038 /* hid */ = {
			isa = PBXGroup;
			children = (
				A951E35C1599405A003C6038 /* IOHIDBase.h */,
				A951E35D1599405A003C6038 /* IOHIDDevice.h */,
				A951E35E1599405A003C6038 /* IOHIDDevicePlugIn.h */,
				A951E35F1599405A003C6038 /* IOHIDElement.h */,
				A951E3601599405A003C6038 /* IOHIDKeys.h */,
				A951E3611599405A003C6038 /* IOHIDLib.h */,
				A951E3621599405A003C6038 /* IOHIDLibObsolete.h */,
				A951E3631599405A003C6038 /* IOHIDManager.h */,
				A951E3641599405A003C6038 /* IOHIDQueue.h */,
				A951E3651599405A003C6038 /* IOHIDTransaction.h */,
				A951E3661599405A003C6038 /* IOHIDUsageTables.h */,
				A951E3671599405A003C6038 /* IOHIDUserDevice.h */,
				A951E3681599405A003C6038 /* IOHIDValue.h */,
			);
			path = hid;
			sourceTree = "<group>";
		};
		A951E3691599405A003C6038 /* hidsystem */ = {
			isa = PBXGroup;
			children = (
				A951E36A1599405A003C6038 /* ev_keymap.h */,
				A951E36B1599405A003C6038 /* event_status_driver.h */,
				A951E36C1599405A003C6038 /* IOHIDLib.h */,
				A951E36D1599405A003C6038 /* IOHIDParameter.h */,
				A951E36E1599405A003C6038 /* IOHIDShared.h */,
				A951E36F1599405A003C6038 /* IOHIDTypes.h */,
				A951E3701599405A003C6038 /* IOLLEvent.h */,
			);
			path = hidsystem;
			sourceTree = "<group>";
		};
		A951E3801599405A003C6038 /* kext */ = {
			isa = PBXGroup;
			children = (
				A951E3811599405A003C6038 /* KextManager.h */,
			);
			path = kext;
			sourceTree = "<group>";
		};
		A951E3821599405A003C6038 /* network */ = {
			isa = PBXGroup;
			children = (
				A951E3831599405A003C6038 /* IOEthernetController.h */,
				A951E3841599405A003C6038 /* IOEthernetInterface.h */,
				A951E3851599405A003C6038 /* IONetworkController.h */,
				A951E3861599405A003C6038 /* IONetworkInterface.h */,
				A951E3871599405A003C6038 /* IONetworkLib.h */,
				A951E3881599405A003C6038 /* IOUserEthernetController.h */,
			);
			path = network;
			sourceTree = "<group>";
		};
		A951E38A1599405A003C6038 /* ps */ = {
			isa = PBXGroup;
			children = (
				A951E38B1599405A003C6038 /* IOPowerSources.h */,
				A951E38C1599405A003C6038 /* IOPSKeys.h */,
			);
			path = ps;
			sourceTree = "<group>";
		};
		A951E38D1599405A003C6038 /* pwr_mgt */ = {
			isa = PBXGroup;
			children = (
				A951E38E1599405A003C6038 /* IOPM.h */,
				A951E38F1599405A003C6038 /* IOPMKeys.h */,
				A951E3901599405A003C6038 /* IOPMLib.h */,
				A951E3911599405A003C6038 /* IOPMLibDefs.h */,
			);
			path = pwr_mgt;
			sourceTree = "<group>";
		};
		A951E3921599405A003C6038 /* serial */ = {
			isa = PBXGroup;
			children = (
				A951E3931599405A003C6038 /* IOSerialKeys.h */,
			);
			path = serial;
			sourceTree = "<group>";
		};
		A951E3941599405A003C6038 /* storage */ = {
			isa = PBXGroup;
			children = (
				A951E3951599405A003C6038 /* IOMedia.h */,
				A951E3961599405A003C6038 /* IOStorageDeviceCharacteristics.h */,
				A951E3971599405A003C6038 /* IOStorageProtocolCharacteristics.h */,
			);
			path = storage;
			sourceTree = "<group>";
		};
		A951E3981599405A003C6038 /* usb */ = {
			isa = PBXGroup;
			children = (
				A951E3991599405A003C6038 /* IOUSBLib.h */,
				A951E39A1599405A003C6038 /* USB.h */,
				A951E39B1599405A003C6038 /* USBSpec.h */,
			);
			path = usb;
			sourceTree = "<group>";
		};
		A9A9A3CC1536EA3600B6E4AB /* Utility */ = {
			isa = PBXGroup;
			children = (
				A9A9A3DD15371E6A00B6E4AB /* Tasks */,
				A98094551542A732002B2BCE /* DLReachability.h */,
				A98094561542A732002B2BCE /* DLReachability.m */,
				A9A9A3CE1536EBBA00B6E4AB /* DLTaskController.h */,
				A9A9A3CF1536EBBA00B6E4AB /* DLTaskController.m */,
				A9A9A3D915371AE500B6E4AB /* DLRecordingContext.h */,
				A9A9A3DA15371AE500B6E4AB /* DLRecordingContext.m */,
				833B500B15670E690085552F /* DLMetrics.h */,
				833B500C15670E690085552F /* DLMetrics.m */,
			);
			path = Utility;
			sourceTree = "<group>";
		};
		A9A9A3DD15371E6A00B6E4AB /* Tasks */ = {
			isa = PBXGroup;
			children = (
				A9508D311537E99B001853A0 /* DLTaskHeader.h */,
				A9A9A3DE15371E7E00B6E4AB /* DLTask.h */,
				A9A9A3DF15371E7E00B6E4AB /* DLTask.m */,
				A9A9A3E21537225F00B6E4AB /* DLGetNewSessionTask.h */,
				A9A9A3E31537225F00B6E4AB /* DLGetNewSessionTask.m */,
				A9A9A3E61537BE2F00B6E4AB /* DLUpdateSessionTask.h */,
				A9A9A3E71537BE2F00B6E4AB /* DLUpdateSessionTask.m */,
				A9A9A3EA1537BEB400B6E4AB /* DLUploadVideoFileTask.h */,
				A9A9A3EB1537BEB400B6E4AB /* DLUploadVideoFileTask.m */,
				A96BE1E4153E156800D8BA2D /* DLPostVideoTask.h */,
				A96BE1E5153E156800D8BA2D /* DLPostVideoTask.m */,
			);
			path = Tasks;
			sourceTree = "<group>";
		};
/* End PBXGroup section */

/* Begin PBXHeadersBuildPhase section */
		83B8967D14EAEC68006D93C2 /* Headers */ = {
			isa = PBXHeadersBuildPhase;
			buildActionMask = 2147483647;
			files = (
				83B8969914EAECD6006D93C2 /* Delight.h in Headers */,
				83B8969B14EAECD6006D93C2 /* UIWindow+DLInterceptEvents.h in Headers */,
				A9A9A3D01536EBBA00B6E4AB /* DLTaskController.h in Headers */,
				83149B2815337E5C00003862 /* DLScreenshotController.h in Headers */,
				A93411C915352A3F0044077B /* DLVideoEncoder.h in Headers */,
				A9A9A3DB15371AE500B6E4AB /* DLRecordingContext.h in Headers */,
				A9A9A3E015371E7E00B6E4AB /* DLTask.h in Headers */,
				A9A9A3E41537225F00B6E4AB /* DLGetNewSessionTask.h in Headers */,
				A9A9A3E81537BE2F00B6E4AB /* DLUpdateSessionTask.h in Headers */,
				836ABF2B1548D47400926A71 /* DLCamCaptureManager.h in Headers */,
				A9A9A3EC1537BEB400B6E4AB /* DLUploadVideoFileTask.h in Headers */,
				A96BE1E6153E156800D8BA2D /* DLPostVideoTask.h in Headers */,
				A98094571542A732002B2BCE /* DLReachability.h in Headers */,
				8385CA7F154768530057FC37 /* DLTouch.h in Headers */,
				8385CA831547688E0057FC37 /* DLOrientationChange.h in Headers */,
				836ABF2D1548D47400926A71 /* DLCamRecorder.h in Headers */,
				8382935E1558A04F007C6CDA /* CALayer+DLThreadSafe.h in Headers */,
				838187001563156400608514 /* UITextField+DLPrivateView.h in Headers */,
				833B500D15670E690085552F /* DLMetrics.h in Headers */,
				832D1DAE1589626D004F2BD6 /* DLConstants.h in Headers */,
				83995A8A158ABEA600A41326 /* DLOpenGLVideoEncoder.h in Headers */,
				83995A8E158AC08200A41326 /* DLUIKitVideoEncoder.h in Headers */,
				83EE860815916AF5003F7AFA /* IOSurface.h in Headers */,
				83EE860915916AF5003F7AFA /* IOSurfaceAPI.h in Headers */,
				83EE860A15916AF5003F7AFA /* IOSurfaceBase.h in Headers */,
				83E58A3415926AF200B01636 /* DLMobileFrameBufferVideoEncoder.h in Headers */,
				A951E39C1599405A003C6038 /* IOAudioDefines.h in Headers */,
				A951E39D1599405A003C6038 /* IOAudioLib.h in Headers */,
				A951E39E1599405A003C6038 /* IOAudioTypes.h in Headers */,
				A951E39F1599405A003C6038 /* IOAccelClientConnect.h in Headers */,
				A951E3A01599405A003C6038 /* IOAccelSurfaceConnect.h in Headers */,
				A951E3A11599405A003C6038 /* IOAccelTypes.h in Headers */,
				A951E3A21599405A003C6038 /* IOFramebufferShared.h in Headers */,
				A951E3A31599405A003C6038 /* IOGraphicsInterface.h in Headers */,
				A951E3A41599405A003C6038 /* IOGraphicsInterfaceTypes.h in Headers */,
				A951E3A51599405A003C6038 /* IOGraphicsLib.h in Headers */,
				A951E3A61599405A003C6038 /* IOGraphicsTypes.h in Headers */,
				A951E3A71599405A003C6038 /* IOHIDBase.h in Headers */,
				A951E3A81599405A003C6038 /* IOHIDDevice.h in Headers */,
				A951E3A91599405A003C6038 /* IOHIDDevicePlugIn.h in Headers */,
				A951E3AA1599405A003C6038 /* IOHIDElement.h in Headers */,
				A951E3AB1599405A003C6038 /* IOHIDKeys.h in Headers */,
				A951E3AC1599405A003C6038 /* IOHIDLib.h in Headers */,
				A951E3AD1599405A003C6038 /* IOHIDLibObsolete.h in Headers */,
				A951E3AE1599405A003C6038 /* IOHIDManager.h in Headers */,
				A951E3AF1599405A003C6038 /* IOHIDQueue.h in Headers */,
				A951E3B01599405A003C6038 /* IOHIDTransaction.h in Headers */,
				A951E3B11599405A003C6038 /* IOHIDUsageTables.h in Headers */,
				A951E3B21599405A003C6038 /* IOHIDUserDevice.h in Headers */,
				A951E3B31599405A003C6038 /* IOHIDValue.h in Headers */,
				A951E3B41599405A003C6038 /* ev_keymap.h in Headers */,
				A951E3B51599405A003C6038 /* event_status_driver.h in Headers */,
				A951E3B61599405A003C6038 /* IOHIDLib.h in Headers */,
				A951E3B71599405A003C6038 /* IOHIDParameter.h in Headers */,
				A951E3B81599405A003C6038 /* IOHIDShared.h in Headers */,
				A951E3B91599405A003C6038 /* IOHIDTypes.h in Headers */,
				A951E3BA1599405A003C6038 /* IOLLEvent.h in Headers */,
				A951E3BB1599405A003C6038 /* IOBSD.h in Headers */,
				A951E3BC1599405A003C6038 /* IOCFBundle.h in Headers */,
				A951E3BD1599405A003C6038 /* IOCFPlugIn.h in Headers */,
				A951E3BE1599405A003C6038 /* IOCFSerialize.h in Headers */,
				A951E3BF1599405A003C6038 /* IOCFUnserialize.h in Headers */,
				A951E3C01599405A003C6038 /* IOCFURLAccess.h in Headers */,
				A951E3C11599405A003C6038 /* IODataQueueClient.h in Headers */,
				A951E3C21599405A003C6038 /* IODataQueueShared.h in Headers */,
				A951E3C31599405A003C6038 /* IOKitKeys.h in Headers */,
				A951E3C41599405A003C6038 /* IOKitLib.h in Headers */,
				A951E3C51599405A003C6038 /* IOKitServer.h in Headers */,
				A951E3C61599405A003C6038 /* IOMessage.h in Headers */,
				A951E3C71599405A003C6038 /* IOReturn.h in Headers */,
				A951E3C81599405A003C6038 /* IOSharedLock.h in Headers */,
				A951E3C91599405A003C6038 /* IOTypes.h in Headers */,
				A951E3CA1599405A003C6038 /* KextManager.h in Headers */,
				A951E3CB1599405A003C6038 /* IOEthernetController.h in Headers */,
				A951E3CC1599405A003C6038 /* IOEthernetInterface.h in Headers */,
				A951E3CD1599405A003C6038 /* IONetworkController.h in Headers */,
				A951E3CE1599405A003C6038 /* IONetworkInterface.h in Headers */,
				A951E3CF1599405A003C6038 /* IONetworkLib.h in Headers */,
				A951E3D01599405A003C6038 /* IOUserEthernetController.h in Headers */,
				A951E3D11599405A003C6038 /* OSMessageNotification.h in Headers */,
				A951E3D21599405A003C6038 /* IOPowerSources.h in Headers */,
				A951E3D31599405A003C6038 /* IOPSKeys.h in Headers */,
				A951E3D41599405A003C6038 /* IOPM.h in Headers */,
				A951E3D51599405A003C6038 /* IOPMKeys.h in Headers */,
				A951E3D61599405A003C6038 /* IOPMLib.h in Headers */,
				A951E3D71599405A003C6038 /* IOPMLibDefs.h in Headers */,
				A951E3D81599405A003C6038 /* IOSerialKeys.h in Headers */,
				A951E3D91599405A003C6038 /* IOMedia.h in Headers */,
				A951E3DA1599405A003C6038 /* IOStorageDeviceCharacteristics.h in Headers */,
				A951E3DB1599405A003C6038 /* IOStorageProtocolCharacteristics.h in Headers */,
				A951E3DC1599405A003C6038 /* IOUSBLib.h in Headers */,
				A951E3DD1599405A003C6038 /* USB.h in Headers */,
				A951E3DE1599405A003C6038 /* USBSpec.h in Headers */,
				83186258159BA98300CFB45D /* IOMobileFramebuffer.h in Headers */,
			);
			runOnlyForDeploymentPostprocessing = 0;
		};
/* End PBXHeadersBuildPhase section */

/* Begin PBXNativeTarget section */
		83B8968114EAEC68006D93C2 /* Delight */ = {
			isa = PBXNativeTarget;
			buildConfigurationList = 83B8969014EAEC68006D93C2 /* Build configuration list for PBXNativeTarget "Delight" */;
			buildPhases = (
				83B8967A14EAEC68006D93C2 /* ShellScript */,
				83CCB3CF1582967F0018EAD2 /* ShellScript */,
				83B8967B14EAEC68006D93C2 /* Sources */,
				83B8967C14EAEC68006D93C2 /* Frameworks */,
				83B8967D14EAEC68006D93C2 /* Headers */,
				83B8967E14EAEC68006D93C2 /* Resources */,
				83B8967F14EAEC68006D93C2 /* ShellScript */,
				83B8968014EAEC68006D93C2 /* ShellScript */,
			);
			buildRules = (
			);
			dependencies = (
			);
			name = Delight;
			productName = ScreenCapture;
			productReference = 83B8968214EAEC68006D93C2 /* Delight.framework */;
			productType = "com.apple.product-type.framework.static";
		};
/* End PBXNativeTarget section */

/* Begin PBXProject section */
		83B8967514EAEC68006D93C2 /* Project object */ = {
			isa = PBXProject;
			attributes = {
				CLASSPREFIX = DL;
				LastUpgradeCheck = 0430;
				ORGANIZATIONNAME = "Pipely Inc.";
			};
			buildConfigurationList = 83B8967814EAEC68006D93C2 /* Build configuration list for PBXProject "Delight" */;
			compatibilityVersion = "Xcode 3.2";
			developmentRegion = English;
			hasScannedForEncodings = 0;
			knownRegions = (
				en,
			);
			mainGroup = 83B8967314EAEC68006D93C2;
			productRefGroup = 83B8968314EAEC68006D93C2 /* Products */;
			projectDirPath = "";
			projectRoot = "";
			targets = (
				83B8968114EAEC68006D93C2 /* Delight */,
			);
		};
/* End PBXProject section */

/* Begin PBXResourcesBuildPhase section */
		83B8967E14EAEC68006D93C2 /* Resources */ = {
			isa = PBXResourcesBuildPhase;
			buildActionMask = 2147483647;
			files = (
				83B8968C14EAEC68006D93C2 /* InfoPlist.strings in Resources */,
			);
			runOnlyForDeploymentPostprocessing = 0;
		};
/* End PBXResourcesBuildPhase section */

/* Begin PBXShellScriptBuildPhase section */
		83B8967A14EAEC68006D93C2 /* ShellScript */ = {
			isa = PBXShellScriptBuildPhase;
			buildActionMask = 2147483647;
			files = (
			);
			inputPaths = (
			);
			outputPaths = (
			);
			runOnlyForDeploymentPostprocessing = 0;
			shellPath = /bin/sh;
			shellScript = "set -e\n\nset +u\nif [[ $UFW_MASTER_SCRIPT_RUNNING ]]\nthen\n    # Nothing for the slave script to do\n    exit 0\nfi\nset -u\n\nif [[ \"$SDK_NAME\" =~ ([A-Za-z]+) ]]\nthen\n    UFW_SDK_PLATFORM=${BASH_REMATCH[1]}\nelse\n    echo \"Could not find platform name from SDK_NAME: $SDK_NAME\"\n    exit 1\nfi\n\nif [[ \"$SDK_NAME\" =~ ([0-9]+.*$) ]]\nthen\n\tUFW_SDK_VERSION=${BASH_REMATCH[1]}\nelse\n    echo \"Could not find sdk version  from SDK_NAME: $SDK_NAME\"\n    exit 1\nfi\n\nif [[ \"$UFW_SDK_PLATFORM\" = \"iphoneos\" ]]\nthen\n    UFW_OTHER_PLATFORM=iphonesimulator\nelse\n    UFW_OTHER_PLATFORM=iphoneos\nfi\n\nif [[ \"$BUILT_PRODUCTS_DIR\" =~ (.*)$UFW_SDK_PLATFORM$ ]]\nthen\n    UFW_OTHER_BUILT_PRODUCTS_DIR=\"${BASH_REMATCH[1]}${UFW_OTHER_PLATFORM}\"\nelse\n    echo \"Could not find $UFW_SDK_PLATFORM in $BUILT_PRODUCTS_DIR\"\n    exit 1\nfi\n\nONLY_ACTIVE_PLATFORM=${ONLY_ACTIVE_PLATFORM:-$ONLY_ACTIVE_ARCH}\n\n# Short-circuit if all binaries are up to date\n\nif [[ -f \"${BUILT_PRODUCTS_DIR}/${EXECUTABLE_PATH}\" ]] && \\\n   [[ -f \"${BUILT_PRODUCTS_DIR}/${PRODUCT_NAME}.embeddedframework/${EXECUTABLE_PATH}\" ]] && \\\n   [[ ! \"${BUILT_PRODUCTS_DIR}/${EXECUTABLE_PATH}\" -nt \"${BUILT_PRODUCTS_DIR}/${PRODUCT_NAME}.embeddedframework/${EXECUTABLE_PATH}\" ]] && \\\n  ([[ \"${ONLY_ACTIVE_PLATFORM}\" == \"YES\" ]] || \\\n    ([[ -f \"${UFW_OTHER_BUILT_PRODUCTS_DIR}/${EXECUTABLE_PATH}\" ]] && \\\n     [[ -f \"${UFW_OTHER_BUILT_PRODUCTS_DIR}/${PRODUCT_NAME}.embeddedframework/${EXECUTABLE_PATH}\" ]] && \\\n     [[ ! \"${UFW_OTHER_BUILT_PRODUCTS_DIR}/${EXECUTABLE_PATH}\" -nt \"${UFW_OTHER_BUILT_PRODUCTS_DIR}/${PRODUCT_NAME}.embeddedframework/${EXECUTABLE_PATH}\" ]]\n    )\n  )\nthen\n    exit 0\nfi\n\n\n# Clean other platform if needed\n\nif [[ ! -f \"${BUILT_PRODUCTS_DIR}/${EXECUTABLE_PATH}\" ]] && [[ \"${ONLY_ACTIVE_PLATFORM}\" != \"YES\" ]]\nthen\n\techo \"Platform \\\"$UFW_SDK_PLATFORM\\\" was cleaned recently. Cleaning \\\"$UFW_OTHER_PLATFORM\\\" as well\"\n\techo xcodebuild -project \"${PROJECT_FILE_PATH}\" -target \"${TARGET_NAME}\" -configuration \"${CONFIGURATION}\" -sdk ${UFW_OTHER_PLATFORM}${UFW_SDK_VERSION} BUILD_DIR=\"${BUILD_DIR}\" CONFIGURATION_TEMP_DIR=\"${PROJECT_TEMP_DIR}/${CONFIGURATION}-${UFW_OTHER_PLATFORM}\" clean\n\txcodebuild -project \"${PROJECT_FILE_PATH}\" -target \"${TARGET_NAME}\" -configuration \"${CONFIGURATION}\" -sdk ${UFW_OTHER_PLATFORM}${UFW_SDK_VERSION} BUILD_DIR=\"${BUILD_DIR}\" CONFIGURATION_TEMP_DIR=\"${PROJECT_TEMP_DIR}/${CONFIGURATION}-${UFW_OTHER_PLATFORM}\" clean\nfi\n\n\n# Make sure we are building from fresh binaries\n\nrm -rf \"${BUILT_PRODUCTS_DIR}/${EXECUTABLE_PATH}\"\nrm -rf \"${BUILT_PRODUCTS_DIR}/${PRODUCT_NAME}.embeddedframework\"\n\nif [[ \"${ONLY_ACTIVE_PLATFORM}\" != \"YES\" ]]\nthen\n    rm -rf \"${UFW_OTHER_BUILT_PRODUCTS_DIR}/${EXECUTABLE_PATH}\"\n    rm -rf \"${UFW_OTHER_BUILT_PRODUCTS_DIR}/${PRODUCT_NAME}.embeddedframework\"\nfi\n";
		};
		83B8967F14EAEC68006D93C2 /* ShellScript */ = {
			isa = PBXShellScriptBuildPhase;
			buildActionMask = 2147483647;
			files = (
			);
			inputPaths = (
			);
			outputPaths = (
			);
			runOnlyForDeploymentPostprocessing = 0;
			shellPath = /bin/sh;
			shellScript = "INLINED_PYHON_SCRIPT=\"import sys; import os.path; headerPathFromFind = sys.argv[2]; srcRoot = sys.argv[1]; headerPathFromFindWithoutFilename = os.path.dirname( headerPathFromFind ); relatedPathForDirectory = os.path.relpath( headerPathFromFindWithoutFilename, srcRoot ); print( relatedPathForDirectory );\"\n\nHEADERS_ROOT=$SRCROOT/$PRODUCT_NAME\nFRAMEWORK_HEADERS_DIR=\"$BUILT_PRODUCTS_DIR/$WRAPPER_NAME/Headers\"\n\n## only header files expected at this point\nPUBLIC_HEADERS=$( ls -1 \"$FRAMEWORK_HEADERS_DIR\" )\n\n\nfor PUBLIC_HEADER in $PUBLIC_HEADERS; do\n\n   FIND_RESULT=$( find \"$HEADERS_ROOT\" -name \"$PUBLIC_HEADER\" )\n   RELATIVE_PATH=$( python -c \"$INLINED_PYHON_SCRIPT\" \"$HEADERS_ROOT\" \"$FIND_RESULT\" )\n\n   mkdir -p \"$FRAMEWORK_HEADERS_DIR/$RELATIVE_PATH\"\n   mv \"$FRAMEWORK_HEADERS_DIR/$PUBLIC_HEADER\" \"$FRAMEWORK_HEADERS_DIR/$RELATIVE_PATH/$PUBLIC_HEADER\"\ndone\n";
		};
		83B8968014EAEC68006D93C2 /* ShellScript */ = {
			isa = PBXShellScriptBuildPhase;
			buildActionMask = 2147483647;
			files = (
			);
			inputPaths = (
			);
			outputPaths = (
			);
			runOnlyForDeploymentPostprocessing = 0;
			shellPath = /bin/sh;
			shellScript = "set -e\n\nset +u\nif [[ $UFW_MASTER_SCRIPT_RUNNING ]]\nthen\n    # Nothing for the slave script to do\n    exit 0\nfi\nset -u\nexport UFW_MASTER_SCRIPT_RUNNING=1\n\n\n# Functions\n\n## List files in the specified directory, storing to the specified array.\n#\n# @param $1 The path to list\n# @param $2 The name of the array to fill\n#\n##\nlist_files ()\n{\n    filelist=$(ls \"$1\")\n    while read line\n    do\n        eval \"$2[\\${#$2[*]}]=\\\"\\$line\\\"\"\n    done <<< \"$filelist\"\n}\n\n\n# Sanity check\n\nif [[ ! -f \"${BUILT_PRODUCTS_DIR}/${EXECUTABLE_PATH}\" ]]\nthen\n    echo \"Framework target \\\"${TARGET_NAME}\\\" had no source files to build from. Make sure your source files have the correct target membership\"\n    exit 1\nfi\n\n\n# Gather information\n\nif [[ \"$SDK_NAME\" =~ ([A-Za-z]+) ]]\nthen\n    UFW_SDK_PLATFORM=${BASH_REMATCH[1]}\nelse\n    echo \"Could not find platform name from SDK_NAME: $SDK_NAME\"\n    exit 1\nfi\n\nif [[ \"$SDK_NAME\" =~ ([0-9]+.*$) ]]\nthen\n    UFW_SDK_VERSION=${BASH_REMATCH[1]}\nelse\n    echo \"Could not find sdk version from SDK_NAME: $SDK_NAME\"\n    exit 1\nfi\n\nif [[ \"$UFW_SDK_PLATFORM\" = \"iphoneos\" ]]\nthen\n    UFW_OTHER_PLATFORM=iphonesimulator\nelse\n    UFW_OTHER_PLATFORM=iphoneos\nfi\n\nif [[ \"$BUILT_PRODUCTS_DIR\" =~ (.*)$UFW_SDK_PLATFORM$ ]]\nthen\n    UFW_OTHER_BUILT_PRODUCTS_DIR=\"${BASH_REMATCH[1]}${UFW_OTHER_PLATFORM}\"\nelse\n    echo \"Could not find $UFW_SDK_PLATFORM in $BUILT_PRODUCTS_DIR\"\n    exit 1\nfi\n\nONLY_ACTIVE_PLATFORM=${ONLY_ACTIVE_PLATFORM:-$ONLY_ACTIVE_ARCH}\n\n# Short-circuit if all binaries are up to date.\n# We already checked the other platform in the prerun script.\n\nif [[ -f \"${BUILT_PRODUCTS_DIR}/${EXECUTABLE_PATH}\" ]] && [[ -f \"${BUILT_PRODUCTS_DIR}/${PRODUCT_NAME}.embeddedframework/${EXECUTABLE_PATH}\" ]] && [[ ! \"${BUILT_PRODUCTS_DIR}/${EXECUTABLE_PATH}\" -nt \"${BUILT_PRODUCTS_DIR}/${PRODUCT_NAME}.embeddedframework/${EXECUTABLE_PATH}\" ]]\nthen\n    exit 0\nfi\n\nif [ \"${ONLY_ACTIVE_PLATFORM}\" == \"YES\" ]\nthen\n    echo \"ONLY_ACTIVE_PLATFORM=${ONLY_ACTIVE_PLATFORM}: Skipping other platform build\"\nelse\n    # Make sure the other platform gets built\n    \n    echo \"Build other platform\"\n    \n    echo xcodebuild -project \"${PROJECT_FILE_PATH}\" -target \"${TARGET_NAME}\" -configuration \"${CONFIGURATION}\" -sdk ${UFW_OTHER_PLATFORM}${UFW_SDK_VERSION} BUILD_DIR=\"${BUILD_DIR}\" CONFIGURATION_TEMP_DIR=\"${PROJECT_TEMP_DIR}/${CONFIGURATION}-${UFW_OTHER_PLATFORM}\" $ACTION\n    xcodebuild -project \"${PROJECT_FILE_PATH}\" -target \"${TARGET_NAME}\" -configuration \"${CONFIGURATION}\" -sdk ${UFW_OTHER_PLATFORM}${UFW_SDK_VERSION} BUILD_DIR=\"${BUILD_DIR}\" CONFIGURATION_TEMP_DIR=\"${PROJECT_TEMP_DIR}/${CONFIGURATION}-${UFW_OTHER_PLATFORM}\" $ACTION\n    \n    \n    # Build the fat static library binary\n    \n    echo \"Create universal static library\"\n    \n    echo \"$PLATFORM_DEVELOPER_BIN_DIR/libtool\" -static \"${BUILT_PRODUCTS_DIR}/${EXECUTABLE_PATH}\" \"${UFW_OTHER_BUILT_PRODUCTS_DIR}/${EXECUTABLE_PATH}\" -o \"${BUILT_PRODUCTS_DIR}/${EXECUTABLE_PATH}.temp\"\n    \"$PLATFORM_DEVELOPER_BIN_DIR/libtool\" -static \"${BUILT_PRODUCTS_DIR}/${EXECUTABLE_PATH}\" \"${UFW_OTHER_BUILT_PRODUCTS_DIR}/${EXECUTABLE_PATH}\" -o \"${BUILT_PRODUCTS_DIR}/${EXECUTABLE_PATH}.temp\"\n    \n    echo mv \"${BUILT_PRODUCTS_DIR}/${EXECUTABLE_PATH}.temp\" \"${BUILT_PRODUCTS_DIR}/${EXECUTABLE_PATH}\"\n    mv \"${BUILT_PRODUCTS_DIR}/${EXECUTABLE_PATH}.temp\" \"${BUILT_PRODUCTS_DIR}/${EXECUTABLE_PATH}\"\nfi\n\n# Build embedded framework structure\n\necho \"Build Embedded Framework\"\n\necho rm -rf \"${BUILT_PRODUCTS_DIR}/${PRODUCT_NAME}.embeddedframework\"\nrm -rf \"${BUILT_PRODUCTS_DIR}/${PRODUCT_NAME}.embeddedframework\"\necho mkdir -p \"${BUILT_PRODUCTS_DIR}/${PRODUCT_NAME}.embeddedframework/Resources\"\nmkdir -p \"${BUILT_PRODUCTS_DIR}/${PRODUCT_NAME}.embeddedframework/Resources\"\necho cp -a \"${BUILT_PRODUCTS_DIR}/${WRAPPER_NAME}\" \"${BUILT_PRODUCTS_DIR}/${PRODUCT_NAME}.embeddedframework/\"\ncp -a \"${BUILT_PRODUCTS_DIR}/${WRAPPER_NAME}\" \"${BUILT_PRODUCTS_DIR}/${PRODUCT_NAME}.embeddedframework/\"\n\ndeclare -a UFW_FILE_LIST\nlist_files \"${BUILT_PRODUCTS_DIR}/${UNLOCALIZED_RESOURCES_FOLDER_PATH}\" UFW_FILE_LIST\nfor filename in \"${UFW_FILE_LIST[@]}\"\ndo\n    if [[ \"${filename}\" != \"Info.plist\" ]] && [[ ! \"${filename}\" =~ .*\\.lproj$ ]]\n    then\n        echo ln -sf \"../${WRAPPER_NAME}/Resources/${filename}\" \"${BUILT_PRODUCTS_DIR}/${PRODUCT_NAME}.embeddedframework/Resources/${filename}\"\n        ln -sf \"../${WRAPPER_NAME}/Resources/${filename}\" \"${BUILT_PRODUCTS_DIR}/${PRODUCT_NAME}.embeddedframework/Resources/${filename}\"\n    fi\ndone\n\n\nif [ \"${ONLY_ACTIVE_PLATFORM}\" != \"YES\" ]\nthen\n    # Replace other platform's framework with a copy of this one (so that both have the same universal binary)\n    \n    echo \"Copy from $UFW_SDK_PLATFORM to $UFW_OTHER_PLATFORM\"\n    \n    echo rm -rf \"${BUILD_DIR}/${CONFIGURATION}-${UFW_OTHER_PLATFORM}\"\n    rm -rf \"${BUILD_DIR}/${CONFIGURATION}-${UFW_OTHER_PLATFORM}\"\n    echo cp -a \"${BUILD_DIR}/${CONFIGURATION}-${UFW_SDK_PLATFORM}\" \"${BUILD_DIR}/${CONFIGURATION}-${UFW_OTHER_PLATFORM}\"\n    cp -a \"${BUILD_DIR}/${CONFIGURATION}-${UFW_SDK_PLATFORM}\" \"${BUILD_DIR}/${CONFIGURATION}-${UFW_OTHER_PLATFORM}\"\nfi\n";
		};
		83CCB3CF1582967F0018EAD2 /* ShellScript */ = {
			isa = PBXShellScriptBuildPhase;
			buildActionMask = 2147483647;
			files = (
			);
			inputPaths = (
			);
			outputPaths = (
			);
			runOnlyForDeploymentPostprocessing = 0;
			shellPath = /bin/sh;
			shellScript = "DELIGHT_VERSION=$(/usr/libexec/PlistBuddy -c \"Print :CFBundleShortVersionString\" \"$SRCROOT/Delight/Delight-Info.plist\")\nsed -i \"\" \"s/#define DELIGHT_VERSION.*/#define DELIGHT_VERSION @\\\"$DELIGHT_VERSION\\\"/\" \"$SRCROOT/Delight/DLConstants.h\"";
		};
/* End PBXShellScriptBuildPhase section */

/* Begin PBXSourcesBuildPhase section */
		83B8967B14EAEC68006D93C2 /* Sources */ = {
			isa = PBXSourcesBuildPhase;
			buildActionMask = 2147483647;
			files = (
				83B8969A14EAECD6006D93C2 /* Delight.m in Sources */,
				83B8969C14EAECD6006D93C2 /* UIWindow+DLInterceptEvents.m in Sources */,
				83149B2915337E5C00003862 /* DLScreenshotController.m in Sources */,
				A93411C815352A3F0044077B /* DLVideoEncoder.m in Sources */,
				A9A9A3D11536EBBA00B6E4AB /* DLTaskController.m in Sources */,
				A9A9A3DC15371AE500B6E4AB /* DLRecordingContext.m in Sources */,
				A9A9A3E115371E7E00B6E4AB /* DLTask.m in Sources */,
				A9A9A3E51537225F00B6E4AB /* DLGetNewSessionTask.m in Sources */,
				A9A9A3E91537BE2F00B6E4AB /* DLUpdateSessionTask.m in Sources */,
				A9A9A3ED1537BEB400B6E4AB /* DLUploadVideoFileTask.m in Sources */,
				A96BE1E7153E156800D8BA2D /* DLPostVideoTask.m in Sources */,
				A98094581542A732002B2BCE /* DLReachability.m in Sources */,
				836ABF2C1548D47400926A71 /* DLCamCaptureManager.m in Sources */,
				836ABF2E1548D47400926A71 /* DLCamRecorder.m in Sources */,
				8382935F1558A04F007C6CDA /* CALayer+DLThreadSafe.m in Sources */,
				8385CA80154768530057FC37 /* DLTouch.m in Sources */,
				8385CA841547688E0057FC37 /* DLOrientationChange.m in Sources */,
				838187011563156400608514 /* UITextField+DLPrivateView.m in Sources */,
				837E8A4D15658ACE00FB16E9 /* DLGesture.m in Sources */,
				837E8A4F15658AD100FB16E9 /* DLGestureTracker.m in Sources */,
				833B500E15670E690085552F /* DLMetrics.m in Sources */,
				83995A8B158ABEA600A41326 /* DLOpenGLVideoEncoder.m in Sources */,
				83995A8F158AC08200A41326 /* DLUIKitVideoEncoder.m in Sources */,
				83E58A3515926AF200B01636 /* DLMobileFrameBufferVideoEncoder.m in Sources */,
			);
			runOnlyForDeploymentPostprocessing = 0;
		};
/* End PBXSourcesBuildPhase section */

/* Begin PBXVariantGroup section */
		83B8968A14EAEC68006D93C2 /* InfoPlist.strings */ = {
			isa = PBXVariantGroup;
			children = (
				83B8968B14EAEC68006D93C2 /* en */,
			);
			name = InfoPlist.strings;
			sourceTree = "<group>";
		};
/* End PBXVariantGroup section */

/* Begin XCBuildConfiguration section */
		83B8968E14EAEC68006D93C2 /* Debug */ = {
			isa = XCBuildConfiguration;
			buildSettings = {
				ALWAYS_SEARCH_USER_PATHS = NO;
				ARCHS = "$(ARCHS_STANDARD_32_BIT)";
				COPY_PHASE_STRIP = NO;
				GCC_C_LANGUAGE_STANDARD = gnu99;
				GCC_DYNAMIC_NO_PIC = NO;
				GCC_OPTIMIZATION_LEVEL = 0;
				GCC_PREPROCESSOR_DEFINITIONS = (
					"DEBUG=1",
					"$(inherited)",
				);
				GCC_SYMBOLS_PRIVATE_EXTERN = NO;
				GCC_VERSION = com.apple.compilers.llvm.clang.1_0;
				GCC_WARN_ABOUT_MISSING_PROTOTYPES = YES;
				GCC_WARN_ABOUT_RETURN_TYPE = YES;
				GCC_WARN_UNUSED_VARIABLE = YES;
				IPHONEOS_DEPLOYMENT_TARGET = 4.3;
				SDKROOT = iphoneos;
			};
			name = Debug;
		};
		83B8968F14EAEC68006D93C2 /* Release */ = {
			isa = XCBuildConfiguration;
			buildSettings = {
				ALWAYS_SEARCH_USER_PATHS = NO;
				ARCHS = "$(ARCHS_STANDARD_32_BIT)";
				COPY_PHASE_STRIP = YES;
				GCC_C_LANGUAGE_STANDARD = gnu99;
				GCC_GENERATE_DEBUGGING_SYMBOLS = NO;
				GCC_VERSION = com.apple.compilers.llvm.clang.1_0;
				GCC_WARN_ABOUT_MISSING_PROTOTYPES = YES;
				GCC_WARN_ABOUT_RETURN_TYPE = YES;
				GCC_WARN_UNUSED_VARIABLE = YES;
				IPHONEOS_DEPLOYMENT_TARGET = 4.3;
				SDKROOT = iphoneos;
				VALIDATE_PRODUCT = YES;
			};
			name = Release;
		};
		83B8969114EAEC68006D93C2 /* Debug */ = {
			isa = XCBuildConfiguration;
			buildSettings = {
				ARCHS = (
					armv6,
					"$(ARCHS_STANDARD_32_BIT)",
				);
				DYLIB_COMPATIBILITY_VERSION = 1;
				DYLIB_CURRENT_VERSION = 1;
				FRAMEWORK_SEARCH_PATHS = (
					"$(inherited)",
					"\"$(SDKROOT)$(SYSTEM_LIBRARY_DIR)/PrivateFrameworks\"",
				);
				FRAMEWORK_VERSION = A;
				GCC_PRECOMPILE_PREFIX_HEADER = YES;
				GCC_PREFIX_HEADER = "Delight/Delight-Prefix.pch";
				GCC_PREPROCESSOR_DEFINITIONS = "$(inherited)";
				GCC_THUMB_SUPPORT = NO;
				INFOPLIST_FILE = "Delight/Delight-Info.plist";
				LIBRARY_SEARCH_PATHS = (
					"$(inherited)",
					"\"$(SDKROOT)/usr/lib/system\"",
				);
				PRODUCT_NAME = Delight;
				SKIP_INSTALL = YES;
				WRAPPER_EXTENSION = framework;
			};
			name = Debug;
		};
		83B8969214EAEC68006D93C2 /* Release */ = {
			isa = XCBuildConfiguration;
			buildSettings = {
				ARCHS = (
					armv6,
					"$(ARCHS_STANDARD_32_BIT)",
				);
				DYLIB_COMPATIBILITY_VERSION = 1;
				DYLIB_CURRENT_VERSION = 1;
				FRAMEWORK_SEARCH_PATHS = (
					"$(inherited)",
					"\"$(SDKROOT)$(SYSTEM_LIBRARY_DIR)/PrivateFrameworks\"",
				);
				FRAMEWORK_VERSION = A;
				GCC_PRECOMPILE_PREFIX_HEADER = YES;
				GCC_PREFIX_HEADER = "Delight/Delight-Prefix.pch";
				GCC_THUMB_SUPPORT = NO;
				INFOPLIST_FILE = "Delight/Delight-Info.plist";
				LIBRARY_SEARCH_PATHS = (
					"$(inherited)",
					"\"$(SDKROOT)/usr/lib/system\"",
				);
				PRODUCT_NAME = Delight;
				SKIP_INSTALL = YES;
				WRAPPER_EXTENSION = framework;
			};
			name = Release;
		};
/* End XCBuildConfiguration section */

/* Begin XCConfigurationList section */
		83B8967814EAEC68006D93C2 /* Build configuration list for PBXProject "Delight" */ = {
			isa = XCConfigurationList;
			buildConfigurations = (
				83B8968E14EAEC68006D93C2 /* Debug */,
				83B8968F14EAEC68006D93C2 /* Release */,
			);
			defaultConfigurationIsVisible = 0;
			defaultConfigurationName = Release;
		};
		83B8969014EAEC68006D93C2 /* Build configuration list for PBXNativeTarget "Delight" */ = {
			isa = XCConfigurationList;
			buildConfigurations = (
				83B8969114EAEC68006D93C2 /* Debug */,
				83B8969214EAEC68006D93C2 /* Release */,
			);
			defaultConfigurationIsVisible = 0;
			defaultConfigurationName = Release;
		};
/* End XCConfigurationList section */
	};
	rootObject = 83B8967514EAEC68006D93C2 /* Project object */;
}
