// !$*UTF8*$!
{
	archiveVersion = 1;
	classes = {
	};
	objectVersion = 46;
	objects = {

/* Begin PBXBuildFile section */
		83149B2815337E5C00003862 /* DLScreenshotController.h in Headers */ = {isa = PBXBuildFile; fileRef = 83149B2615337E5C00003862 /* DLScreenshotController.h */; settings = {ATTRIBUTES = (Public, ); }; };
		83149B2915337E5C00003862 /* DLScreenshotController.m in Sources */ = {isa = PBXBuildFile; fileRef = 83149B2715337E5C00003862 /* DLScreenshotController.m */; };
		83149B2D15338CC500003862 /* DLVideoController.h in Headers */ = {isa = PBXBuildFile; fileRef = 83149B2B15338CC500003862 /* DLVideoController.h */; settings = {ATTRIBUTES = (Public, ); }; };
		83149B2E15338CC500003862 /* DLVideoController.m in Sources */ = {isa = PBXBuildFile; fileRef = 83149B2C15338CC500003862 /* DLVideoController.m */; };
		83B8968614EAEC68006D93C2 /* Foundation.framework in Frameworks */ = {isa = PBXBuildFile; fileRef = 83B8968514EAEC68006D93C2 /* Foundation.framework */; };
		83B8968C14EAEC68006D93C2 /* InfoPlist.strings in Resources */ = {isa = PBXBuildFile; fileRef = 83B8968A14EAEC68006D93C2 /* InfoPlist.strings */; };
		83B8969914EAECD6006D93C2 /* DLScreenCapture.h in Headers */ = {isa = PBXBuildFile; fileRef = 83B8969314EAECD6006D93C2 /* DLScreenCapture.h */; settings = {ATTRIBUTES = (Public, ); }; };
		83B8969A14EAECD6006D93C2 /* DLScreenCapture.m in Sources */ = {isa = PBXBuildFile; fileRef = 83B8969414EAECD6006D93C2 /* DLScreenCapture.m */; };
		83B8969B14EAECD6006D93C2 /* UIWindow+InterceptEvents.h in Headers */ = {isa = PBXBuildFile; fileRef = 83B8969514EAECD6006D93C2 /* UIWindow+InterceptEvents.h */; settings = {ATTRIBUTES = (Public, ); }; };
		83B8969C14EAECD6006D93C2 /* UIWindow+InterceptEvents.m in Sources */ = {isa = PBXBuildFile; fileRef = 83B8969614EAECD6006D93C2 /* UIWindow+InterceptEvents.m */; };
		83B896AF14EAEFBF006D93C2 /* AssetsLibrary.framework in Frameworks */ = {isa = PBXBuildFile; fileRef = 83B896A914EAEFBF006D93C2 /* AssetsLibrary.framework */; };
		83B896B014EAEFBF006D93C2 /* AVFoundation.framework in Frameworks */ = {isa = PBXBuildFile; fileRef = 83B896AA14EAEFBF006D93C2 /* AVFoundation.framework */; };
		83B896B114EAEFBF006D93C2 /* CoreGraphics.framework in Frameworks */ = {isa = PBXBuildFile; fileRef = 83B896AB14EAEFBF006D93C2 /* CoreGraphics.framework */; };
		83B896B214EAEFBF006D93C2 /* CoreMedia.framework in Frameworks */ = {isa = PBXBuildFile; fileRef = 83B896AC14EAEFBF006D93C2 /* CoreMedia.framework */; };
		83B896B314EAEFBF006D93C2 /* CoreVideo.framework in Frameworks */ = {isa = PBXBuildFile; fileRef = 83B896AD14EAEFBF006D93C2 /* CoreVideo.framework */; };
		83B896B414EAEFBF006D93C2 /* QuartzCore.framework in Frameworks */ = {isa = PBXBuildFile; fileRef = 83B896AE14EAEFBF006D93C2 /* QuartzCore.framework */; };
		83B896B714EAF090006D93C2 /* OpenGLES.framework in Frameworks */ = {isa = PBXBuildFile; fileRef = 83B896B614EAF090006D93C2 /* OpenGLES.framework */; };
/* End PBXBuildFile section */

/* Begin PBXFileReference section */
		83149B2615337E5C00003862 /* DLScreenshotController.h */ = {isa = PBXFileReference; fileEncoding = 4; lastKnownFileType = sourcecode.c.h; path = DLScreenshotController.h; sourceTree = "<group>"; };
		83149B2715337E5C00003862 /* DLScreenshotController.m */ = {isa = PBXFileReference; fileEncoding = 4; lastKnownFileType = sourcecode.c.objc; path = DLScreenshotController.m; sourceTree = "<group>"; };
		83149B2B15338CC500003862 /* DLVideoController.h */ = {isa = PBXFileReference; fileEncoding = 4; lastKnownFileType = sourcecode.c.h; path = DLVideoController.h; sourceTree = "<group>"; };
		83149B2C15338CC500003862 /* DLVideoController.m */ = {isa = PBXFileReference; fileEncoding = 4; lastKnownFileType = sourcecode.c.objc; path = DLVideoController.m; sourceTree = "<group>"; };
		83B8968214EAEC68006D93C2 /* ScreenCapture.framework */ = {isa = PBXFileReference; explicitFileType = wrapper.framework.static; includeInIndex = 0; path = ScreenCapture.framework; sourceTree = BUILT_PRODUCTS_DIR; };
		83B8968514EAEC68006D93C2 /* Foundation.framework */ = {isa = PBXFileReference; lastKnownFileType = wrapper.framework; name = Foundation.framework; path = System/Library/Frameworks/Foundation.framework; sourceTree = SDKROOT; };
		83B8968914EAEC68006D93C2 /* ScreenCapture-Info.plist */ = {isa = PBXFileReference; lastKnownFileType = text.plist.xml; path = "ScreenCapture-Info.plist"; sourceTree = "<group>"; };
		83B8968B14EAEC68006D93C2 /* en */ = {isa = PBXFileReference; lastKnownFileType = text.plist.strings; name = en; path = en.lproj/InfoPlist.strings; sourceTree = "<group>"; };
		83B8968D14EAEC68006D93C2 /* ScreenCapture-Prefix.pch */ = {isa = PBXFileReference; lastKnownFileType = sourcecode.c.h; path = "ScreenCapture-Prefix.pch"; sourceTree = "<group>"; };
		83B8969314EAECD6006D93C2 /* DLScreenCapture.h */ = {isa = PBXFileReference; fileEncoding = 4; lastKnownFileType = sourcecode.c.h; path = DLScreenCapture.h; sourceTree = "<group>"; };
		83B8969414EAECD6006D93C2 /* DLScreenCapture.m */ = {isa = PBXFileReference; fileEncoding = 4; lastKnownFileType = sourcecode.c.objc; path = DLScreenCapture.m; sourceTree = "<group>"; };
		83B8969514EAECD6006D93C2 /* UIWindow+InterceptEvents.h */ = {isa = PBXFileReference; fileEncoding = 4; lastKnownFileType = sourcecode.c.h; path = "UIWindow+InterceptEvents.h"; sourceTree = "<group>"; };
		83B8969614EAECD6006D93C2 /* UIWindow+InterceptEvents.m */ = {isa = PBXFileReference; fileEncoding = 4; lastKnownFileType = sourcecode.c.objc; path = "UIWindow+InterceptEvents.m"; sourceTree = "<group>"; };
		83B896A914EAEFBF006D93C2 /* AssetsLibrary.framework */ = {isa = PBXFileReference; lastKnownFileType = wrapper.framework; name = AssetsLibrary.framework; path = System/Library/Frameworks/AssetsLibrary.framework; sourceTree = SDKROOT; };
		83B896AA14EAEFBF006D93C2 /* AVFoundation.framework */ = {isa = PBXFileReference; lastKnownFileType = wrapper.framework; name = AVFoundation.framework; path = System/Library/Frameworks/AVFoundation.framework; sourceTree = SDKROOT; };
		83B896AB14EAEFBF006D93C2 /* CoreGraphics.framework */ = {isa = PBXFileReference; lastKnownFileType = wrapper.framework; name = CoreGraphics.framework; path = System/Library/Frameworks/CoreGraphics.framework; sourceTree = SDKROOT; };
		83B896AC14EAEFBF006D93C2 /* CoreMedia.framework */ = {isa = PBXFileReference; lastKnownFileType = wrapper.framework; name = CoreMedia.framework; path = System/Library/Frameworks/CoreMedia.framework; sourceTree = SDKROOT; };
		83B896AD14EAEFBF006D93C2 /* CoreVideo.framework */ = {isa = PBXFileReference; lastKnownFileType = wrapper.framework; name = CoreVideo.framework; path = System/Library/Frameworks/CoreVideo.framework; sourceTree = SDKROOT; };
		83B896AE14EAEFBF006D93C2 /* QuartzCore.framework */ = {isa = PBXFileReference; lastKnownFileType = wrapper.framework; name = QuartzCore.framework; path = System/Library/Frameworks/QuartzCore.framework; sourceTree = SDKROOT; };
		83B896B614EAF090006D93C2 /* OpenGLES.framework */ = {isa = PBXFileReference; lastKnownFileType = wrapper.framework; name = OpenGLES.framework; path = System/Library/Frameworks/OpenGLES.framework; sourceTree = SDKROOT; };
/* End PBXFileReference section */

/* Begin PBXFrameworksBuildPhase section */
		83B8967C14EAEC68006D93C2 /* Frameworks */ = {
			isa = PBXFrameworksBuildPhase;
			buildActionMask = 2147483647;
			files = (
				83B896B714EAF090006D93C2 /* OpenGLES.framework in Frameworks */,
				83B896AF14EAEFBF006D93C2 /* AssetsLibrary.framework in Frameworks */,
				83B896B014EAEFBF006D93C2 /* AVFoundation.framework in Frameworks */,
				83B896B214EAEFBF006D93C2 /* CoreMedia.framework in Frameworks */,
				83B896B114EAEFBF006D93C2 /* CoreGraphics.framework in Frameworks */,
				83B896B314EAEFBF006D93C2 /* CoreVideo.framework in Frameworks */,
				83B896B414EAEFBF006D93C2 /* QuartzCore.framework in Frameworks */,
				83B8968614EAEC68006D93C2 /* Foundation.framework in Frameworks */,
			);
			runOnlyForDeploymentPostprocessing = 0;
		};
/* End PBXFrameworksBuildPhase section */

/* Begin PBXGroup section */
		83B8967314EAEC68006D93C2 = {
			isa = PBXGroup;
			children = (
				83B8968714EAEC68006D93C2 /* ScreenCapture */,
				83B8968414EAEC68006D93C2 /* Frameworks */,
				83B8968314EAEC68006D93C2 /* Products */,
			);
			sourceTree = "<group>";
		};
		83B8968314EAEC68006D93C2 /* Products */ = {
			isa = PBXGroup;
			children = (
				83B8968214EAEC68006D93C2 /* ScreenCapture.framework */,
			);
			name = Products;
			sourceTree = "<group>";
		};
		83B8968414EAEC68006D93C2 /* Frameworks */ = {
			isa = PBXGroup;
			children = (
				83B896B614EAF090006D93C2 /* OpenGLES.framework */,
				83B896A914EAEFBF006D93C2 /* AssetsLibrary.framework */,
				83B896AA14EAEFBF006D93C2 /* AVFoundation.framework */,
				83B896AB14EAEFBF006D93C2 /* CoreGraphics.framework */,
				83B896AC14EAEFBF006D93C2 /* CoreMedia.framework */,
				83B896AD14EAEFBF006D93C2 /* CoreVideo.framework */,
				83B896AE14EAEFBF006D93C2 /* QuartzCore.framework */,
				83B8968514EAEC68006D93C2 /* Foundation.framework */,
			);
			name = Frameworks;
			sourceTree = "<group>";
		};
		83B8968714EAEC68006D93C2 /* ScreenCapture */ = {
			isa = PBXGroup;
			children = (
				83B8969314EAECD6006D93C2 /* DLScreenCapture.h */,
				83B8969414EAECD6006D93C2 /* DLScreenCapture.m */,
				83149B2615337E5C00003862 /* DLScreenshotController.h */,
				83149B2715337E5C00003862 /* DLScreenshotController.m */,
				83149B2B15338CC500003862 /* DLVideoController.h */,
				83149B2C15338CC500003862 /* DLVideoController.m */,
				83B8969514EAECD6006D93C2 /* UIWindow+InterceptEvents.h */,
				83B8969614EAECD6006D93C2 /* UIWindow+InterceptEvents.m */,
				83B8968814EAEC68006D93C2 /* Supporting Files */,
			);
			path = ScreenCapture;
			sourceTree = "<group>";
		};
		83B8968814EAEC68006D93C2 /* Supporting Files */ = {
			isa = PBXGroup;
			children = (
				83B8968914EAEC68006D93C2 /* ScreenCapture-Info.plist */,
				83B8968A14EAEC68006D93C2 /* InfoPlist.strings */,
				83B8968D14EAEC68006D93C2 /* ScreenCapture-Prefix.pch */,
			);
			name = "Supporting Files";
			sourceTree = "<group>";
		};
/* End PBXGroup section */

/* Begin PBXHeadersBuildPhase section */
		83B8967D14EAEC68006D93C2 /* Headers */ = {
			isa = PBXHeadersBuildPhase;
			buildActionMask = 2147483647;
			files = (
				83B8969914EAECD6006D93C2 /* DLScreenCapture.h in Headers */,
				83B8969B14EAECD6006D93C2 /* UIWindow+InterceptEvents.h in Headers */,
				83149B2815337E5C00003862 /* DLScreenshotController.h in Headers */,
				83149B2D15338CC500003862 /* DLVideoController.h in Headers */,
			);
			runOnlyForDeploymentPostprocessing = 0;
		};
/* End PBXHeadersBuildPhase section */

/* Begin PBXNativeTarget section */
		83B8968114EAEC68006D93C2 /* ScreenCapture */ = {
			isa = PBXNativeTarget;
			buildConfigurationList = 83B8969014EAEC68006D93C2 /* Build configuration list for PBXNativeTarget "ScreenCapture" */;
			buildPhases = (
				83B8967A14EAEC68006D93C2 /* ShellScript */,
				83B8967B14EAEC68006D93C2 /* Sources */,
				83B8967C14EAEC68006D93C2 /* Frameworks */,
				83B8967D14EAEC68006D93C2 /* Headers */,
				83B8967E14EAEC68006D93C2 /* Resources */,
				83B8967F14EAEC68006D93C2 /* ShellScript */,
				83B8968014EAEC68006D93C2 /* ShellScript */,
			);
			buildRules = (
			);
			dependencies = (
			);
			name = ScreenCapture;
			productName = ScreenCapture;
			productReference = 83B8968214EAEC68006D93C2 /* ScreenCapture.framework */;
			productType = "com.apple.product-type.framework.static";
		};
/* End PBXNativeTarget section */

/* Begin PBXProject section */
		83B8967514EAEC68006D93C2 /* Project object */ = {
			isa = PBXProject;
			attributes = {
				CLASSPREFIX = DL;
				LastUpgradeCheck = 0420;
				ORGANIZATIONNAME = "Pipely Inc.";
			};
			buildConfigurationList = 83B8967814EAEC68006D93C2 /* Build configuration list for PBXProject "ScreenCapture" */;
			compatibilityVersion = "Xcode 3.2";
			developmentRegion = English;
			hasScannedForEncodings = 0;
			knownRegions = (
				en,
			);
			mainGroup = 83B8967314EAEC68006D93C2;
			productRefGroup = 83B8968314EAEC68006D93C2 /* Products */;
			projectDirPath = "";
			projectRoot = "";
			targets = (
				83B8968114EAEC68006D93C2 /* ScreenCapture */,
			);
		};
/* End PBXProject section */

/* Begin PBXResourcesBuildPhase section */
		83B8967E14EAEC68006D93C2 /* Resources */ = {
			isa = PBXResourcesBuildPhase;
			buildActionMask = 2147483647;
			files = (
				83B8968C14EAEC68006D93C2 /* InfoPlist.strings in Resources */,
			);
			runOnlyForDeploymentPostprocessing = 0;
		};
/* End PBXResourcesBuildPhase section */

/* Begin PBXShellScriptBuildPhase section */
		83B8967A14EAEC68006D93C2 /* ShellScript */ = {
			isa = PBXShellScriptBuildPhase;
			buildActionMask = 2147483647;
			files = (
			);
			inputPaths = (
			);
			outputPaths = (
			);
			runOnlyForDeploymentPostprocessing = 0;
			shellPath = /bin/sh;
			shellScript = "set -e\n\nset +u\nif [[ $UFW_MASTER_SCRIPT_RUNNING ]]\nthen\n    # Nothing for the slave script to do\n    exit 0\nfi\nset -u\n\nif [[ \"$SDK_NAME\" =~ ([A-Za-z]+) ]]\nthen\n    UFW_SDK_PLATFORM=${BASH_REMATCH[1]}\nelse\n    echo \"Could not find platform name from SDK_NAME: $SDK_NAME\"\n    exit 1\nfi\n\nif [[ \"$SDK_NAME\" =~ ([0-9]+.*$) ]]\nthen\n\tUFW_SDK_VERSION=${BASH_REMATCH[1]}\nelse\n    echo \"Could not find sdk version  from SDK_NAME: $SDK_NAME\"\n    exit 1\nfi\n\nif [[ \"$UFW_SDK_PLATFORM\" = \"iphoneos\" ]]\nthen\n    UFW_OTHER_PLATFORM=iphonesimulator\nelse\n    UFW_OTHER_PLATFORM=iphoneos\nfi\n\nif [[ \"$BUILT_PRODUCTS_DIR\" =~ (.*)$UFW_SDK_PLATFORM$ ]]\nthen\n    UFW_OTHER_BUILT_PRODUCTS_DIR=\"${BASH_REMATCH[1]}${UFW_OTHER_PLATFORM}\"\nelse\n    echo \"Could not find $UFW_SDK_PLATFORM in $BUILT_PRODUCTS_DIR\"\n    exit 1\nfi\n\nONLY_ACTIVE_PLATFORM=${ONLY_ACTIVE_PLATFORM:-$ONLY_ACTIVE_ARCH}\n\n# Short-circuit if all binaries are up to date\n\nif [[ -f \"${BUILT_PRODUCTS_DIR}/${EXECUTABLE_PATH}\" ]] && \\\n   [[ -f \"${BUILT_PRODUCTS_DIR}/${PRODUCT_NAME}.embeddedframework/${EXECUTABLE_PATH}\" ]] && \\\n   [[ ! \"${BUILT_PRODUCTS_DIR}/${EXECUTABLE_PATH}\" -nt \"${BUILT_PRODUCTS_DIR}/${PRODUCT_NAME}.embeddedframework/${EXECUTABLE_PATH}\" ]] && \\\n  ([[ \"${ONLY_ACTIVE_PLATFORM}\" == \"YES\" ]] || \\\n    ([[ -f \"${UFW_OTHER_BUILT_PRODUCTS_DIR}/${EXECUTABLE_PATH}\" ]] && \\\n     [[ -f \"${UFW_OTHER_BUILT_PRODUCTS_DIR}/${PRODUCT_NAME}.embeddedframework/${EXECUTABLE_PATH}\" ]] && \\\n     [[ ! \"${UFW_OTHER_BUILT_PRODUCTS_DIR}/${EXECUTABLE_PATH}\" -nt \"${UFW_OTHER_BUILT_PRODUCTS_DIR}/${PRODUCT_NAME}.embeddedframework/${EXECUTABLE_PATH}\" ]]\n    )\n  )\nthen\n    exit 0\nfi\n\n\n# Clean other platform if needed\n\nif [[ ! -f \"${BUILT_PRODUCTS_DIR}/${EXECUTABLE_PATH}\" ]] && [[ \"${ONLY_ACTIVE_PLATFORM}\" != \"YES\" ]]\nthen\n\techo \"Platform \\\"$UFW_SDK_PLATFORM\\\" was cleaned recently. Cleaning \\\"$UFW_OTHER_PLATFORM\\\" as well\"\n\techo xcodebuild -project \"${PROJECT_FILE_PATH}\" -target \"${TARGET_NAME}\" -configuration \"${CONFIGURATION}\" -sdk ${UFW_OTHER_PLATFORM}${UFW_SDK_VERSION} BUILD_DIR=\"${BUILD_DIR}\" CONFIGURATION_TEMP_DIR=\"${PROJECT_TEMP_DIR}/${CONFIGURATION}-${UFW_OTHER_PLATFORM}\" clean\n\txcodebuild -project \"${PROJECT_FILE_PATH}\" -target \"${TARGET_NAME}\" -configuration \"${CONFIGURATION}\" -sdk ${UFW_OTHER_PLATFORM}${UFW_SDK_VERSION} BUILD_DIR=\"${BUILD_DIR}\" CONFIGURATION_TEMP_DIR=\"${PROJECT_TEMP_DIR}/${CONFIGURATION}-${UFW_OTHER_PLATFORM}\" clean\nfi\n\n\n# Make sure we are building from fresh binaries\n\nrm -rf \"${BUILT_PRODUCTS_DIR}/${EXECUTABLE_PATH}\"\nrm -rf \"${BUILT_PRODUCTS_DIR}/${PRODUCT_NAME}.embeddedframework\"\n\nif [[ \"${ONLY_ACTIVE_PLATFORM}\" != \"YES\" ]]\nthen\n    rm -rf \"${UFW_OTHER_BUILT_PRODUCTS_DIR}/${EXECUTABLE_PATH}\"\n    rm -rf \"${UFW_OTHER_BUILT_PRODUCTS_DIR}/${PRODUCT_NAME}.embeddedframework\"\nfi\n";
		};
		83B8967F14EAEC68006D93C2 /* ShellScript */ = {
			isa = PBXShellScriptBuildPhase;
			buildActionMask = 2147483647;
			files = (
			);
			inputPaths = (
			);
			outputPaths = (
			);
			runOnlyForDeploymentPostprocessing = 0;
			shellPath = /bin/sh;
			shellScript = "INLINED_PYHON_SCRIPT=\"import sys; import os.path; headerPathFromFind = sys.argv[2]; srcRoot = sys.argv[1]; headerPathFromFindWithoutFilename = os.path.dirname( headerPathFromFind ); relatedPathForDirectory = os.path.relpath( headerPathFromFindWithoutFilename, srcRoot ); print( relatedPathForDirectory );\"\n\nHEADERS_ROOT=$SRCROOT/$PRODUCT_NAME\nFRAMEWORK_HEADERS_DIR=\"$BUILT_PRODUCTS_DIR/$WRAPPER_NAME/Headers\"\n\n## only header files expected at this point\nPUBLIC_HEADERS=$( ls -1 \"$FRAMEWORK_HEADERS_DIR\" )\n\n\nfor PUBLIC_HEADER in $PUBLIC_HEADERS; do\n\n   FIND_RESULT=$( find \"$HEADERS_ROOT\" -name \"$PUBLIC_HEADER\" )\n   RELATIVE_PATH=$( python -c \"$INLINED_PYHON_SCRIPT\" \"$HEADERS_ROOT\" \"$FIND_RESULT\" )\n\n   mkdir -p \"$FRAMEWORK_HEADERS_DIR/$RELATIVE_PATH\"\n   mv \"$FRAMEWORK_HEADERS_DIR/$PUBLIC_HEADER\" \"$FRAMEWORK_HEADERS_DIR/$RELATIVE_PATH/$PUBLIC_HEADER\"\ndone\n";
		};
		83B8968014EAEC68006D93C2 /* ShellScript */ = {
			isa = PBXShellScriptBuildPhase;
			buildActionMask = 2147483647;
			files = (
			);
			inputPaths = (
			);
			outputPaths = (
			);
			runOnlyForDeploymentPostprocessing = 0;
			shellPath = /bin/sh;
			shellScript = "set -e\n\nset +u\nif [[ $UFW_MASTER_SCRIPT_RUNNING ]]\nthen\n    # Nothing for the slave script to do\n    exit 0\nfi\nset -u\nexport UFW_MASTER_SCRIPT_RUNNING=1\n\n\n# Functions\n\n## List files in the specified directory, storing to the specified array.\n#\n# @param $1 The path to list\n# @param $2 The name of the array to fill\n#\n##\nlist_files ()\n{\n    filelist=$(ls \"$1\")\n    while read line\n    do\n        eval \"$2[\\${#$2[*]}]=\\\"\\$line\\\"\"\n    done <<< \"$filelist\"\n}\n\n\n# Sanity check\n\nif [[ ! -f \"${BUILT_PRODUCTS_DIR}/${EXECUTABLE_PATH}\" ]]\nthen\n    echo \"Framework target \\\"${TARGET_NAME}\\\" had no source files to build from. Make sure your source files have the correct target membership\"\n    exit 1\nfi\n\n\n# Gather information\n\nif [[ \"$SDK_NAME\" =~ ([A-Za-z]+) ]]\nthen\n    UFW_SDK_PLATFORM=${BASH_REMATCH[1]}\nelse\n    echo \"Could not find platform name from SDK_NAME: $SDK_NAME\"\n    exit 1\nfi\n\nif [[ \"$SDK_NAME\" =~ ([0-9]+.*$) ]]\nthen\n    UFW_SDK_VERSION=${BASH_REMATCH[1]}\nelse\n    echo \"Could not find sdk version from SDK_NAME: $SDK_NAME\"\n    exit 1\nfi\n\nif [[ \"$UFW_SDK_PLATFORM\" = \"iphoneos\" ]]\nthen\n    UFW_OTHER_PLATFORM=iphonesimulator\nelse\n    UFW_OTHER_PLATFORM=iphoneos\nfi\n\nif [[ \"$BUILT_PRODUCTS_DIR\" =~ (.*)$UFW_SDK_PLATFORM$ ]]\nthen\n    UFW_OTHER_BUILT_PRODUCTS_DIR=\"${BASH_REMATCH[1]}${UFW_OTHER_PLATFORM}\"\nelse\n    echo \"Could not find $UFW_SDK_PLATFORM in $BUILT_PRODUCTS_DIR\"\n    exit 1\nfi\n\nONLY_ACTIVE_PLATFORM=${ONLY_ACTIVE_PLATFORM:-$ONLY_ACTIVE_ARCH}\n\n# Short-circuit if all binaries are up to date.\n# We already checked the other platform in the prerun script.\n\nif [[ -f \"${BUILT_PRODUCTS_DIR}/${EXECUTABLE_PATH}\" ]] && [[ -f \"${BUILT_PRODUCTS_DIR}/${PRODUCT_NAME}.embeddedframework/${EXECUTABLE_PATH}\" ]] && [[ ! \"${BUILT_PRODUCTS_DIR}/${EXECUTABLE_PATH}\" -nt \"${BUILT_PRODUCTS_DIR}/${PRODUCT_NAME}.embeddedframework/${EXECUTABLE_PATH}\" ]]\nthen\n    exit 0\nfi\n\nif [ \"${ONLY_ACTIVE_PLATFORM}\" == \"YES\" ]\nthen\n    echo \"ONLY_ACTIVE_PLATFORM=${ONLY_ACTIVE_PLATFORM}: Skipping other platform build\"\nelse\n    # Make sure the other platform gets built\n    \n    echo \"Build other platform\"\n    \n    echo xcodebuild -project \"${PROJECT_FILE_PATH}\" -target \"${TARGET_NAME}\" -configuration \"${CONFIGURATION}\" -sdk ${UFW_OTHER_PLATFORM}${UFW_SDK_VERSION} BUILD_DIR=\"${BUILD_DIR}\" CONFIGURATION_TEMP_DIR=\"${PROJECT_TEMP_DIR}/${CONFIGURATION}-${UFW_OTHER_PLATFORM}\" $ACTION\n    xcodebuild -project \"${PROJECT_FILE_PATH}\" -target \"${TARGET_NAME}\" -configuration \"${CONFIGURATION}\" -sdk ${UFW_OTHER_PLATFORM}${UFW_SDK_VERSION} BUILD_DIR=\"${BUILD_DIR}\" CONFIGURATION_TEMP_DIR=\"${PROJECT_TEMP_DIR}/${CONFIGURATION}-${UFW_OTHER_PLATFORM}\" $ACTION\n    \n    \n    # Build the fat static library binary\n    \n    echo \"Create universal static library\"\n    \n    echo \"$PLATFORM_DEVELOPER_BIN_DIR/libtool\" -static \"${BUILT_PRODUCTS_DIR}/${EXECUTABLE_PATH}\" \"${UFW_OTHER_BUILT_PRODUCTS_DIR}/${EXECUTABLE_PATH}\" -o \"${BUILT_PRODUCTS_DIR}/${EXECUTABLE_PATH}.temp\"\n    \"$PLATFORM_DEVELOPER_BIN_DIR/libtool\" -static \"${BUILT_PRODUCTS_DIR}/${EXECUTABLE_PATH}\" \"${UFW_OTHER_BUILT_PRODUCTS_DIR}/${EXECUTABLE_PATH}\" -o \"${BUILT_PRODUCTS_DIR}/${EXECUTABLE_PATH}.temp\"\n    \n    echo mv \"${BUILT_PRODUCTS_DIR}/${EXECUTABLE_PATH}.temp\" \"${BUILT_PRODUCTS_DIR}/${EXECUTABLE_PATH}\"\n    mv \"${BUILT_PRODUCTS_DIR}/${EXECUTABLE_PATH}.temp\" \"${BUILT_PRODUCTS_DIR}/${EXECUTABLE_PATH}\"\nfi\n\n# Build embedded framework structure\n\necho \"Build Embedded Framework\"\n\necho rm -rf \"${BUILT_PRODUCTS_DIR}/${PRODUCT_NAME}.embeddedframework\"\nrm -rf \"${BUILT_PRODUCTS_DIR}/${PRODUCT_NAME}.embeddedframework\"\necho mkdir -p \"${BUILT_PRODUCTS_DIR}/${PRODUCT_NAME}.embeddedframework/Resources\"\nmkdir -p \"${BUILT_PRODUCTS_DIR}/${PRODUCT_NAME}.embeddedframework/Resources\"\necho cp -a \"${BUILT_PRODUCTS_DIR}/${WRAPPER_NAME}\" \"${BUILT_PRODUCTS_DIR}/${PRODUCT_NAME}.embeddedframework/\"\ncp -a \"${BUILT_PRODUCTS_DIR}/${WRAPPER_NAME}\" \"${BUILT_PRODUCTS_DIR}/${PRODUCT_NAME}.embeddedframework/\"\n\ndeclare -a UFW_FILE_LIST\nlist_files \"${BUILT_PRODUCTS_DIR}/${UNLOCALIZED_RESOURCES_FOLDER_PATH}\" UFW_FILE_LIST\nfor filename in \"${UFW_FILE_LIST[@]}\"\ndo\n    if [[ \"${filename}\" != \"Info.plist\" ]] && [[ ! \"${filename}\" =~ .*\\.lproj$ ]]\n    then\n        echo ln -sf \"../${WRAPPER_NAME}/Resources/${filename}\" \"${BUILT_PRODUCTS_DIR}/${PRODUCT_NAME}.embeddedframework/Resources/${filename}\"\n        ln -sf \"../${WRAPPER_NAME}/Resources/${filename}\" \"${BUILT_PRODUCTS_DIR}/${PRODUCT_NAME}.embeddedframework/Resources/${filename}\"\n    fi\ndone\n\n\nif [ \"${ONLY_ACTIVE_PLATFORM}\" != \"YES\" ]\nthen\n    # Replace other platform's framework with a copy of this one (so that both have the same universal binary)\n    \n    echo \"Copy from $UFW_SDK_PLATFORM to $UFW_OTHER_PLATFORM\"\n    \n    echo rm -rf \"${BUILD_DIR}/${CONFIGURATION}-${UFW_OTHER_PLATFORM}\"\n    rm -rf \"${BUILD_DIR}/${CONFIGURATION}-${UFW_OTHER_PLATFORM}\"\n    echo cp -a \"${BUILD_DIR}/${CONFIGURATION}-${UFW_SDK_PLATFORM}\" \"${BUILD_DIR}/${CONFIGURATION}-${UFW_OTHER_PLATFORM}\"\n    cp -a \"${BUILD_DIR}/${CONFIGURATION}-${UFW_SDK_PLATFORM}\" \"${BUILD_DIR}/${CONFIGURATION}-${UFW_OTHER_PLATFORM}\"\nfi\n";
		};
/* End PBXShellScriptBuildPhase section */

/* Begin PBXSourcesBuildPhase section */
		83B8967B14EAEC68006D93C2 /* Sources */ = {
			isa = PBXSourcesBuildPhase;
			buildActionMask = 2147483647;
			files = (
				83B8969A14EAECD6006D93C2 /* DLScreenCapture.m in Sources */,
				83B8969C14EAECD6006D93C2 /* UIWindow+InterceptEvents.m in Sources */,
				83149B2915337E5C00003862 /* DLScreenshotController.m in Sources */,
				83149B2E15338CC500003862 /* DLVideoController.m in Sources */,
			);
			runOnlyForDeploymentPostprocessing = 0;
		};
/* End PBXSourcesBuildPhase section */

/* Begin PBXVariantGroup section */
		83B8968A14EAEC68006D93C2 /* InfoPlist.strings */ = {
			isa = PBXVariantGroup;
			children = (
				83B8968B14EAEC68006D93C2 /* en */,
			);
			name = InfoPlist.strings;
			sourceTree = "<group>";
		};
/* End PBXVariantGroup section */

/* Begin XCBuildConfiguration section */
		83B8968E14EAEC68006D93C2 /* Debug */ = {
			isa = XCBuildConfiguration;
			buildSettings = {
				ALWAYS_SEARCH_USER_PATHS = NO;
				ARCHS = "$(ARCHS_STANDARD_32_BIT)";
				COPY_PHASE_STRIP = NO;
				GCC_C_LANGUAGE_STANDARD = gnu99;
				GCC_DYNAMIC_NO_PIC = NO;
				GCC_OPTIMIZATION_LEVEL = 0;
				GCC_PREPROCESSOR_DEFINITIONS = (
					"DEBUG=1",
					"$(inherited)",
				);
				GCC_SYMBOLS_PRIVATE_EXTERN = NO;
				GCC_VERSION = com.apple.compilers.llvm.clang.1_0;
				GCC_WARN_ABOUT_MISSING_PROTOTYPES = YES;
				GCC_WARN_ABOUT_RETURN_TYPE = YES;
				GCC_WARN_UNUSED_VARIABLE = YES;
				IPHONEOS_DEPLOYMENT_TARGET = 5.0;
				SDKROOT = iphoneos;
			};
			name = Debug;
		};
		83B8968F14EAEC68006D93C2 /* Release */ = {
			isa = XCBuildConfiguration;
			buildSettings = {
				ALWAYS_SEARCH_USER_PATHS = NO;
				ARCHS = "$(ARCHS_STANDARD_32_BIT)";
				COPY_PHASE_STRIP = YES;
				GCC_C_LANGUAGE_STANDARD = gnu99;
				GCC_VERSION = com.apple.compilers.llvm.clang.1_0;
				GCC_WARN_ABOUT_MISSING_PROTOTYPES = YES;
				GCC_WARN_ABOUT_RETURN_TYPE = YES;
				GCC_WARN_UNUSED_VARIABLE = YES;
				IPHONEOS_DEPLOYMENT_TARGET = 5.0;
				SDKROOT = iphoneos;
				VALIDATE_PRODUCT = YES;
			};
			name = Release;
		};
		83B8969114EAEC68006D93C2 /* Debug */ = {
			isa = XCBuildConfiguration;
			buildSettings = {
				ARCHS = (
					armv6,
					"$(ARCHS_STANDARD_32_BIT)",
				);
				DYLIB_COMPATIBILITY_VERSION = 1;
				DYLIB_CURRENT_VERSION = 1;
				FRAMEWORK_VERSION = A;
				GCC_PRECOMPILE_PREFIX_HEADER = YES;
				GCC_PREFIX_HEADER = "ScreenCapture/ScreenCapture-Prefix.pch";
				INFOPLIST_FILE = "ScreenCapture/ScreenCapture-Info.plist";
				PRODUCT_NAME = "$(TARGET_NAME)";
				SKIP_INSTALL = YES;
				WRAPPER_EXTENSION = framework;
			};
			name = Debug;
		};
		83B8969214EAEC68006D93C2 /* Release */ = {
			isa = XCBuildConfiguration;
			buildSettings = {
				ARCHS = (
					armv6,
					"$(ARCHS_STANDARD_32_BIT)",
				);
				DYLIB_COMPATIBILITY_VERSION = 1;
				DYLIB_CURRENT_VERSION = 1;
				FRAMEWORK_VERSION = A;
				GCC_PRECOMPILE_PREFIX_HEADER = YES;
				GCC_PREFIX_HEADER = "ScreenCapture/ScreenCapture-Prefix.pch";
				INFOPLIST_FILE = "ScreenCapture/ScreenCapture-Info.plist";
				PRODUCT_NAME = "$(TARGET_NAME)";
				SKIP_INSTALL = YES;
				WRAPPER_EXTENSION = framework;
			};
			name = Release;
		};
/* End XCBuildConfiguration section */

/* Begin XCConfigurationList section */
		83B8967814EAEC68006D93C2 /* Build configuration list for PBXProject "ScreenCapture" */ = {
			isa = XCConfigurationList;
			buildConfigurations = (
				83B8968E14EAEC68006D93C2 /* Debug */,
				83B8968F14EAEC68006D93C2 /* Release */,
			);
			defaultConfigurationIsVisible = 0;
			defaultConfigurationName = Release;
		};
		83B8969014EAEC68006D93C2 /* Build configuration list for PBXNativeTarget "ScreenCapture" */ = {
			isa = XCConfigurationList;
			buildConfigurations = (
				83B8969114EAEC68006D93C2 /* Debug */,
				83B8969214EAEC68006D93C2 /* Release */,
			);
			defaultConfigurationIsVisible = 0;
			defaultConfigurationName = Release;
		};
/* End XCConfigurationList section */
	};
	rootObject = 83B8967514EAEC68006D93C2 /* Project object */;
}
